
Microsoft Visual Studio Solution File, Format Version 12.00
# Visual Studio Version 17
VisualStudioVersion = 17.0.31903.59
MinimumVisualStudioVersion = 10.0.40219.1
Project("{2150E333-8FDC-42A3-9474-1A3956D46DE8}") = "Applications", "Applications", "{A10A91C2-6485-6656-963B-F6FCBC812542}"
EndProject
Project("{2150E333-8FDC-42A3-9474-1A3956D46DE8}") = "Utilities", "Utilities", "{DF572EAA-2BC4-7083-A1C9-E138B4BE775E}"
EndProject
Project("{FAE04EC0-301F-11D3-BF4B-00C04F79EFBC}") = "AyanamisTower.Utilities", "Utilities\AyanamisTower.Utilities.csproj", "{A661E1F8-6684-4778-BA15-5148B804BCA8}"
EndProject
Project("{2150E333-8FDC-42A3-9474-1A3956D46DE8}") = "WebAPI", "WebAPI", "{6EDC7094-E22D-CF10-605B-B42C7FB8B0A8}"
EndProject
Project("{FAE04EC0-301F-11D3-BF4B-00C04F79EFBC}") = "AyanamisTower.WebAPI", "WebAPI\AyanamisTower.WebAPI.csproj", "{21F4D48D-A745-42CF-88F4-3B603EFF5857}"
EndProject
Project("{2150E333-8FDC-42A3-9474-1A3956D46DE8}") = "FsrsSharp", "FsrsSharp", "{4C83D79C-F5D7-C9B3-AAB8-BD36560F1ADA}"
EndProject
Project("{FAE04EC0-301F-11D3-BF4B-00C04F79EFBC}") = "FsrsSharp", "CsFSRS\FSRS\FsrsSharp.csproj", "{DA948368-EA84-4194-A280-AD3588872BD8}"
EndProject
Project("{2150E333-8FDC-42A3-9474-1A3956D46DE8}") = "Avalonia", "Avalonia", "{DA5C3214-5362-D53D-7EE1-7B72DB27BE75}"
EndProject
Project("{2150E333-8FDC-42A3-9474-1A3956D46DE8}") = "Avalonia.Flecs", "Avalonia.Flecs", "{BC3FE705-6933-439A-FCCC-3B25690E366E}"
EndProject
Project("{FAE04EC0-301F-11D3-BF4B-00C04F79EFBC}") = "Avalonia.Flecs.Controls", "Avalonia\Avalonia.Flecs\Avalonia.Flecs.Controls\Avalonia.Flecs.Controls.csproj", "{D7603756-8974-4BE3-BD90-38F7CE87984B}"
EndProject
Project("{FAE04EC0-301F-11D3-BF4B-00C04F79EFBC}") = "Avalonia.Flecs.Util", "Avalonia\Avalonia.Flecs\Avalonia.Flecs.Util\Avalonia.Flecs.Util.csproj", "{58747412-EE9E-4839-826B-156C749EC1FC}"
EndProject
Project("{FAE04EC0-301F-11D3-BF4B-00C04F79EFBC}") = "Avalonia.Flecs.FluentUI.Controls", "Avalonia\Avalonia.Flecs\Avalonia.Flecs.FluentUI.Controls\Avalonia.Flecs.FluentUI.Controls.csproj", "{1ABEDECD-55FE-40CB-A717-5D28C2CE3DD2}"
EndProject
Project("{FAE04EC0-301F-11D3-BF4B-00C04F79EFBC}") = "DesktopNotifications", "Avalonia\Avalonia.Flecs\DesktopNotifications\DesktopNotifications\DesktopNotifications.csproj", "{6382A43D-4B79-4F13-96DE-0B381270FF23}"
EndProject
Project("{FAE04EC0-301F-11D3-BF4B-00C04F79EFBC}") = "DesktopNotifications.Avalonia", "Avalonia\Avalonia.Flecs\DesktopNotifications\DesktopNotifications.Avalonia\DesktopNotifications.Avalonia.csproj", "{89939D69-4221-4EDA-97E8-16D3FF1953C7}"
EndProject
Project("{FAE04EC0-301F-11D3-BF4B-00C04F79EFBC}") = "DesktopNotifications.Windows", "Avalonia\Avalonia.Flecs\DesktopNotifications\DesktopNotifications.Windows\DesktopNotifications.Windows.csproj", "{89F9209E-F10B-4002-B1B9-DEAAA3E19D00}"
EndProject
Project("{FAE04EC0-301F-11D3-BF4B-00C04F79EFBC}") = "DesktopNotifications.FreeDesktop", "Avalonia\Avalonia.Flecs\DesktopNotifications\DesktopNotifications.FreeDesktop\DesktopNotifications.FreeDesktop.csproj", "{1958430A-33AF-4E71-A4E7-1C2A0DC023F6}"
EndProject
Project("{FAE04EC0-301F-11D3-BF4B-00C04F79EFBC}") = "DesktopNotifications.Apple", "Avalonia\Avalonia.Flecs\DesktopNotifications\DesktopNotifications.Apple\DesktopNotifications.Apple.csproj", "{BB871DC4-12D8-4B84-B374-C9A210574564}"
EndProject
Project("{FAE04EC0-301F-11D3-BF4B-00C04F79EFBC}") = "AyanamisTower.StellaLearning", "Applications\StellaLearning\AyanamisTower.StellaLearning.csproj", "{A3C0F375-730E-43ED-88ED-69ADFDE6379D}"
EndProject
Project("{2150E333-8FDC-42A3-9474-1A3956D46DE8}") = "FSRSPythonCSharpBridge", "FSRSPythonCSharpBridge", "{341F945C-995C-D785-1B7A-647C574E53D3}"
EndProject
Project("{FAE04EC0-301F-11D3-BF4B-00C04F79EFBC}") = "FSRSPythonBridge", "FSRSPythonCSharpBridge\FSRSPythonBridge\FSRSPythonBridge.csproj", "{2ECE7E7C-1B7B-44A2-91B4-6BA6955027EC}"
EndProject
Project("{2150E333-8FDC-42A3-9474-1A3956D46DE8}") = "StellaFuzzyPatternMatcher", "StellaFuzzyPatternMatcher", "{5CE295C3-330A-7F73-1442-F5C2F9556FE7}"
EndProject
Project("{FAE04EC0-301F-11D3-BF4B-00C04F79EFBC}") = "AyanamisTower.SFPM", "stella_fuzzy_pattern_matcher\SFPM\AyanamisTower.SFPM.csproj", "{6FC910E7-7063-4B68-9361-6C18D3582380}"
EndProject
Project("{FAE04EC0-301F-11D3-BF4B-00C04F79EFBC}") = "AyanamisTower.SFPM.Flecs", "stella_fuzzy_pattern_matcher\SFPM.Flecs\AyanamisTower.SFPM.Flecs.csproj", "{64C971E8-84D4-4EC9-8967-C2925246E424}"
EndProject
Project("{2150E333-8FDC-42A3-9474-1A3956D46DE8}") = "Tests", "Tests", "{0AB3BF05-4346-4AA6-1389-037BE0695223}"
EndProject
Project("{FAE04EC0-301F-11D3-BF4B-00C04F79EFBC}") = "AyanamisTower.StellaLearning.Tests", "Tests\StellaLearning.Tests\AyanamisTower.StellaLearning.Tests.csproj", "{ED089583-806B-4DE0-96B5-FD94FE55B3E8}"
EndProject
Project("{FAE04EC0-301F-11D3-BF4B-00C04F79EFBC}") = "AyanamisTower.SFPM.Tests", "Tests\SFPM.Tests\AyanamisTower.SFPM.Tests.csproj", "{4D3D7606-C7A0-49A0-909A-7037D89F8D01}"
EndProject
Project("{FAE04EC0-301F-11D3-BF4B-00C04F79EFBC}") = "AyanamisTower.SFPM.Flecs.Tests", "Tests\SFPM.Flecs.Tests\AyanamisTower.SFPM.Flecs.Tests.csproj", "{E8D586BC-7364-48C9-8927-244A6385266A}"
EndProject
Project("{2150E333-8FDC-42A3-9474-1A3956D46DE8}") = "Explorations", "Explorations", "{414F7F9A-9529-155F-05A8-050F3A5AAD36}"
EndProject
Project("{2150E333-8FDC-42A3-9474-1A3956D46DE8}") = "SDL3Example", "SDL3Example", "{F62D203D-D634-1DC3-32A0-50861C5465FB}"
EndProject
Project("{FAE04EC0-301F-11D3-BF4B-00C04F79EFBC}") = "SDL3Example", "Explorations\SDL3Example\SDL3Example.csproj", "{3B726313-ED6F-4A19-9E71-7F638E5BCF65}"
EndProject
Project("{FAE04EC0-301F-11D3-BF4B-00C04F79EFBC}") = "AyanamisTower.NihilEx", "Applications\NihilEx\AyanamisTower.NihilEx.csproj", "{3F40A635-BF29-4527-A4E1-034F4E3C83DF}"
EndProject
Project("{2150E333-8FDC-42A3-9474-1A3956D46DE8}") = "Example", "Example", "{1D587995-D2B1-D47C-23B4-E8E972FA15E9}"
EndProject
Project("{FAE04EC0-301F-11D3-BF4B-00C04F79EFBC}") = "AyanamisTower.NihilEx.SpinningCubeExample", "Example\NihilEx.Example\AyanamisTower.NihilEx.SpinningCubeExample.csproj", "{77B52F83-6F6A-44B0-8AB8-6509F7ED8744}"
EndProject
Project("{FAE04EC0-301F-11D3-BF4B-00C04F79EFBC}") = "AyanamisTower.NihilEx.Test", "Tests\NihilEx.Test\AyanamisTower.NihilEx.Test.csproj", "{46F2C0CE-2AEE-4902-949D-BE3BE57DA198}"
EndProject
Project("{FAE04EC0-301F-11D3-BF4B-00C04F79EFBC}") = "AyanamisTower.NihilEx.MinimalExample", "Example\AyanamisTower.NihilEx.MinimalExample\AyanamisTower.NihilEx.MinimalExample.csproj", "{84773B61-E56F-4916-96B1-4E62FE4B5CFA}"
EndProject
Project("{2150E333-8FDC-42A3-9474-1A3956D46DE8}") = "Solution Items", "Solution Items", "{8EC462FD-D22E-90A8-E5CE-7E832BA40C5D}"
	ProjectSection(SolutionItems) = preProject
		Directory.Build.props = Directory.Build.props
		Directory.Packages.props = Directory.Packages.props
	EndProjectSection
EndProject
Project("{2150E333-8FDC-42A3-9474-1A3956D46DE8}") = "NihilEx.SDL", "NihilEx.SDL", "{88AACB56-31A1-7AEA-164B-AEC6EE0B00FD}"
EndProject
Project("{FAE04EC0-301F-11D3-BF4B-00C04F79EFBC}") = "AyanamisTower.NihilEx.SDLWrapper", "NihilEx.SDL\AyanamisTower.NihilEx.SDLWrapper.csproj", "{59E389FB-BEA9-4C72-9DAA-58E5F754D7D4}"
EndProject
Project("{FAE04EC0-301F-11D3-BF4B-00C04F79EFBC}") = "AyanamisTower.NihilEx.SDLWrapper.MinimalExample", "Example\AyanamisTower.NihilEx.SDLWrapper.MinimalExample\AyanamisTower.NihilEx.SDLWrapper.MinimalExample.csproj", "{D17E0640-82B8-4C27-AA0D-ED155D24A8AE}"
EndProject
Project("{FAE04EC0-301F-11D3-BF4B-00C04F79EFBC}") = "AyanamisTower.NihilEx.SDLWrapper.CallbackExample", "Example\AyanamisTower.NihilEx.SDLWrapper.CallbackExample\AyanamisTower.NihilEx.SDLWrapper.CallbackExample.csproj", "{E993AF30-E85F-4C1F-BEAC-E43B96B5AFA0}"
EndProject
Project("{2150E333-8FDC-42A3-9474-1A3956D46DE8}") = "SDL3-CS", "SDL3-CS", "{62845FE3-76DF-4584-B13F-83C01D21E28F}"
EndProject
Project("{FAE04EC0-301F-11D3-BF4B-00C04F79EFBC}") = "SDL3.Core", "SDL3-CS\SDL3\SDL3.Core.csproj", "{9387DD00-3833-445E-A76B-6F209238AEAD}"
EndProject
Project("{FAE04EC0-301F-11D3-BF4B-00C04F79EFBC}") = "AyanamisTower.NihilEx.SDLWrapper.Tests", "Tests\AyanamisTower.NihilEx.SDLWrapper.IntegrationTests\AyanamisTower.NihilEx.SDLWrapper.Tests.csproj", "{2CAA8896-C8A2-4C62-8006-D22C731CEA6B}"
EndProject
Project("{2150E333-8FDC-42A3-9474-1A3956D46DE8}") = "SDLWrapper.GPUExamples", "SDLWrapper.GPUExamples", "{F2CB93D4-1613-A4E1-7D85-EBDF50B9067C}"
EndProject
Project("{FAE04EC0-301F-11D3-BF4B-00C04F79EFBC}") = "ClearScreen", "Example\SDLWrapper.GPUExamples\ClearScreen\ClearScreen.csproj", "{4F86A431-594B-4BB7-8040-2E6BDA409EDF}"
EndProject
Project("{FAE04EC0-301F-11D3-BF4B-00C04F79EFBC}") = "BasicTriangle", "Example\SDLWrapper.GPUExamples\BasicTriangle\BasicTriangle.csproj", "{DECEF8EF-513A-4186-885B-1D3ABE57188D}"
EndProject
Project("{FAE04EC0-301F-11D3-BF4B-00C04F79EFBC}") = "GraphicsPipelineBuilder", "Example\SDLWrapper.GPUExamples\GraphicsPipelineBuilder\GraphicsPipelineBuilder.csproj", "{8A7E0136-FC8A-4691-BD0C-B39EFE5E6EA2}"
EndProject
Project("{FAE04EC0-301F-11D3-BF4B-00C04F79EFBC}") = "TriangleMSAA", "Example\SDLWrapper.GPUExamples\TriangleMSAA\TriangleMSAA.csproj", "{C6271618-EB4D-42C2-9F5A-48CC21D1BB62}"
EndProject
Project("{FAE04EC0-301F-11D3-BF4B-00C04F79EFBC}") = "SwapchainManager", "Example\SDLWrapper.GPUExamples\SwapchainManager\SwapchainManager.csproj", "{11237312-28D1-4E4E-ACB5-186814DDB942}"
EndProject
Project("{FAE04EC0-301F-11D3-BF4B-00C04F79EFBC}") = "ShaderUniformBuffer", "Example\SDLWrapper.GPUExamples\ShaderUniformBuffer\ShaderUniformBuffer.csproj", "{6AE86929-57DC-4F01-B8ED-F3671748369A}"
EndProject
Project("{FAE04EC0-301F-11D3-BF4B-00C04F79EFBC}") = "MeshExample", "Example\SDLWrapper.GPUExamples\MeshExample\MeshExample.csproj", "{3F814F87-494A-41F6-AF65-9CB1450136A3}"
EndProject
Project("{2150E333-8FDC-42A3-9474-1A3956D46DE8}") = "ScriptsExamples", "ScriptsExamples", "{F850F53B-015F-31EA-49B1-5D46A3F55651}"
EndProject
Project("{FAE04EC0-301F-11D3-BF4B-00C04F79EFBC}") = "HelloWorld", "Example\ScriptsExamples\BasicHelloExample\HelloWorld.csproj", "{3F743F3B-9C2B-43C8-90B6-9037B55D7165}"
EndProject
Project("{FAE04EC0-301F-11D3-BF4B-00C04F79EFBC}") = "CreatingAndRefrencingAssembliesFromScripts", "Example\ScriptsExamples\CreatingAndRefrencingAssembliesFromScripts\CreatingAndRefrencingAssembliesFromScripts.csproj", "{0675AB74-E7A9-4593-AEE8-A82F0F59A2E6}"
EndProject
Project("{FAE04EC0-301F-11D3-BF4B-00C04F79EFBC}") = "ModExample", "Example\ScriptsExamples\ModExample\ModExample.csproj", "{93E583F1-A941-487B-865E-FAF37170D6CC}"
EndProject
Project("{FAE04EC0-301F-11D3-BF4B-00C04F79EFBC}") = "DebuggingExample", "Example\ScriptsExamples\DebuggingExample\DebuggingExample.csproj", "{FB04AC3C-7D4C-41C0-898E-90AA3D5EF5CD}"
EndProject
Project("{FAE04EC0-301F-11D3-BF4B-00C04F79EFBC}") = "REPLExample", "Example\ScriptsExamples\REPLExample\REPLExample.csproj", "{77972167-4485-4234-8300-46A5AEF00E1F}"
EndProject
Project("{2150E333-8FDC-42A3-9474-1A3956D46DE8}") = "Benchmarks", "Benchmarks", "{66320409-64EC-F7C5-3DEF-65E7510DAAD1}"
EndProject
Project("{FAE04EC0-301F-11D3-BF4B-00C04F79EFBC}") = "AyanamisTower.NihilEx.Memory.Benchmark", "Benchmarks\AyanamisTower.NihilEx.Memory.Benchmark\AyanamisTower.NihilEx.Memory.Benchmark.csproj", "{B0909667-72E5-43E0-89AB-8F2619068659}"
EndProject
Project("{2150E333-8FDC-42A3-9474-1A3956D46DE8}") = "FluidHierarchicalTaskNetworkFork", "FluidHierarchicalTaskNetworkFork", "{08232B09-8BA1-4E4C-8536-0341F01057BB}"
EndProject
Project("{FAE04EC0-301F-11D3-BF4B-00C04F79EFBC}") = "Fluid-HTN", "FluidHierarchicalTaskNetworkFork\Fluid-HTN\Fluid-HTN.csproj", "{A9F71C48-4B3D-4008-8395-875D16CB89B1}"
EndProject
Project("{FAE04EC0-301F-11D3-BF4B-00C04F79EFBC}") = "Fluid-HTN.UnitTests", "FluidHierarchicalTaskNetworkFork\Fluid-HTN.UnitTests\Fluid-HTN.UnitTests.csproj", "{F12F5BE6-AF79-4DA7-9E42-D34B182F1683}"
EndProject
Project("{FAE04EC0-301F-11D3-BF4B-00C04F79EFBC}") = "Fluid Smart Objects", "Example\FluidHierarchicalTaskNetwork.SmartObjectsExample\Fluid Smart Objects\Fluid Smart Objects\Fluid Smart Objects.csproj", "{D9FD5D53-A72C-4337-B55B-DC45A81DD352}"
EndProject
Project("{2150E333-8FDC-42A3-9474-1A3956D46DE8}") = "FluidHierarchicalTaskNetworkExtensionsFork", "FluidHierarchicalTaskNetworkExtensionsFork", "{C4181C00-B9E2-A2B3-D600-AFE552284D8A}"
EndProject
Project("{FAE04EC0-301F-11D3-BF4B-00C04F79EFBC}") = "Fluid-HTN-Ext", "FluidHierarchicalTaskNetworkExtensionsFork\Fluid-HTN-Ext\Fluid-HTN-Ext.csproj", "{54087D45-1F82-49BF-ADE5-266BF9A6FD0C}"
EndProject
Project("{FAE04EC0-301F-11D3-BF4B-00C04F79EFBC}") = "FluidHierarchicalTaskNetwork.CoffeeExample", "Example\FluidHierarchicalTaskNetwork.RPGExample\FluidHierarchicalTaskNetwork.CoffeeExample.csproj", "{46FC173E-83C8-48FB-B9DB-37E941263034}"
EndProject
Project("{2150E333-8FDC-42A3-9474-1A3956D46DE8}") = "Aspect Oriented Programming", "Aspect Oriented Programming", "{C4698B9F-0DA6-168C-2C7D-C8C8F66F2DAB}"
	ProjectSection(SolutionItems) = preProject
		Explorations\Aspect Oriented Programming\README.md = Explorations\Aspect Oriented Programming\README.md
	EndProjectSection
EndProject
Project("{FAE04EC0-301F-11D3-BF4B-00C04F79EFBC}") = "HelloWorldExample", "Explorations\Aspect Oriented Programming\HelloWorldExample\HelloWorldExample.csproj", "{D625DD33-83D1-4142-A9EF-67B750DC1122}"
EndProject
Project("{FAE04EC0-301F-11D3-BF4B-00C04F79EFBC}") = "Toast", "Avalonia\Toast\Toast.csproj", "{14455F83-5655-403E-ABA9-7CAC55109CB9}"
EndProject
Global
	GlobalSection(SolutionConfigurationPlatforms) = preSolution
		Debug|Any CPU = Debug|Any CPU
		Debug|x64 = Debug|x64
		Debug|x86 = Debug|x86
		Release|Any CPU = Release|Any CPU
		Release|x64 = Release|x64
		Release|x86 = Release|x86
	EndGlobalSection
	GlobalSection(ProjectConfigurationPlatforms) = postSolution
		{A661E1F8-6684-4778-BA15-5148B804BCA8}.Debug|Any CPU.ActiveCfg = Debug|Any CPU
		{A661E1F8-6684-4778-BA15-5148B804BCA8}.Debug|Any CPU.Build.0 = Debug|Any CPU
		{A661E1F8-6684-4778-BA15-5148B804BCA8}.Debug|x64.ActiveCfg = Debug|Any CPU
		{A661E1F8-6684-4778-BA15-5148B804BCA8}.Debug|x64.Build.0 = Debug|Any CPU
		{A661E1F8-6684-4778-BA15-5148B804BCA8}.Debug|x86.ActiveCfg = Debug|Any CPU
		{A661E1F8-6684-4778-BA15-5148B804BCA8}.Debug|x86.Build.0 = Debug|Any CPU
		{A661E1F8-6684-4778-BA15-5148B804BCA8}.Release|Any CPU.ActiveCfg = Release|Any CPU
		{A661E1F8-6684-4778-BA15-5148B804BCA8}.Release|Any CPU.Build.0 = Release|Any CPU
		{A661E1F8-6684-4778-BA15-5148B804BCA8}.Release|x64.ActiveCfg = Release|Any CPU
		{A661E1F8-6684-4778-BA15-5148B804BCA8}.Release|x64.Build.0 = Release|Any CPU
		{A661E1F8-6684-4778-BA15-5148B804BCA8}.Release|x86.ActiveCfg = Release|Any CPU
		{A661E1F8-6684-4778-BA15-5148B804BCA8}.Release|x86.Build.0 = Release|Any CPU
		{21F4D48D-A745-42CF-88F4-3B603EFF5857}.Debug|Any CPU.ActiveCfg = Debug|Any CPU
		{21F4D48D-A745-42CF-88F4-3B603EFF5857}.Debug|Any CPU.Build.0 = Debug|Any CPU
		{21F4D48D-A745-42CF-88F4-3B603EFF5857}.Debug|x64.ActiveCfg = Debug|Any CPU
		{21F4D48D-A745-42CF-88F4-3B603EFF5857}.Debug|x64.Build.0 = Debug|Any CPU
		{21F4D48D-A745-42CF-88F4-3B603EFF5857}.Debug|x86.ActiveCfg = Debug|Any CPU
		{21F4D48D-A745-42CF-88F4-3B603EFF5857}.Debug|x86.Build.0 = Debug|Any CPU
		{21F4D48D-A745-42CF-88F4-3B603EFF5857}.Release|Any CPU.ActiveCfg = Release|Any CPU
		{21F4D48D-A745-42CF-88F4-3B603EFF5857}.Release|Any CPU.Build.0 = Release|Any CPU
		{21F4D48D-A745-42CF-88F4-3B603EFF5857}.Release|x64.ActiveCfg = Release|Any CPU
		{21F4D48D-A745-42CF-88F4-3B603EFF5857}.Release|x64.Build.0 = Release|Any CPU
		{21F4D48D-A745-42CF-88F4-3B603EFF5857}.Release|x86.ActiveCfg = Release|Any CPU
		{21F4D48D-A745-42CF-88F4-3B603EFF5857}.Release|x86.Build.0 = Release|Any CPU
		{DA948368-EA84-4194-A280-AD3588872BD8}.Debug|Any CPU.ActiveCfg = Debug|Any CPU
		{DA948368-EA84-4194-A280-AD3588872BD8}.Debug|Any CPU.Build.0 = Debug|Any CPU
		{DA948368-EA84-4194-A280-AD3588872BD8}.Debug|x64.ActiveCfg = Debug|Any CPU
		{DA948368-EA84-4194-A280-AD3588872BD8}.Debug|x64.Build.0 = Debug|Any CPU
		{DA948368-EA84-4194-A280-AD3588872BD8}.Debug|x86.ActiveCfg = Debug|Any CPU
		{DA948368-EA84-4194-A280-AD3588872BD8}.Debug|x86.Build.0 = Debug|Any CPU
		{DA948368-EA84-4194-A280-AD3588872BD8}.Release|Any CPU.ActiveCfg = Release|Any CPU
		{DA948368-EA84-4194-A280-AD3588872BD8}.Release|Any CPU.Build.0 = Release|Any CPU
		{DA948368-EA84-4194-A280-AD3588872BD8}.Release|x64.ActiveCfg = Release|Any CPU
		{DA948368-EA84-4194-A280-AD3588872BD8}.Release|x64.Build.0 = Release|Any CPU
		{DA948368-EA84-4194-A280-AD3588872BD8}.Release|x86.ActiveCfg = Release|Any CPU
		{DA948368-EA84-4194-A280-AD3588872BD8}.Release|x86.Build.0 = Release|Any CPU
		{D7603756-8974-4BE3-BD90-38F7CE87984B}.Debug|Any CPU.ActiveCfg = Debug|Any CPU
		{D7603756-8974-4BE3-BD90-38F7CE87984B}.Debug|Any CPU.Build.0 = Debug|Any CPU
		{D7603756-8974-4BE3-BD90-38F7CE87984B}.Debug|x64.ActiveCfg = Debug|Any CPU
		{D7603756-8974-4BE3-BD90-38F7CE87984B}.Debug|x64.Build.0 = Debug|Any CPU
		{D7603756-8974-4BE3-BD90-38F7CE87984B}.Debug|x86.ActiveCfg = Debug|Any CPU
		{D7603756-8974-4BE3-BD90-38F7CE87984B}.Debug|x86.Build.0 = Debug|Any CPU
		{D7603756-8974-4BE3-BD90-38F7CE87984B}.Release|Any CPU.ActiveCfg = Release|Any CPU
		{D7603756-8974-4BE3-BD90-38F7CE87984B}.Release|Any CPU.Build.0 = Release|Any CPU
		{D7603756-8974-4BE3-BD90-38F7CE87984B}.Release|x64.ActiveCfg = Release|Any CPU
		{D7603756-8974-4BE3-BD90-38F7CE87984B}.Release|x64.Build.0 = Release|Any CPU
		{D7603756-8974-4BE3-BD90-38F7CE87984B}.Release|x86.ActiveCfg = Release|Any CPU
		{D7603756-8974-4BE3-BD90-38F7CE87984B}.Release|x86.Build.0 = Release|Any CPU
		{58747412-EE9E-4839-826B-156C749EC1FC}.Debug|Any CPU.ActiveCfg = Debug|Any CPU
		{58747412-EE9E-4839-826B-156C749EC1FC}.Debug|Any CPU.Build.0 = Debug|Any CPU
		{58747412-EE9E-4839-826B-156C749EC1FC}.Debug|x64.ActiveCfg = Debug|Any CPU
		{58747412-EE9E-4839-826B-156C749EC1FC}.Debug|x64.Build.0 = Debug|Any CPU
		{58747412-EE9E-4839-826B-156C749EC1FC}.Debug|x86.ActiveCfg = Debug|Any CPU
		{58747412-EE9E-4839-826B-156C749EC1FC}.Debug|x86.Build.0 = Debug|Any CPU
		{58747412-EE9E-4839-826B-156C749EC1FC}.Release|Any CPU.ActiveCfg = Release|Any CPU
		{58747412-EE9E-4839-826B-156C749EC1FC}.Release|Any CPU.Build.0 = Release|Any CPU
		{58747412-EE9E-4839-826B-156C749EC1FC}.Release|x64.ActiveCfg = Release|Any CPU
		{58747412-EE9E-4839-826B-156C749EC1FC}.Release|x64.Build.0 = Release|Any CPU
		{58747412-EE9E-4839-826B-156C749EC1FC}.Release|x86.ActiveCfg = Release|Any CPU
		{58747412-EE9E-4839-826B-156C749EC1FC}.Release|x86.Build.0 = Release|Any CPU
		{1ABEDECD-55FE-40CB-A717-5D28C2CE3DD2}.Debug|Any CPU.ActiveCfg = Debug|Any CPU
		{1ABEDECD-55FE-40CB-A717-5D28C2CE3DD2}.Debug|Any CPU.Build.0 = Debug|Any CPU
		{1ABEDECD-55FE-40CB-A717-5D28C2CE3DD2}.Debug|x64.ActiveCfg = Debug|Any CPU
		{1ABEDECD-55FE-40CB-A717-5D28C2CE3DD2}.Debug|x64.Build.0 = Debug|Any CPU
		{1ABEDECD-55FE-40CB-A717-5D28C2CE3DD2}.Debug|x86.ActiveCfg = Debug|Any CPU
		{1ABEDECD-55FE-40CB-A717-5D28C2CE3DD2}.Debug|x86.Build.0 = Debug|Any CPU
		{1ABEDECD-55FE-40CB-A717-5D28C2CE3DD2}.Release|Any CPU.ActiveCfg = Release|Any CPU
		{1ABEDECD-55FE-40CB-A717-5D28C2CE3DD2}.Release|Any CPU.Build.0 = Release|Any CPU
		{1ABEDECD-55FE-40CB-A717-5D28C2CE3DD2}.Release|x64.ActiveCfg = Release|Any CPU
		{1ABEDECD-55FE-40CB-A717-5D28C2CE3DD2}.Release|x64.Build.0 = Release|Any CPU
		{1ABEDECD-55FE-40CB-A717-5D28C2CE3DD2}.Release|x86.ActiveCfg = Release|Any CPU
		{1ABEDECD-55FE-40CB-A717-5D28C2CE3DD2}.Release|x86.Build.0 = Release|Any CPU
		{6382A43D-4B79-4F13-96DE-0B381270FF23}.Debug|Any CPU.ActiveCfg = Debug|Any CPU
		{6382A43D-4B79-4F13-96DE-0B381270FF23}.Debug|Any CPU.Build.0 = Debug|Any CPU
		{6382A43D-4B79-4F13-96DE-0B381270FF23}.Debug|x64.ActiveCfg = Debug|Any CPU
		{6382A43D-4B79-4F13-96DE-0B381270FF23}.Debug|x64.Build.0 = Debug|Any CPU
		{6382A43D-4B79-4F13-96DE-0B381270FF23}.Debug|x86.ActiveCfg = Debug|Any CPU
		{6382A43D-4B79-4F13-96DE-0B381270FF23}.Debug|x86.Build.0 = Debug|Any CPU
		{6382A43D-4B79-4F13-96DE-0B381270FF23}.Release|Any CPU.ActiveCfg = Release|Any CPU
		{6382A43D-4B79-4F13-96DE-0B381270FF23}.Release|Any CPU.Build.0 = Release|Any CPU
		{6382A43D-4B79-4F13-96DE-0B381270FF23}.Release|x64.ActiveCfg = Release|Any CPU
		{6382A43D-4B79-4F13-96DE-0B381270FF23}.Release|x64.Build.0 = Release|Any CPU
		{6382A43D-4B79-4F13-96DE-0B381270FF23}.Release|x86.ActiveCfg = Release|Any CPU
		{6382A43D-4B79-4F13-96DE-0B381270FF23}.Release|x86.Build.0 = Release|Any CPU
		{89939D69-4221-4EDA-97E8-16D3FF1953C7}.Debug|Any CPU.ActiveCfg = Debug|Any CPU
		{89939D69-4221-4EDA-97E8-16D3FF1953C7}.Debug|Any CPU.Build.0 = Debug|Any CPU
		{89939D69-4221-4EDA-97E8-16D3FF1953C7}.Debug|x64.ActiveCfg = Debug|Any CPU
		{89939D69-4221-4EDA-97E8-16D3FF1953C7}.Debug|x64.Build.0 = Debug|Any CPU
		{89939D69-4221-4EDA-97E8-16D3FF1953C7}.Debug|x86.ActiveCfg = Debug|Any CPU
		{89939D69-4221-4EDA-97E8-16D3FF1953C7}.Debug|x86.Build.0 = Debug|Any CPU
		{89939D69-4221-4EDA-97E8-16D3FF1953C7}.Release|Any CPU.ActiveCfg = Release|Any CPU
		{89939D69-4221-4EDA-97E8-16D3FF1953C7}.Release|Any CPU.Build.0 = Release|Any CPU
		{89939D69-4221-4EDA-97E8-16D3FF1953C7}.Release|x64.ActiveCfg = Release|Any CPU
		{89939D69-4221-4EDA-97E8-16D3FF1953C7}.Release|x64.Build.0 = Release|Any CPU
		{89939D69-4221-4EDA-97E8-16D3FF1953C7}.Release|x86.ActiveCfg = Release|Any CPU
		{89939D69-4221-4EDA-97E8-16D3FF1953C7}.Release|x86.Build.0 = Release|Any CPU
		{89F9209E-F10B-4002-B1B9-DEAAA3E19D00}.Debug|Any CPU.ActiveCfg = Debug|Any CPU
		{89F9209E-F10B-4002-B1B9-DEAAA3E19D00}.Debug|Any CPU.Build.0 = Debug|Any CPU
		{89F9209E-F10B-4002-B1B9-DEAAA3E19D00}.Debug|x64.ActiveCfg = Debug|Any CPU
		{89F9209E-F10B-4002-B1B9-DEAAA3E19D00}.Debug|x64.Build.0 = Debug|Any CPU
		{89F9209E-F10B-4002-B1B9-DEAAA3E19D00}.Debug|x86.ActiveCfg = Debug|Any CPU
		{89F9209E-F10B-4002-B1B9-DEAAA3E19D00}.Debug|x86.Build.0 = Debug|Any CPU
		{89F9209E-F10B-4002-B1B9-DEAAA3E19D00}.Release|Any CPU.ActiveCfg = Release|Any CPU
		{89F9209E-F10B-4002-B1B9-DEAAA3E19D00}.Release|Any CPU.Build.0 = Release|Any CPU
		{89F9209E-F10B-4002-B1B9-DEAAA3E19D00}.Release|x64.ActiveCfg = Release|Any CPU
		{89F9209E-F10B-4002-B1B9-DEAAA3E19D00}.Release|x64.Build.0 = Release|Any CPU
		{89F9209E-F10B-4002-B1B9-DEAAA3E19D00}.Release|x86.ActiveCfg = Release|Any CPU
		{89F9209E-F10B-4002-B1B9-DEAAA3E19D00}.Release|x86.Build.0 = Release|Any CPU
		{1958430A-33AF-4E71-A4E7-1C2A0DC023F6}.Debug|Any CPU.ActiveCfg = Debug|Any CPU
		{1958430A-33AF-4E71-A4E7-1C2A0DC023F6}.Debug|Any CPU.Build.0 = Debug|Any CPU
		{1958430A-33AF-4E71-A4E7-1C2A0DC023F6}.Debug|x64.ActiveCfg = Debug|Any CPU
		{1958430A-33AF-4E71-A4E7-1C2A0DC023F6}.Debug|x64.Build.0 = Debug|Any CPU
		{1958430A-33AF-4E71-A4E7-1C2A0DC023F6}.Debug|x86.ActiveCfg = Debug|Any CPU
		{1958430A-33AF-4E71-A4E7-1C2A0DC023F6}.Debug|x86.Build.0 = Debug|Any CPU
		{1958430A-33AF-4E71-A4E7-1C2A0DC023F6}.Release|Any CPU.ActiveCfg = Release|Any CPU
		{1958430A-33AF-4E71-A4E7-1C2A0DC023F6}.Release|Any CPU.Build.0 = Release|Any CPU
		{1958430A-33AF-4E71-A4E7-1C2A0DC023F6}.Release|x64.ActiveCfg = Release|Any CPU
		{1958430A-33AF-4E71-A4E7-1C2A0DC023F6}.Release|x64.Build.0 = Release|Any CPU
		{1958430A-33AF-4E71-A4E7-1C2A0DC023F6}.Release|x86.ActiveCfg = Release|Any CPU
		{1958430A-33AF-4E71-A4E7-1C2A0DC023F6}.Release|x86.Build.0 = Release|Any CPU
		{BB871DC4-12D8-4B84-B374-C9A210574564}.Debug|Any CPU.ActiveCfg = Debug|Any CPU
		{BB871DC4-12D8-4B84-B374-C9A210574564}.Debug|Any CPU.Build.0 = Debug|Any CPU
		{BB871DC4-12D8-4B84-B374-C9A210574564}.Debug|x64.ActiveCfg = Debug|Any CPU
		{BB871DC4-12D8-4B84-B374-C9A210574564}.Debug|x64.Build.0 = Debug|Any CPU
		{BB871DC4-12D8-4B84-B374-C9A210574564}.Debug|x86.ActiveCfg = Debug|Any CPU
		{BB871DC4-12D8-4B84-B374-C9A210574564}.Debug|x86.Build.0 = Debug|Any CPU
		{BB871DC4-12D8-4B84-B374-C9A210574564}.Release|Any CPU.ActiveCfg = Release|Any CPU
		{BB871DC4-12D8-4B84-B374-C9A210574564}.Release|Any CPU.Build.0 = Release|Any CPU
		{BB871DC4-12D8-4B84-B374-C9A210574564}.Release|x64.ActiveCfg = Release|Any CPU
		{BB871DC4-12D8-4B84-B374-C9A210574564}.Release|x64.Build.0 = Release|Any CPU
		{BB871DC4-12D8-4B84-B374-C9A210574564}.Release|x86.ActiveCfg = Release|Any CPU
		{BB871DC4-12D8-4B84-B374-C9A210574564}.Release|x86.Build.0 = Release|Any CPU
		{A3C0F375-730E-43ED-88ED-69ADFDE6379D}.Debug|Any CPU.ActiveCfg = Debug|Any CPU
		{A3C0F375-730E-43ED-88ED-69ADFDE6379D}.Debug|Any CPU.Build.0 = Debug|Any CPU
		{A3C0F375-730E-43ED-88ED-69ADFDE6379D}.Debug|x64.ActiveCfg = Debug|Any CPU
		{A3C0F375-730E-43ED-88ED-69ADFDE6379D}.Debug|x64.Build.0 = Debug|Any CPU
		{A3C0F375-730E-43ED-88ED-69ADFDE6379D}.Debug|x86.ActiveCfg = Debug|Any CPU
		{A3C0F375-730E-43ED-88ED-69ADFDE6379D}.Debug|x86.Build.0 = Debug|Any CPU
		{A3C0F375-730E-43ED-88ED-69ADFDE6379D}.Release|Any CPU.ActiveCfg = Release|Any CPU
		{A3C0F375-730E-43ED-88ED-69ADFDE6379D}.Release|Any CPU.Build.0 = Release|Any CPU
		{A3C0F375-730E-43ED-88ED-69ADFDE6379D}.Release|x64.ActiveCfg = Release|Any CPU
		{A3C0F375-730E-43ED-88ED-69ADFDE6379D}.Release|x64.Build.0 = Release|Any CPU
		{A3C0F375-730E-43ED-88ED-69ADFDE6379D}.Release|x86.ActiveCfg = Release|Any CPU
		{A3C0F375-730E-43ED-88ED-69ADFDE6379D}.Release|x86.Build.0 = Release|Any CPU
		{2ECE7E7C-1B7B-44A2-91B4-6BA6955027EC}.Debug|Any CPU.ActiveCfg = Debug|Any CPU
		{2ECE7E7C-1B7B-44A2-91B4-6BA6955027EC}.Debug|Any CPU.Build.0 = Debug|Any CPU
		{2ECE7E7C-1B7B-44A2-91B4-6BA6955027EC}.Debug|x64.ActiveCfg = Debug|Any CPU
		{2ECE7E7C-1B7B-44A2-91B4-6BA6955027EC}.Debug|x64.Build.0 = Debug|Any CPU
		{2ECE7E7C-1B7B-44A2-91B4-6BA6955027EC}.Debug|x86.ActiveCfg = Debug|Any CPU
		{2ECE7E7C-1B7B-44A2-91B4-6BA6955027EC}.Debug|x86.Build.0 = Debug|Any CPU
		{2ECE7E7C-1B7B-44A2-91B4-6BA6955027EC}.Release|Any CPU.ActiveCfg = Release|Any CPU
		{2ECE7E7C-1B7B-44A2-91B4-6BA6955027EC}.Release|Any CPU.Build.0 = Release|Any CPU
		{2ECE7E7C-1B7B-44A2-91B4-6BA6955027EC}.Release|x64.ActiveCfg = Release|Any CPU
		{2ECE7E7C-1B7B-44A2-91B4-6BA6955027EC}.Release|x64.Build.0 = Release|Any CPU
		{2ECE7E7C-1B7B-44A2-91B4-6BA6955027EC}.Release|x86.ActiveCfg = Release|Any CPU
		{2ECE7E7C-1B7B-44A2-91B4-6BA6955027EC}.Release|x86.Build.0 = Release|Any CPU
		{6FC910E7-7063-4B68-9361-6C18D3582380}.Debug|Any CPU.ActiveCfg = Debug|Any CPU
		{6FC910E7-7063-4B68-9361-6C18D3582380}.Debug|Any CPU.Build.0 = Debug|Any CPU
		{6FC910E7-7063-4B68-9361-6C18D3582380}.Debug|x64.ActiveCfg = Debug|Any CPU
		{6FC910E7-7063-4B68-9361-6C18D3582380}.Debug|x64.Build.0 = Debug|Any CPU
		{6FC910E7-7063-4B68-9361-6C18D3582380}.Debug|x86.ActiveCfg = Debug|Any CPU
		{6FC910E7-7063-4B68-9361-6C18D3582380}.Debug|x86.Build.0 = Debug|Any CPU
		{6FC910E7-7063-4B68-9361-6C18D3582380}.Release|Any CPU.ActiveCfg = Release|Any CPU
		{6FC910E7-7063-4B68-9361-6C18D3582380}.Release|Any CPU.Build.0 = Release|Any CPU
		{6FC910E7-7063-4B68-9361-6C18D3582380}.Release|x64.ActiveCfg = Release|Any CPU
		{6FC910E7-7063-4B68-9361-6C18D3582380}.Release|x64.Build.0 = Release|Any CPU
		{6FC910E7-7063-4B68-9361-6C18D3582380}.Release|x86.ActiveCfg = Release|Any CPU
		{6FC910E7-7063-4B68-9361-6C18D3582380}.Release|x86.Build.0 = Release|Any CPU
		{64C971E8-84D4-4EC9-8967-C2925246E424}.Debug|Any CPU.ActiveCfg = Debug|Any CPU
		{64C971E8-84D4-4EC9-8967-C2925246E424}.Debug|Any CPU.Build.0 = Debug|Any CPU
		{64C971E8-84D4-4EC9-8967-C2925246E424}.Debug|x64.ActiveCfg = Debug|Any CPU
		{64C971E8-84D4-4EC9-8967-C2925246E424}.Debug|x64.Build.0 = Debug|Any CPU
		{64C971E8-84D4-4EC9-8967-C2925246E424}.Debug|x86.ActiveCfg = Debug|Any CPU
		{64C971E8-84D4-4EC9-8967-C2925246E424}.Debug|x86.Build.0 = Debug|Any CPU
		{64C971E8-84D4-4EC9-8967-C2925246E424}.Release|Any CPU.ActiveCfg = Release|Any CPU
		{64C971E8-84D4-4EC9-8967-C2925246E424}.Release|Any CPU.Build.0 = Release|Any CPU
		{64C971E8-84D4-4EC9-8967-C2925246E424}.Release|x64.ActiveCfg = Release|Any CPU
		{64C971E8-84D4-4EC9-8967-C2925246E424}.Release|x64.Build.0 = Release|Any CPU
		{64C971E8-84D4-4EC9-8967-C2925246E424}.Release|x86.ActiveCfg = Release|Any CPU
		{64C971E8-84D4-4EC9-8967-C2925246E424}.Release|x86.Build.0 = Release|Any CPU
		{ED089583-806B-4DE0-96B5-FD94FE55B3E8}.Debug|Any CPU.ActiveCfg = Debug|Any CPU
		{ED089583-806B-4DE0-96B5-FD94FE55B3E8}.Debug|Any CPU.Build.0 = Debug|Any CPU
		{ED089583-806B-4DE0-96B5-FD94FE55B3E8}.Debug|x64.ActiveCfg = Debug|Any CPU
		{ED089583-806B-4DE0-96B5-FD94FE55B3E8}.Debug|x64.Build.0 = Debug|Any CPU
		{ED089583-806B-4DE0-96B5-FD94FE55B3E8}.Debug|x86.ActiveCfg = Debug|Any CPU
		{ED089583-806B-4DE0-96B5-FD94FE55B3E8}.Debug|x86.Build.0 = Debug|Any CPU
		{ED089583-806B-4DE0-96B5-FD94FE55B3E8}.Release|Any CPU.ActiveCfg = Release|Any CPU
		{ED089583-806B-4DE0-96B5-FD94FE55B3E8}.Release|Any CPU.Build.0 = Release|Any CPU
		{ED089583-806B-4DE0-96B5-FD94FE55B3E8}.Release|x64.ActiveCfg = Release|Any CPU
		{ED089583-806B-4DE0-96B5-FD94FE55B3E8}.Release|x64.Build.0 = Release|Any CPU
		{ED089583-806B-4DE0-96B5-FD94FE55B3E8}.Release|x86.ActiveCfg = Release|Any CPU
		{ED089583-806B-4DE0-96B5-FD94FE55B3E8}.Release|x86.Build.0 = Release|Any CPU
		{4D3D7606-C7A0-49A0-909A-7037D89F8D01}.Debug|Any CPU.ActiveCfg = Debug|Any CPU
		{4D3D7606-C7A0-49A0-909A-7037D89F8D01}.Debug|Any CPU.Build.0 = Debug|Any CPU
		{4D3D7606-C7A0-49A0-909A-7037D89F8D01}.Debug|x64.ActiveCfg = Debug|Any CPU
		{4D3D7606-C7A0-49A0-909A-7037D89F8D01}.Debug|x64.Build.0 = Debug|Any CPU
		{4D3D7606-C7A0-49A0-909A-7037D89F8D01}.Debug|x86.ActiveCfg = Debug|Any CPU
		{4D3D7606-C7A0-49A0-909A-7037D89F8D01}.Debug|x86.Build.0 = Debug|Any CPU
		{4D3D7606-C7A0-49A0-909A-7037D89F8D01}.Release|Any CPU.ActiveCfg = Release|Any CPU
		{4D3D7606-C7A0-49A0-909A-7037D89F8D01}.Release|Any CPU.Build.0 = Release|Any CPU
		{4D3D7606-C7A0-49A0-909A-7037D89F8D01}.Release|x64.ActiveCfg = Release|Any CPU
		{4D3D7606-C7A0-49A0-909A-7037D89F8D01}.Release|x64.Build.0 = Release|Any CPU
		{4D3D7606-C7A0-49A0-909A-7037D89F8D01}.Release|x86.ActiveCfg = Release|Any CPU
		{4D3D7606-C7A0-49A0-909A-7037D89F8D01}.Release|x86.Build.0 = Release|Any CPU
		{E8D586BC-7364-48C9-8927-244A6385266A}.Debug|Any CPU.ActiveCfg = Debug|Any CPU
		{E8D586BC-7364-48C9-8927-244A6385266A}.Debug|Any CPU.Build.0 = Debug|Any CPU
		{E8D586BC-7364-48C9-8927-244A6385266A}.Debug|x64.ActiveCfg = Debug|Any CPU
		{E8D586BC-7364-48C9-8927-244A6385266A}.Debug|x64.Build.0 = Debug|Any CPU
		{E8D586BC-7364-48C9-8927-244A6385266A}.Debug|x86.ActiveCfg = Debug|Any CPU
		{E8D586BC-7364-48C9-8927-244A6385266A}.Debug|x86.Build.0 = Debug|Any CPU
		{E8D586BC-7364-48C9-8927-244A6385266A}.Release|Any CPU.ActiveCfg = Release|Any CPU
		{E8D586BC-7364-48C9-8927-244A6385266A}.Release|Any CPU.Build.0 = Release|Any CPU
		{E8D586BC-7364-48C9-8927-244A6385266A}.Release|x64.ActiveCfg = Release|Any CPU
		{E8D586BC-7364-48C9-8927-244A6385266A}.Release|x64.Build.0 = Release|Any CPU
		{E8D586BC-7364-48C9-8927-244A6385266A}.Release|x86.ActiveCfg = Release|Any CPU
		{E8D586BC-7364-48C9-8927-244A6385266A}.Release|x86.Build.0 = Release|Any CPU
		{3B726313-ED6F-4A19-9E71-7F638E5BCF65}.Debug|Any CPU.ActiveCfg = Debug|Any CPU
		{3B726313-ED6F-4A19-9E71-7F638E5BCF65}.Debug|Any CPU.Build.0 = Debug|Any CPU
		{3B726313-ED6F-4A19-9E71-7F638E5BCF65}.Debug|x64.ActiveCfg = Debug|Any CPU
		{3B726313-ED6F-4A19-9E71-7F638E5BCF65}.Debug|x64.Build.0 = Debug|Any CPU
		{3B726313-ED6F-4A19-9E71-7F638E5BCF65}.Debug|x86.ActiveCfg = Debug|Any CPU
		{3B726313-ED6F-4A19-9E71-7F638E5BCF65}.Debug|x86.Build.0 = Debug|Any CPU
		{3B726313-ED6F-4A19-9E71-7F638E5BCF65}.Release|Any CPU.ActiveCfg = Release|Any CPU
		{3B726313-ED6F-4A19-9E71-7F638E5BCF65}.Release|Any CPU.Build.0 = Release|Any CPU
		{3B726313-ED6F-4A19-9E71-7F638E5BCF65}.Release|x64.ActiveCfg = Release|Any CPU
		{3B726313-ED6F-4A19-9E71-7F638E5BCF65}.Release|x64.Build.0 = Release|Any CPU
		{3B726313-ED6F-4A19-9E71-7F638E5BCF65}.Release|x86.ActiveCfg = Release|Any CPU
		{3B726313-ED6F-4A19-9E71-7F638E5BCF65}.Release|x86.Build.0 = Release|Any CPU
		{3F40A635-BF29-4527-A4E1-034F4E3C83DF}.Debug|Any CPU.ActiveCfg = Debug|Any CPU
		{3F40A635-BF29-4527-A4E1-034F4E3C83DF}.Debug|Any CPU.Build.0 = Debug|Any CPU
		{3F40A635-BF29-4527-A4E1-034F4E3C83DF}.Debug|x64.ActiveCfg = Debug|Any CPU
		{3F40A635-BF29-4527-A4E1-034F4E3C83DF}.Debug|x64.Build.0 = Debug|Any CPU
		{3F40A635-BF29-4527-A4E1-034F4E3C83DF}.Debug|x86.ActiveCfg = Debug|Any CPU
		{3F40A635-BF29-4527-A4E1-034F4E3C83DF}.Debug|x86.Build.0 = Debug|Any CPU
		{3F40A635-BF29-4527-A4E1-034F4E3C83DF}.Release|Any CPU.ActiveCfg = Release|Any CPU
		{3F40A635-BF29-4527-A4E1-034F4E3C83DF}.Release|Any CPU.Build.0 = Release|Any CPU
		{3F40A635-BF29-4527-A4E1-034F4E3C83DF}.Release|x64.ActiveCfg = Release|Any CPU
		{3F40A635-BF29-4527-A4E1-034F4E3C83DF}.Release|x64.Build.0 = Release|Any CPU
		{3F40A635-BF29-4527-A4E1-034F4E3C83DF}.Release|x86.ActiveCfg = Release|Any CPU
		{3F40A635-BF29-4527-A4E1-034F4E3C83DF}.Release|x86.Build.0 = Release|Any CPU
		{77B52F83-6F6A-44B0-8AB8-6509F7ED8744}.Debug|Any CPU.ActiveCfg = Debug|Any CPU
		{77B52F83-6F6A-44B0-8AB8-6509F7ED8744}.Debug|Any CPU.Build.0 = Debug|Any CPU
		{77B52F83-6F6A-44B0-8AB8-6509F7ED8744}.Debug|x64.ActiveCfg = Debug|Any CPU
		{77B52F83-6F6A-44B0-8AB8-6509F7ED8744}.Debug|x64.Build.0 = Debug|Any CPU
		{77B52F83-6F6A-44B0-8AB8-6509F7ED8744}.Debug|x86.ActiveCfg = Debug|Any CPU
		{77B52F83-6F6A-44B0-8AB8-6509F7ED8744}.Debug|x86.Build.0 = Debug|Any CPU
		{77B52F83-6F6A-44B0-8AB8-6509F7ED8744}.Release|Any CPU.ActiveCfg = Release|Any CPU
		{77B52F83-6F6A-44B0-8AB8-6509F7ED8744}.Release|Any CPU.Build.0 = Release|Any CPU
		{77B52F83-6F6A-44B0-8AB8-6509F7ED8744}.Release|x64.ActiveCfg = Release|Any CPU
		{77B52F83-6F6A-44B0-8AB8-6509F7ED8744}.Release|x64.Build.0 = Release|Any CPU
		{77B52F83-6F6A-44B0-8AB8-6509F7ED8744}.Release|x86.ActiveCfg = Release|Any CPU
		{77B52F83-6F6A-44B0-8AB8-6509F7ED8744}.Release|x86.Build.0 = Release|Any CPU
		{46F2C0CE-2AEE-4902-949D-BE3BE57DA198}.Debug|Any CPU.ActiveCfg = Debug|Any CPU
		{46F2C0CE-2AEE-4902-949D-BE3BE57DA198}.Debug|Any CPU.Build.0 = Debug|Any CPU
		{46F2C0CE-2AEE-4902-949D-BE3BE57DA198}.Debug|x64.ActiveCfg = Debug|Any CPU
		{46F2C0CE-2AEE-4902-949D-BE3BE57DA198}.Debug|x64.Build.0 = Debug|Any CPU
		{46F2C0CE-2AEE-4902-949D-BE3BE57DA198}.Debug|x86.ActiveCfg = Debug|Any CPU
		{46F2C0CE-2AEE-4902-949D-BE3BE57DA198}.Debug|x86.Build.0 = Debug|Any CPU
		{46F2C0CE-2AEE-4902-949D-BE3BE57DA198}.Release|Any CPU.ActiveCfg = Release|Any CPU
		{46F2C0CE-2AEE-4902-949D-BE3BE57DA198}.Release|Any CPU.Build.0 = Release|Any CPU
		{46F2C0CE-2AEE-4902-949D-BE3BE57DA198}.Release|x64.ActiveCfg = Release|Any CPU
		{46F2C0CE-2AEE-4902-949D-BE3BE57DA198}.Release|x64.Build.0 = Release|Any CPU
		{46F2C0CE-2AEE-4902-949D-BE3BE57DA198}.Release|x86.ActiveCfg = Release|Any CPU
		{46F2C0CE-2AEE-4902-949D-BE3BE57DA198}.Release|x86.Build.0 = Release|Any CPU
		{84773B61-E56F-4916-96B1-4E62FE4B5CFA}.Debug|Any CPU.ActiveCfg = Debug|Any CPU
		{84773B61-E56F-4916-96B1-4E62FE4B5CFA}.Debug|Any CPU.Build.0 = Debug|Any CPU
		{84773B61-E56F-4916-96B1-4E62FE4B5CFA}.Debug|x64.ActiveCfg = Debug|Any CPU
		{84773B61-E56F-4916-96B1-4E62FE4B5CFA}.Debug|x64.Build.0 = Debug|Any CPU
		{84773B61-E56F-4916-96B1-4E62FE4B5CFA}.Debug|x86.ActiveCfg = Debug|Any CPU
		{84773B61-E56F-4916-96B1-4E62FE4B5CFA}.Debug|x86.Build.0 = Debug|Any CPU
		{84773B61-E56F-4916-96B1-4E62FE4B5CFA}.Release|Any CPU.ActiveCfg = Release|Any CPU
		{84773B61-E56F-4916-96B1-4E62FE4B5CFA}.Release|Any CPU.Build.0 = Release|Any CPU
		{84773B61-E56F-4916-96B1-4E62FE4B5CFA}.Release|x64.ActiveCfg = Release|Any CPU
		{84773B61-E56F-4916-96B1-4E62FE4B5CFA}.Release|x64.Build.0 = Release|Any CPU
		{84773B61-E56F-4916-96B1-4E62FE4B5CFA}.Release|x86.ActiveCfg = Release|Any CPU
		{84773B61-E56F-4916-96B1-4E62FE4B5CFA}.Release|x86.Build.0 = Release|Any CPU
		{59E389FB-BEA9-4C72-9DAA-58E5F754D7D4}.Debug|Any CPU.ActiveCfg = Debug|Any CPU
		{59E389FB-BEA9-4C72-9DAA-58E5F754D7D4}.Debug|Any CPU.Build.0 = Debug|Any CPU
		{59E389FB-BEA9-4C72-9DAA-58E5F754D7D4}.Debug|x64.ActiveCfg = Debug|Any CPU
		{59E389FB-BEA9-4C72-9DAA-58E5F754D7D4}.Debug|x64.Build.0 = Debug|Any CPU
		{59E389FB-BEA9-4C72-9DAA-58E5F754D7D4}.Debug|x86.ActiveCfg = Debug|Any CPU
		{59E389FB-BEA9-4C72-9DAA-58E5F754D7D4}.Debug|x86.Build.0 = Debug|Any CPU
		{59E389FB-BEA9-4C72-9DAA-58E5F754D7D4}.Release|Any CPU.ActiveCfg = Release|Any CPU
		{59E389FB-BEA9-4C72-9DAA-58E5F754D7D4}.Release|Any CPU.Build.0 = Release|Any CPU
		{59E389FB-BEA9-4C72-9DAA-58E5F754D7D4}.Release|x64.ActiveCfg = Release|Any CPU
		{59E389FB-BEA9-4C72-9DAA-58E5F754D7D4}.Release|x64.Build.0 = Release|Any CPU
		{59E389FB-BEA9-4C72-9DAA-58E5F754D7D4}.Release|x86.ActiveCfg = Release|Any CPU
		{59E389FB-BEA9-4C72-9DAA-58E5F754D7D4}.Release|x86.Build.0 = Release|Any CPU
		{D17E0640-82B8-4C27-AA0D-ED155D24A8AE}.Debug|Any CPU.ActiveCfg = Debug|Any CPU
		{D17E0640-82B8-4C27-AA0D-ED155D24A8AE}.Debug|Any CPU.Build.0 = Debug|Any CPU
		{D17E0640-82B8-4C27-AA0D-ED155D24A8AE}.Debug|x64.ActiveCfg = Debug|Any CPU
		{D17E0640-82B8-4C27-AA0D-ED155D24A8AE}.Debug|x64.Build.0 = Debug|Any CPU
		{D17E0640-82B8-4C27-AA0D-ED155D24A8AE}.Debug|x86.ActiveCfg = Debug|Any CPU
		{D17E0640-82B8-4C27-AA0D-ED155D24A8AE}.Debug|x86.Build.0 = Debug|Any CPU
		{D17E0640-82B8-4C27-AA0D-ED155D24A8AE}.Release|Any CPU.ActiveCfg = Release|Any CPU
		{D17E0640-82B8-4C27-AA0D-ED155D24A8AE}.Release|Any CPU.Build.0 = Release|Any CPU
		{D17E0640-82B8-4C27-AA0D-ED155D24A8AE}.Release|x64.ActiveCfg = Release|Any CPU
		{D17E0640-82B8-4C27-AA0D-ED155D24A8AE}.Release|x64.Build.0 = Release|Any CPU
		{D17E0640-82B8-4C27-AA0D-ED155D24A8AE}.Release|x86.ActiveCfg = Release|Any CPU
		{D17E0640-82B8-4C27-AA0D-ED155D24A8AE}.Release|x86.Build.0 = Release|Any CPU
		{E993AF30-E85F-4C1F-BEAC-E43B96B5AFA0}.Debug|Any CPU.ActiveCfg = Debug|Any CPU
		{E993AF30-E85F-4C1F-BEAC-E43B96B5AFA0}.Debug|Any CPU.Build.0 = Debug|Any CPU
		{E993AF30-E85F-4C1F-BEAC-E43B96B5AFA0}.Debug|x64.ActiveCfg = Debug|Any CPU
		{E993AF30-E85F-4C1F-BEAC-E43B96B5AFA0}.Debug|x64.Build.0 = Debug|Any CPU
		{E993AF30-E85F-4C1F-BEAC-E43B96B5AFA0}.Debug|x86.ActiveCfg = Debug|Any CPU
		{E993AF30-E85F-4C1F-BEAC-E43B96B5AFA0}.Debug|x86.Build.0 = Debug|Any CPU
		{E993AF30-E85F-4C1F-BEAC-E43B96B5AFA0}.Release|Any CPU.ActiveCfg = Release|Any CPU
		{E993AF30-E85F-4C1F-BEAC-E43B96B5AFA0}.Release|Any CPU.Build.0 = Release|Any CPU
		{E993AF30-E85F-4C1F-BEAC-E43B96B5AFA0}.Release|x64.ActiveCfg = Release|Any CPU
		{E993AF30-E85F-4C1F-BEAC-E43B96B5AFA0}.Release|x64.Build.0 = Release|Any CPU
		{E993AF30-E85F-4C1F-BEAC-E43B96B5AFA0}.Release|x86.ActiveCfg = Release|Any CPU
		{E993AF30-E85F-4C1F-BEAC-E43B96B5AFA0}.Release|x86.Build.0 = Release|Any CPU
		{9387DD00-3833-445E-A76B-6F209238AEAD}.Debug|Any CPU.ActiveCfg = Debug|Any CPU
		{9387DD00-3833-445E-A76B-6F209238AEAD}.Debug|Any CPU.Build.0 = Debug|Any CPU
		{9387DD00-3833-445E-A76B-6F209238AEAD}.Debug|x64.ActiveCfg = Debug|Any CPU
		{9387DD00-3833-445E-A76B-6F209238AEAD}.Debug|x64.Build.0 = Debug|Any CPU
		{9387DD00-3833-445E-A76B-6F209238AEAD}.Debug|x86.ActiveCfg = Debug|Any CPU
		{9387DD00-3833-445E-A76B-6F209238AEAD}.Debug|x86.Build.0 = Debug|Any CPU
		{9387DD00-3833-445E-A76B-6F209238AEAD}.Release|Any CPU.ActiveCfg = Release|Any CPU
		{9387DD00-3833-445E-A76B-6F209238AEAD}.Release|Any CPU.Build.0 = Release|Any CPU
		{9387DD00-3833-445E-A76B-6F209238AEAD}.Release|x64.ActiveCfg = Release|Any CPU
		{9387DD00-3833-445E-A76B-6F209238AEAD}.Release|x64.Build.0 = Release|Any CPU
		{9387DD00-3833-445E-A76B-6F209238AEAD}.Release|x86.ActiveCfg = Release|Any CPU
		{9387DD00-3833-445E-A76B-6F209238AEAD}.Release|x86.Build.0 = Release|Any CPU
		{2CAA8896-C8A2-4C62-8006-D22C731CEA6B}.Debug|Any CPU.ActiveCfg = Debug|Any CPU
		{2CAA8896-C8A2-4C62-8006-D22C731CEA6B}.Debug|Any CPU.Build.0 = Debug|Any CPU
		{2CAA8896-C8A2-4C62-8006-D22C731CEA6B}.Debug|x64.ActiveCfg = Debug|Any CPU
		{2CAA8896-C8A2-4C62-8006-D22C731CEA6B}.Debug|x64.Build.0 = Debug|Any CPU
		{2CAA8896-C8A2-4C62-8006-D22C731CEA6B}.Debug|x86.ActiveCfg = Debug|Any CPU
		{2CAA8896-C8A2-4C62-8006-D22C731CEA6B}.Debug|x86.Build.0 = Debug|Any CPU
		{2CAA8896-C8A2-4C62-8006-D22C731CEA6B}.Release|Any CPU.ActiveCfg = Release|Any CPU
		{2CAA8896-C8A2-4C62-8006-D22C731CEA6B}.Release|Any CPU.Build.0 = Release|Any CPU
		{2CAA8896-C8A2-4C62-8006-D22C731CEA6B}.Release|x64.ActiveCfg = Release|Any CPU
		{2CAA8896-C8A2-4C62-8006-D22C731CEA6B}.Release|x64.Build.0 = Release|Any CPU
		{2CAA8896-C8A2-4C62-8006-D22C731CEA6B}.Release|x86.ActiveCfg = Release|Any CPU
		{2CAA8896-C8A2-4C62-8006-D22C731CEA6B}.Release|x86.Build.0 = Release|Any CPU
		{4F86A431-594B-4BB7-8040-2E6BDA409EDF}.Debug|Any CPU.ActiveCfg = Debug|Any CPU
		{4F86A431-594B-4BB7-8040-2E6BDA409EDF}.Debug|Any CPU.Build.0 = Debug|Any CPU
		{4F86A431-594B-4BB7-8040-2E6BDA409EDF}.Debug|x64.ActiveCfg = Debug|Any CPU
		{4F86A431-594B-4BB7-8040-2E6BDA409EDF}.Debug|x64.Build.0 = Debug|Any CPU
		{4F86A431-594B-4BB7-8040-2E6BDA409EDF}.Debug|x86.ActiveCfg = Debug|Any CPU
		{4F86A431-594B-4BB7-8040-2E6BDA409EDF}.Debug|x86.Build.0 = Debug|Any CPU
		{4F86A431-594B-4BB7-8040-2E6BDA409EDF}.Release|Any CPU.ActiveCfg = Release|Any CPU
		{4F86A431-594B-4BB7-8040-2E6BDA409EDF}.Release|Any CPU.Build.0 = Release|Any CPU
		{4F86A431-594B-4BB7-8040-2E6BDA409EDF}.Release|x64.ActiveCfg = Release|Any CPU
		{4F86A431-594B-4BB7-8040-2E6BDA409EDF}.Release|x64.Build.0 = Release|Any CPU
		{4F86A431-594B-4BB7-8040-2E6BDA409EDF}.Release|x86.ActiveCfg = Release|Any CPU
		{4F86A431-594B-4BB7-8040-2E6BDA409EDF}.Release|x86.Build.0 = Release|Any CPU
		{DECEF8EF-513A-4186-885B-1D3ABE57188D}.Debug|Any CPU.ActiveCfg = Debug|Any CPU
		{DECEF8EF-513A-4186-885B-1D3ABE57188D}.Debug|Any CPU.Build.0 = Debug|Any CPU
		{DECEF8EF-513A-4186-885B-1D3ABE57188D}.Debug|x64.ActiveCfg = Debug|Any CPU
		{DECEF8EF-513A-4186-885B-1D3ABE57188D}.Debug|x64.Build.0 = Debug|Any CPU
		{DECEF8EF-513A-4186-885B-1D3ABE57188D}.Debug|x86.ActiveCfg = Debug|Any CPU
		{DECEF8EF-513A-4186-885B-1D3ABE57188D}.Debug|x86.Build.0 = Debug|Any CPU
		{DECEF8EF-513A-4186-885B-1D3ABE57188D}.Release|Any CPU.ActiveCfg = Release|Any CPU
		{DECEF8EF-513A-4186-885B-1D3ABE57188D}.Release|Any CPU.Build.0 = Release|Any CPU
		{DECEF8EF-513A-4186-885B-1D3ABE57188D}.Release|x64.ActiveCfg = Release|Any CPU
		{DECEF8EF-513A-4186-885B-1D3ABE57188D}.Release|x64.Build.0 = Release|Any CPU
		{DECEF8EF-513A-4186-885B-1D3ABE57188D}.Release|x86.ActiveCfg = Release|Any CPU
		{DECEF8EF-513A-4186-885B-1D3ABE57188D}.Release|x86.Build.0 = Release|Any CPU
		{8A7E0136-FC8A-4691-BD0C-B39EFE5E6EA2}.Debug|Any CPU.ActiveCfg = Debug|Any CPU
		{8A7E0136-FC8A-4691-BD0C-B39EFE5E6EA2}.Debug|Any CPU.Build.0 = Debug|Any CPU
		{8A7E0136-FC8A-4691-BD0C-B39EFE5E6EA2}.Debug|x64.ActiveCfg = Debug|Any CPU
		{8A7E0136-FC8A-4691-BD0C-B39EFE5E6EA2}.Debug|x64.Build.0 = Debug|Any CPU
		{8A7E0136-FC8A-4691-BD0C-B39EFE5E6EA2}.Debug|x86.ActiveCfg = Debug|Any CPU
		{8A7E0136-FC8A-4691-BD0C-B39EFE5E6EA2}.Debug|x86.Build.0 = Debug|Any CPU
		{8A7E0136-FC8A-4691-BD0C-B39EFE5E6EA2}.Release|Any CPU.ActiveCfg = Release|Any CPU
		{8A7E0136-FC8A-4691-BD0C-B39EFE5E6EA2}.Release|Any CPU.Build.0 = Release|Any CPU
		{8A7E0136-FC8A-4691-BD0C-B39EFE5E6EA2}.Release|x64.ActiveCfg = Release|Any CPU
		{8A7E0136-FC8A-4691-BD0C-B39EFE5E6EA2}.Release|x64.Build.0 = Release|Any CPU
		{8A7E0136-FC8A-4691-BD0C-B39EFE5E6EA2}.Release|x86.ActiveCfg = Release|Any CPU
		{8A7E0136-FC8A-4691-BD0C-B39EFE5E6EA2}.Release|x86.Build.0 = Release|Any CPU
		{C6271618-EB4D-42C2-9F5A-48CC21D1BB62}.Debug|Any CPU.ActiveCfg = Debug|Any CPU
		{C6271618-EB4D-42C2-9F5A-48CC21D1BB62}.Debug|Any CPU.Build.0 = Debug|Any CPU
		{C6271618-EB4D-42C2-9F5A-48CC21D1BB62}.Debug|x64.ActiveCfg = Debug|Any CPU
		{C6271618-EB4D-42C2-9F5A-48CC21D1BB62}.Debug|x64.Build.0 = Debug|Any CPU
		{C6271618-EB4D-42C2-9F5A-48CC21D1BB62}.Debug|x86.ActiveCfg = Debug|Any CPU
		{C6271618-EB4D-42C2-9F5A-48CC21D1BB62}.Debug|x86.Build.0 = Debug|Any CPU
		{C6271618-EB4D-42C2-9F5A-48CC21D1BB62}.Release|Any CPU.ActiveCfg = Release|Any CPU
		{C6271618-EB4D-42C2-9F5A-48CC21D1BB62}.Release|Any CPU.Build.0 = Release|Any CPU
		{C6271618-EB4D-42C2-9F5A-48CC21D1BB62}.Release|x64.ActiveCfg = Release|Any CPU
		{C6271618-EB4D-42C2-9F5A-48CC21D1BB62}.Release|x64.Build.0 = Release|Any CPU
		{C6271618-EB4D-42C2-9F5A-48CC21D1BB62}.Release|x86.ActiveCfg = Release|Any CPU
		{C6271618-EB4D-42C2-9F5A-48CC21D1BB62}.Release|x86.Build.0 = Release|Any CPU
		{11237312-28D1-4E4E-ACB5-186814DDB942}.Debug|Any CPU.ActiveCfg = Debug|Any CPU
		{11237312-28D1-4E4E-ACB5-186814DDB942}.Debug|Any CPU.Build.0 = Debug|Any CPU
		{11237312-28D1-4E4E-ACB5-186814DDB942}.Debug|x64.ActiveCfg = Debug|Any CPU
		{11237312-28D1-4E4E-ACB5-186814DDB942}.Debug|x64.Build.0 = Debug|Any CPU
		{11237312-28D1-4E4E-ACB5-186814DDB942}.Debug|x86.ActiveCfg = Debug|Any CPU
		{11237312-28D1-4E4E-ACB5-186814DDB942}.Debug|x86.Build.0 = Debug|Any CPU
		{11237312-28D1-4E4E-ACB5-186814DDB942}.Release|Any CPU.ActiveCfg = Release|Any CPU
		{11237312-28D1-4E4E-ACB5-186814DDB942}.Release|Any CPU.Build.0 = Release|Any CPU
		{11237312-28D1-4E4E-ACB5-186814DDB942}.Release|x64.ActiveCfg = Release|Any CPU
		{11237312-28D1-4E4E-ACB5-186814DDB942}.Release|x64.Build.0 = Release|Any CPU
		{11237312-28D1-4E4E-ACB5-186814DDB942}.Release|x86.ActiveCfg = Release|Any CPU
		{11237312-28D1-4E4E-ACB5-186814DDB942}.Release|x86.Build.0 = Release|Any CPU
		{6AE86929-57DC-4F01-B8ED-F3671748369A}.Debug|Any CPU.ActiveCfg = Debug|Any CPU
		{6AE86929-57DC-4F01-B8ED-F3671748369A}.Debug|Any CPU.Build.0 = Debug|Any CPU
		{6AE86929-57DC-4F01-B8ED-F3671748369A}.Debug|x64.ActiveCfg = Debug|Any CPU
		{6AE86929-57DC-4F01-B8ED-F3671748369A}.Debug|x64.Build.0 = Debug|Any CPU
		{6AE86929-57DC-4F01-B8ED-F3671748369A}.Debug|x86.ActiveCfg = Debug|Any CPU
		{6AE86929-57DC-4F01-B8ED-F3671748369A}.Debug|x86.Build.0 = Debug|Any CPU
		{6AE86929-57DC-4F01-B8ED-F3671748369A}.Release|Any CPU.ActiveCfg = Release|Any CPU
		{6AE86929-57DC-4F01-B8ED-F3671748369A}.Release|Any CPU.Build.0 = Release|Any CPU
		{6AE86929-57DC-4F01-B8ED-F3671748369A}.Release|x64.ActiveCfg = Release|Any CPU
		{6AE86929-57DC-4F01-B8ED-F3671748369A}.Release|x64.Build.0 = Release|Any CPU
		{6AE86929-57DC-4F01-B8ED-F3671748369A}.Release|x86.ActiveCfg = Release|Any CPU
		{6AE86929-57DC-4F01-B8ED-F3671748369A}.Release|x86.Build.0 = Release|Any CPU
		{3F814F87-494A-41F6-AF65-9CB1450136A3}.Debug|Any CPU.ActiveCfg = Debug|Any CPU
		{3F814F87-494A-41F6-AF65-9CB1450136A3}.Debug|Any CPU.Build.0 = Debug|Any CPU
		{3F814F87-494A-41F6-AF65-9CB1450136A3}.Debug|x64.ActiveCfg = Debug|Any CPU
		{3F814F87-494A-41F6-AF65-9CB1450136A3}.Debug|x64.Build.0 = Debug|Any CPU
		{3F814F87-494A-41F6-AF65-9CB1450136A3}.Debug|x86.ActiveCfg = Debug|Any CPU
		{3F814F87-494A-41F6-AF65-9CB1450136A3}.Debug|x86.Build.0 = Debug|Any CPU
		{3F814F87-494A-41F6-AF65-9CB1450136A3}.Release|Any CPU.ActiveCfg = Release|Any CPU
		{3F814F87-494A-41F6-AF65-9CB1450136A3}.Release|Any CPU.Build.0 = Release|Any CPU
		{3F814F87-494A-41F6-AF65-9CB1450136A3}.Release|x64.ActiveCfg = Release|Any CPU
		{3F814F87-494A-41F6-AF65-9CB1450136A3}.Release|x64.Build.0 = Release|Any CPU
		{3F814F87-494A-41F6-AF65-9CB1450136A3}.Release|x86.ActiveCfg = Release|Any CPU
		{3F814F87-494A-41F6-AF65-9CB1450136A3}.Release|x86.Build.0 = Release|Any CPU
		{3F743F3B-9C2B-43C8-90B6-9037B55D7165}.Debug|Any CPU.ActiveCfg = Debug|Any CPU
		{3F743F3B-9C2B-43C8-90B6-9037B55D7165}.Debug|Any CPU.Build.0 = Debug|Any CPU
		{3F743F3B-9C2B-43C8-90B6-9037B55D7165}.Debug|x64.ActiveCfg = Debug|Any CPU
		{3F743F3B-9C2B-43C8-90B6-9037B55D7165}.Debug|x64.Build.0 = Debug|Any CPU
		{3F743F3B-9C2B-43C8-90B6-9037B55D7165}.Debug|x86.ActiveCfg = Debug|Any CPU
		{3F743F3B-9C2B-43C8-90B6-9037B55D7165}.Debug|x86.Build.0 = Debug|Any CPU
		{3F743F3B-9C2B-43C8-90B6-9037B55D7165}.Release|Any CPU.ActiveCfg = Release|Any CPU
		{3F743F3B-9C2B-43C8-90B6-9037B55D7165}.Release|Any CPU.Build.0 = Release|Any CPU
		{3F743F3B-9C2B-43C8-90B6-9037B55D7165}.Release|x64.ActiveCfg = Release|Any CPU
		{3F743F3B-9C2B-43C8-90B6-9037B55D7165}.Release|x64.Build.0 = Release|Any CPU
		{3F743F3B-9C2B-43C8-90B6-9037B55D7165}.Release|x86.ActiveCfg = Release|Any CPU
		{3F743F3B-9C2B-43C8-90B6-9037B55D7165}.Release|x86.Build.0 = Release|Any CPU
		{0675AB74-E7A9-4593-AEE8-A82F0F59A2E6}.Debug|Any CPU.ActiveCfg = Debug|Any CPU
		{0675AB74-E7A9-4593-AEE8-A82F0F59A2E6}.Debug|Any CPU.Build.0 = Debug|Any CPU
		{0675AB74-E7A9-4593-AEE8-A82F0F59A2E6}.Debug|x64.ActiveCfg = Debug|Any CPU
		{0675AB74-E7A9-4593-AEE8-A82F0F59A2E6}.Debug|x64.Build.0 = Debug|Any CPU
		{0675AB74-E7A9-4593-AEE8-A82F0F59A2E6}.Debug|x86.ActiveCfg = Debug|Any CPU
		{0675AB74-E7A9-4593-AEE8-A82F0F59A2E6}.Debug|x86.Build.0 = Debug|Any CPU
		{0675AB74-E7A9-4593-AEE8-A82F0F59A2E6}.Release|Any CPU.ActiveCfg = Release|Any CPU
		{0675AB74-E7A9-4593-AEE8-A82F0F59A2E6}.Release|Any CPU.Build.0 = Release|Any CPU
		{0675AB74-E7A9-4593-AEE8-A82F0F59A2E6}.Release|x64.ActiveCfg = Release|Any CPU
		{0675AB74-E7A9-4593-AEE8-A82F0F59A2E6}.Release|x64.Build.0 = Release|Any CPU
		{0675AB74-E7A9-4593-AEE8-A82F0F59A2E6}.Release|x86.ActiveCfg = Release|Any CPU
		{0675AB74-E7A9-4593-AEE8-A82F0F59A2E6}.Release|x86.Build.0 = Release|Any CPU
		{93E583F1-A941-487B-865E-FAF37170D6CC}.Debug|Any CPU.ActiveCfg = Debug|Any CPU
		{93E583F1-A941-487B-865E-FAF37170D6CC}.Debug|Any CPU.Build.0 = Debug|Any CPU
		{93E583F1-A941-487B-865E-FAF37170D6CC}.Debug|x64.ActiveCfg = Debug|Any CPU
		{93E583F1-A941-487B-865E-FAF37170D6CC}.Debug|x64.Build.0 = Debug|Any CPU
		{93E583F1-A941-487B-865E-FAF37170D6CC}.Debug|x86.ActiveCfg = Debug|Any CPU
		{93E583F1-A941-487B-865E-FAF37170D6CC}.Debug|x86.Build.0 = Debug|Any CPU
		{93E583F1-A941-487B-865E-FAF37170D6CC}.Release|Any CPU.ActiveCfg = Release|Any CPU
		{93E583F1-A941-487B-865E-FAF37170D6CC}.Release|Any CPU.Build.0 = Release|Any CPU
		{93E583F1-A941-487B-865E-FAF37170D6CC}.Release|x64.ActiveCfg = Release|Any CPU
		{93E583F1-A941-487B-865E-FAF37170D6CC}.Release|x64.Build.0 = Release|Any CPU
		{93E583F1-A941-487B-865E-FAF37170D6CC}.Release|x86.ActiveCfg = Release|Any CPU
		{93E583F1-A941-487B-865E-FAF37170D6CC}.Release|x86.Build.0 = Release|Any CPU
		{FB04AC3C-7D4C-41C0-898E-90AA3D5EF5CD}.Debug|Any CPU.ActiveCfg = Debug|Any CPU
		{FB04AC3C-7D4C-41C0-898E-90AA3D5EF5CD}.Debug|Any CPU.Build.0 = Debug|Any CPU
		{FB04AC3C-7D4C-41C0-898E-90AA3D5EF5CD}.Debug|x64.ActiveCfg = Debug|Any CPU
		{FB04AC3C-7D4C-41C0-898E-90AA3D5EF5CD}.Debug|x64.Build.0 = Debug|Any CPU
		{FB04AC3C-7D4C-41C0-898E-90AA3D5EF5CD}.Debug|x86.ActiveCfg = Debug|Any CPU
		{FB04AC3C-7D4C-41C0-898E-90AA3D5EF5CD}.Debug|x86.Build.0 = Debug|Any CPU
		{FB04AC3C-7D4C-41C0-898E-90AA3D5EF5CD}.Release|Any CPU.ActiveCfg = Release|Any CPU
		{FB04AC3C-7D4C-41C0-898E-90AA3D5EF5CD}.Release|Any CPU.Build.0 = Release|Any CPU
		{FB04AC3C-7D4C-41C0-898E-90AA3D5EF5CD}.Release|x64.ActiveCfg = Release|Any CPU
		{FB04AC3C-7D4C-41C0-898E-90AA3D5EF5CD}.Release|x64.Build.0 = Release|Any CPU
		{FB04AC3C-7D4C-41C0-898E-90AA3D5EF5CD}.Release|x86.ActiveCfg = Release|Any CPU
		{FB04AC3C-7D4C-41C0-898E-90AA3D5EF5CD}.Release|x86.Build.0 = Release|Any CPU
		{77972167-4485-4234-8300-46A5AEF00E1F}.Debug|Any CPU.ActiveCfg = Debug|Any CPU
		{77972167-4485-4234-8300-46A5AEF00E1F}.Debug|Any CPU.Build.0 = Debug|Any CPU
		{77972167-4485-4234-8300-46A5AEF00E1F}.Debug|x64.ActiveCfg = Debug|Any CPU
		{77972167-4485-4234-8300-46A5AEF00E1F}.Debug|x64.Build.0 = Debug|Any CPU
		{77972167-4485-4234-8300-46A5AEF00E1F}.Debug|x86.ActiveCfg = Debug|Any CPU
		{77972167-4485-4234-8300-46A5AEF00E1F}.Debug|x86.Build.0 = Debug|Any CPU
		{77972167-4485-4234-8300-46A5AEF00E1F}.Release|Any CPU.ActiveCfg = Release|Any CPU
		{77972167-4485-4234-8300-46A5AEF00E1F}.Release|Any CPU.Build.0 = Release|Any CPU
		{77972167-4485-4234-8300-46A5AEF00E1F}.Release|x64.ActiveCfg = Release|Any CPU
		{77972167-4485-4234-8300-46A5AEF00E1F}.Release|x64.Build.0 = Release|Any CPU
		{77972167-4485-4234-8300-46A5AEF00E1F}.Release|x86.ActiveCfg = Release|Any CPU
		{77972167-4485-4234-8300-46A5AEF00E1F}.Release|x86.Build.0 = Release|Any CPU
		{B0909667-72E5-43E0-89AB-8F2619068659}.Debug|Any CPU.ActiveCfg = Debug|Any CPU
		{B0909667-72E5-43E0-89AB-8F2619068659}.Debug|Any CPU.Build.0 = Debug|Any CPU
		{B0909667-72E5-43E0-89AB-8F2619068659}.Debug|x64.ActiveCfg = Debug|Any CPU
		{B0909667-72E5-43E0-89AB-8F2619068659}.Debug|x64.Build.0 = Debug|Any CPU
		{B0909667-72E5-43E0-89AB-8F2619068659}.Debug|x86.ActiveCfg = Debug|Any CPU
		{B0909667-72E5-43E0-89AB-8F2619068659}.Debug|x86.Build.0 = Debug|Any CPU
		{B0909667-72E5-43E0-89AB-8F2619068659}.Release|Any CPU.ActiveCfg = Release|Any CPU
		{B0909667-72E5-43E0-89AB-8F2619068659}.Release|Any CPU.Build.0 = Release|Any CPU
		{B0909667-72E5-43E0-89AB-8F2619068659}.Release|x64.ActiveCfg = Release|Any CPU
		{B0909667-72E5-43E0-89AB-8F2619068659}.Release|x64.Build.0 = Release|Any CPU
		{B0909667-72E5-43E0-89AB-8F2619068659}.Release|x86.ActiveCfg = Release|Any CPU
		{B0909667-72E5-43E0-89AB-8F2619068659}.Release|x86.Build.0 = Release|Any CPU
		{A9F71C48-4B3D-4008-8395-875D16CB89B1}.Debug|Any CPU.ActiveCfg = Debug|Any CPU
		{A9F71C48-4B3D-4008-8395-875D16CB89B1}.Debug|Any CPU.Build.0 = Debug|Any CPU
		{A9F71C48-4B3D-4008-8395-875D16CB89B1}.Debug|x64.ActiveCfg = Debug|Any CPU
		{A9F71C48-4B3D-4008-8395-875D16CB89B1}.Debug|x64.Build.0 = Debug|Any CPU
		{A9F71C48-4B3D-4008-8395-875D16CB89B1}.Debug|x86.ActiveCfg = Debug|Any CPU
		{A9F71C48-4B3D-4008-8395-875D16CB89B1}.Debug|x86.Build.0 = Debug|Any CPU
		{A9F71C48-4B3D-4008-8395-875D16CB89B1}.Release|Any CPU.ActiveCfg = Release|Any CPU
		{A9F71C48-4B3D-4008-8395-875D16CB89B1}.Release|Any CPU.Build.0 = Release|Any CPU
		{A9F71C48-4B3D-4008-8395-875D16CB89B1}.Release|x64.ActiveCfg = Release|Any CPU
		{A9F71C48-4B3D-4008-8395-875D16CB89B1}.Release|x64.Build.0 = Release|Any CPU
		{A9F71C48-4B3D-4008-8395-875D16CB89B1}.Release|x86.ActiveCfg = Release|Any CPU
		{A9F71C48-4B3D-4008-8395-875D16CB89B1}.Release|x86.Build.0 = Release|Any CPU
		{F12F5BE6-AF79-4DA7-9E42-D34B182F1683}.Debug|Any CPU.ActiveCfg = Debug|Any CPU
		{F12F5BE6-AF79-4DA7-9E42-D34B182F1683}.Debug|Any CPU.Build.0 = Debug|Any CPU
		{F12F5BE6-AF79-4DA7-9E42-D34B182F1683}.Debug|x64.ActiveCfg = Debug|Any CPU
		{F12F5BE6-AF79-4DA7-9E42-D34B182F1683}.Debug|x64.Build.0 = Debug|Any CPU
		{F12F5BE6-AF79-4DA7-9E42-D34B182F1683}.Debug|x86.ActiveCfg = Debug|Any CPU
		{F12F5BE6-AF79-4DA7-9E42-D34B182F1683}.Debug|x86.Build.0 = Debug|Any CPU
		{F12F5BE6-AF79-4DA7-9E42-D34B182F1683}.Release|Any CPU.ActiveCfg = Release|Any CPU
		{F12F5BE6-AF79-4DA7-9E42-D34B182F1683}.Release|Any CPU.Build.0 = Release|Any CPU
		{F12F5BE6-AF79-4DA7-9E42-D34B182F1683}.Release|x64.ActiveCfg = Release|Any CPU
		{F12F5BE6-AF79-4DA7-9E42-D34B182F1683}.Release|x64.Build.0 = Release|Any CPU
		{F12F5BE6-AF79-4DA7-9E42-D34B182F1683}.Release|x86.ActiveCfg = Release|Any CPU
		{F12F5BE6-AF79-4DA7-9E42-D34B182F1683}.Release|x86.Build.0 = Release|Any CPU
		{D9FD5D53-A72C-4337-B55B-DC45A81DD352}.Debug|Any CPU.ActiveCfg = Debug|Any CPU
		{D9FD5D53-A72C-4337-B55B-DC45A81DD352}.Debug|Any CPU.Build.0 = Debug|Any CPU
		{D9FD5D53-A72C-4337-B55B-DC45A81DD352}.Debug|x64.ActiveCfg = Debug|Any CPU
		{D9FD5D53-A72C-4337-B55B-DC45A81DD352}.Debug|x64.Build.0 = Debug|Any CPU
		{D9FD5D53-A72C-4337-B55B-DC45A81DD352}.Debug|x86.ActiveCfg = Debug|Any CPU
		{D9FD5D53-A72C-4337-B55B-DC45A81DD352}.Debug|x86.Build.0 = Debug|Any CPU
		{D9FD5D53-A72C-4337-B55B-DC45A81DD352}.Release|Any CPU.ActiveCfg = Release|Any CPU
		{D9FD5D53-A72C-4337-B55B-DC45A81DD352}.Release|Any CPU.Build.0 = Release|Any CPU
		{D9FD5D53-A72C-4337-B55B-DC45A81DD352}.Release|x64.ActiveCfg = Release|Any CPU
		{D9FD5D53-A72C-4337-B55B-DC45A81DD352}.Release|x64.Build.0 = Release|Any CPU
		{D9FD5D53-A72C-4337-B55B-DC45A81DD352}.Release|x86.ActiveCfg = Release|Any CPU
		{D9FD5D53-A72C-4337-B55B-DC45A81DD352}.Release|x86.Build.0 = Release|Any CPU
		{54087D45-1F82-49BF-ADE5-266BF9A6FD0C}.Debug|Any CPU.ActiveCfg = Debug|Any CPU
		{54087D45-1F82-49BF-ADE5-266BF9A6FD0C}.Debug|Any CPU.Build.0 = Debug|Any CPU
		{54087D45-1F82-49BF-ADE5-266BF9A6FD0C}.Debug|x64.ActiveCfg = Debug|Any CPU
		{54087D45-1F82-49BF-ADE5-266BF9A6FD0C}.Debug|x64.Build.0 = Debug|Any CPU
		{54087D45-1F82-49BF-ADE5-266BF9A6FD0C}.Debug|x86.ActiveCfg = Debug|Any CPU
		{54087D45-1F82-49BF-ADE5-266BF9A6FD0C}.Debug|x86.Build.0 = Debug|Any CPU
		{54087D45-1F82-49BF-ADE5-266BF9A6FD0C}.Release|Any CPU.ActiveCfg = Release|Any CPU
		{54087D45-1F82-49BF-ADE5-266BF9A6FD0C}.Release|Any CPU.Build.0 = Release|Any CPU
		{54087D45-1F82-49BF-ADE5-266BF9A6FD0C}.Release|x64.ActiveCfg = Release|Any CPU
		{54087D45-1F82-49BF-ADE5-266BF9A6FD0C}.Release|x64.Build.0 = Release|Any CPU
		{54087D45-1F82-49BF-ADE5-266BF9A6FD0C}.Release|x86.ActiveCfg = Release|Any CPU
		{54087D45-1F82-49BF-ADE5-266BF9A6FD0C}.Release|x86.Build.0 = Release|Any CPU
		{46FC173E-83C8-48FB-B9DB-37E941263034}.Debug|Any CPU.ActiveCfg = Debug|Any CPU
		{46FC173E-83C8-48FB-B9DB-37E941263034}.Debug|Any CPU.Build.0 = Debug|Any CPU
		{46FC173E-83C8-48FB-B9DB-37E941263034}.Debug|x64.ActiveCfg = Debug|Any CPU
		{46FC173E-83C8-48FB-B9DB-37E941263034}.Debug|x64.Build.0 = Debug|Any CPU
		{46FC173E-83C8-48FB-B9DB-37E941263034}.Debug|x86.ActiveCfg = Debug|Any CPU
		{46FC173E-83C8-48FB-B9DB-37E941263034}.Debug|x86.Build.0 = Debug|Any CPU
		{46FC173E-83C8-48FB-B9DB-37E941263034}.Release|Any CPU.ActiveCfg = Release|Any CPU
		{46FC173E-83C8-48FB-B9DB-37E941263034}.Release|Any CPU.Build.0 = Release|Any CPU
		{46FC173E-83C8-48FB-B9DB-37E941263034}.Release|x64.ActiveCfg = Release|Any CPU
		{46FC173E-83C8-48FB-B9DB-37E941263034}.Release|x64.Build.0 = Release|Any CPU
		{46FC173E-83C8-48FB-B9DB-37E941263034}.Release|x86.ActiveCfg = Release|Any CPU
		{46FC173E-83C8-48FB-B9DB-37E941263034}.Release|x86.Build.0 = Release|Any CPU
		{D625DD33-83D1-4142-A9EF-67B750DC1122}.Debug|Any CPU.ActiveCfg = Debug|Any CPU
		{D625DD33-83D1-4142-A9EF-67B750DC1122}.Debug|Any CPU.Build.0 = Debug|Any CPU
		{D625DD33-83D1-4142-A9EF-67B750DC1122}.Debug|x64.ActiveCfg = Debug|Any CPU
		{D625DD33-83D1-4142-A9EF-67B750DC1122}.Debug|x64.Build.0 = Debug|Any CPU
		{D625DD33-83D1-4142-A9EF-67B750DC1122}.Debug|x86.ActiveCfg = Debug|Any CPU
		{D625DD33-83D1-4142-A9EF-67B750DC1122}.Debug|x86.Build.0 = Debug|Any CPU
		{D625DD33-83D1-4142-A9EF-67B750DC1122}.Release|Any CPU.ActiveCfg = Release|Any CPU
		{D625DD33-83D1-4142-A9EF-67B750DC1122}.Release|Any CPU.Build.0 = Release|Any CPU
		{D625DD33-83D1-4142-A9EF-67B750DC1122}.Release|x64.ActiveCfg = Release|Any CPU
		{D625DD33-83D1-4142-A9EF-67B750DC1122}.Release|x64.Build.0 = Release|Any CPU
		{D625DD33-83D1-4142-A9EF-67B750DC1122}.Release|x86.ActiveCfg = Release|Any CPU
		{D625DD33-83D1-4142-A9EF-67B750DC1122}.Release|x86.Build.0 = Release|Any CPU
		{14455F83-5655-403E-ABA9-7CAC55109CB9}.Debug|Any CPU.ActiveCfg = Debug|Any CPU
		{14455F83-5655-403E-ABA9-7CAC55109CB9}.Debug|Any CPU.Build.0 = Debug|Any CPU
		{14455F83-5655-403E-ABA9-7CAC55109CB9}.Debug|x64.ActiveCfg = Debug|Any CPU
		{14455F83-5655-403E-ABA9-7CAC55109CB9}.Debug|x64.Build.0 = Debug|Any CPU
		{14455F83-5655-403E-ABA9-7CAC55109CB9}.Debug|x86.ActiveCfg = Debug|Any CPU
		{14455F83-5655-403E-ABA9-7CAC55109CB9}.Debug|x86.Build.0 = Debug|Any CPU
		{14455F83-5655-403E-ABA9-7CAC55109CB9}.Release|Any CPU.ActiveCfg = Release|Any CPU
		{14455F83-5655-403E-ABA9-7CAC55109CB9}.Release|Any CPU.Build.0 = Release|Any CPU
		{14455F83-5655-403E-ABA9-7CAC55109CB9}.Release|x64.ActiveCfg = Release|Any CPU
		{14455F83-5655-403E-ABA9-7CAC55109CB9}.Release|x64.Build.0 = Release|Any CPU
		{14455F83-5655-403E-ABA9-7CAC55109CB9}.Release|x86.ActiveCfg = Release|Any CPU
		{14455F83-5655-403E-ABA9-7CAC55109CB9}.Release|x86.Build.0 = Release|Any CPU
	EndGlobalSection
	GlobalSection(SolutionProperties) = preSolution
		HideSolutionNode = FALSE
	EndGlobalSection
	GlobalSection(NestedProjects) = preSolution
		{A661E1F8-6684-4778-BA15-5148B804BCA8} = {DF572EAA-2BC4-7083-A1C9-E138B4BE775E}
		{21F4D48D-A745-42CF-88F4-3B603EFF5857} = {6EDC7094-E22D-CF10-605B-B42C7FB8B0A8}
		{DA948368-EA84-4194-A280-AD3588872BD8} = {4C83D79C-F5D7-C9B3-AAB8-BD36560F1ADA}
		{BC3FE705-6933-439A-FCCC-3B25690E366E} = {DA5C3214-5362-D53D-7EE1-7B72DB27BE75}
		{D7603756-8974-4BE3-BD90-38F7CE87984B} = {BC3FE705-6933-439A-FCCC-3B25690E366E}
		{58747412-EE9E-4839-826B-156C749EC1FC} = {BC3FE705-6933-439A-FCCC-3B25690E366E}
		{1ABEDECD-55FE-40CB-A717-5D28C2CE3DD2} = {BC3FE705-6933-439A-FCCC-3B25690E366E}
		{6382A43D-4B79-4F13-96DE-0B381270FF23} = {BC3FE705-6933-439A-FCCC-3B25690E366E}
		{89939D69-4221-4EDA-97E8-16D3FF1953C7} = {BC3FE705-6933-439A-FCCC-3B25690E366E}
		{89F9209E-F10B-4002-B1B9-DEAAA3E19D00} = {DA5C3214-5362-D53D-7EE1-7B72DB27BE75}
		{1958430A-33AF-4E71-A4E7-1C2A0DC023F6} = {BC3FE705-6933-439A-FCCC-3B25690E366E}
		{BB871DC4-12D8-4B84-B374-C9A210574564} = {BC3FE705-6933-439A-FCCC-3B25690E366E}
		{A3C0F375-730E-43ED-88ED-69ADFDE6379D} = {A10A91C2-6485-6656-963B-F6FCBC812542}
		{2ECE7E7C-1B7B-44A2-91B4-6BA6955027EC} = {341F945C-995C-D785-1B7A-647C574E53D3}
		{6FC910E7-7063-4B68-9361-6C18D3582380} = {5CE295C3-330A-7F73-1442-F5C2F9556FE7}
		{64C971E8-84D4-4EC9-8967-C2925246E424} = {5CE295C3-330A-7F73-1442-F5C2F9556FE7}
		{ED089583-806B-4DE0-96B5-FD94FE55B3E8} = {0AB3BF05-4346-4AA6-1389-037BE0695223}
		{4D3D7606-C7A0-49A0-909A-7037D89F8D01} = {0AB3BF05-4346-4AA6-1389-037BE0695223}
		{E8D586BC-7364-48C9-8927-244A6385266A} = {0AB3BF05-4346-4AA6-1389-037BE0695223}
		{F62D203D-D634-1DC3-32A0-50861C5465FB} = {414F7F9A-9529-155F-05A8-050F3A5AAD36}
		{3B726313-ED6F-4A19-9E71-7F638E5BCF65} = {F62D203D-D634-1DC3-32A0-50861C5465FB}
		{3F40A635-BF29-4527-A4E1-034F4E3C83DF} = {A10A91C2-6485-6656-963B-F6FCBC812542}
		{77B52F83-6F6A-44B0-8AB8-6509F7ED8744} = {1D587995-D2B1-D47C-23B4-E8E972FA15E9}
		{46F2C0CE-2AEE-4902-949D-BE3BE57DA198} = {0AB3BF05-4346-4AA6-1389-037BE0695223}
		{84773B61-E56F-4916-96B1-4E62FE4B5CFA} = {1D587995-D2B1-D47C-23B4-E8E972FA15E9}
		{59E389FB-BEA9-4C72-9DAA-58E5F754D7D4} = {88AACB56-31A1-7AEA-164B-AEC6EE0B00FD}
		{D17E0640-82B8-4C27-AA0D-ED155D24A8AE} = {1D587995-D2B1-D47C-23B4-E8E972FA15E9}
		{E993AF30-E85F-4C1F-BEAC-E43B96B5AFA0} = {1D587995-D2B1-D47C-23B4-E8E972FA15E9}
		{9387DD00-3833-445E-A76B-6F209238AEAD} = {62845FE3-76DF-4584-B13F-83C01D21E28F}
		{2CAA8896-C8A2-4C62-8006-D22C731CEA6B} = {0AB3BF05-4346-4AA6-1389-037BE0695223}
		{F2CB93D4-1613-A4E1-7D85-EBDF50B9067C} = {1D587995-D2B1-D47C-23B4-E8E972FA15E9}
		{4F86A431-594B-4BB7-8040-2E6BDA409EDF} = {F2CB93D4-1613-A4E1-7D85-EBDF50B9067C}
		{DECEF8EF-513A-4186-885B-1D3ABE57188D} = {F2CB93D4-1613-A4E1-7D85-EBDF50B9067C}
		{8A7E0136-FC8A-4691-BD0C-B39EFE5E6EA2} = {F2CB93D4-1613-A4E1-7D85-EBDF50B9067C}
		{C6271618-EB4D-42C2-9F5A-48CC21D1BB62} = {F2CB93D4-1613-A4E1-7D85-EBDF50B9067C}
		{11237312-28D1-4E4E-ACB5-186814DDB942} = {F2CB93D4-1613-A4E1-7D85-EBDF50B9067C}
		{6AE86929-57DC-4F01-B8ED-F3671748369A} = {F2CB93D4-1613-A4E1-7D85-EBDF50B9067C}
		{3F814F87-494A-41F6-AF65-9CB1450136A3} = {F2CB93D4-1613-A4E1-7D85-EBDF50B9067C}
		{F850F53B-015F-31EA-49B1-5D46A3F55651} = {1D587995-D2B1-D47C-23B4-E8E972FA15E9}
		{3F743F3B-9C2B-43C8-90B6-9037B55D7165} = {F850F53B-015F-31EA-49B1-5D46A3F55651}
		{0675AB74-E7A9-4593-AEE8-A82F0F59A2E6} = {F850F53B-015F-31EA-49B1-5D46A3F55651}
		{93E583F1-A941-487B-865E-FAF37170D6CC} = {F850F53B-015F-31EA-49B1-5D46A3F55651}
		{FB04AC3C-7D4C-41C0-898E-90AA3D5EF5CD} = {F850F53B-015F-31EA-49B1-5D46A3F55651}
		{77972167-4485-4234-8300-46A5AEF00E1F} = {F850F53B-015F-31EA-49B1-5D46A3F55651}
		{B0909667-72E5-43E0-89AB-8F2619068659} = {66320409-64EC-F7C5-3DEF-65E7510DAAD1}
		{A9F71C48-4B3D-4008-8395-875D16CB89B1} = {08232B09-8BA1-4E4C-8536-0341F01057BB}
		{F12F5BE6-AF79-4DA7-9E42-D34B182F1683} = {0AB3BF05-4346-4AA6-1389-037BE0695223}
		{D9FD5D53-A72C-4337-B55B-DC45A81DD352} = {1D587995-D2B1-D47C-23B4-E8E972FA15E9}
		{54087D45-1F82-49BF-ADE5-266BF9A6FD0C} = {C4181C00-B9E2-A2B3-D600-AFE552284D8A}
		{46FC173E-83C8-48FB-B9DB-37E941263034} = {1D587995-D2B1-D47C-23B4-E8E972FA15E9}
		{C4698B9F-0DA6-168C-2C7D-C8C8F66F2DAB} = {414F7F9A-9529-155F-05A8-050F3A5AAD36}
		{D625DD33-83D1-4142-A9EF-67B750DC1122} = {C4698B9F-0DA6-168C-2C7D-C8C8F66F2DAB}
		{14455F83-5655-403E-ABA9-7CAC55109CB9} = {DA5C3214-5362-D53D-7EE1-7B72DB27BE75}
	EndGlobalSection
EndGlobal
