
Microsoft Visual Studio Solution File, Format Version 12.00
# Visual Studio Version 17
VisualStudioVersion = 17.0.31903.59
MinimumVisualStudioVersion = 10.0.40219.1
Project("{2150E333-8FDC-42A3-9474-1A3956D46DE8}") = "Applications", "Applications", "{A10A91C2-6485-6656-963B-F6FCBC812542}"
EndProject
Project("{2150E333-8FDC-42A3-9474-1A3956D46DE8}") = "Utilities", "Utilities", "{DF572EAA-2BC4-7083-A1C9-E138B4BE775E}"
EndProject
Project("{FAE04EC0-301F-11D3-BF4B-00C04F79EFBC}") = "AyanamisTower.Utilities", "Utilities\AyanamisTower.Utilities.csproj", "{A661E1F8-6684-4778-BA15-5148B804BCA8}"
EndProject
Project("{2150E333-8FDC-42A3-9474-1A3956D46DE8}") = "WebAPI", "WebAPI", "{6EDC7094-E22D-CF10-605B-B42C7FB8B0A8}"
EndProject
Project("{FAE04EC0-301F-11D3-BF4B-00C04F79EFBC}") = "AyanamisTower.WebAPI", "WebAPI\AyanamisTower.WebAPI.csproj", "{21F4D48D-A745-42CF-88F4-3B603EFF5857}"
EndProject
Project("{2150E333-8FDC-42A3-9474-1A3956D46DE8}") = "FsrsSharp", "FsrsSharp", "{4C83D79C-F5D7-C9B3-AAB8-BD36560F1ADA}"
EndProject
Project("{FAE04EC0-301F-11D3-BF4B-00C04F79EFBC}") = "FsrsSharp", "CsFSRS\FSRS\FsrsSharp.csproj", "{DA948368-EA84-4194-A280-AD3588872BD8}"
EndProject
Project("{2150E333-8FDC-42A3-9474-1A3956D46DE8}") = "Avalonia", "Avalonia", "{DA5C3214-5362-D53D-7EE1-7B72DB27BE75}"
EndProject
Project("{2150E333-8FDC-42A3-9474-1A3956D46DE8}") = "Avalonia.Flecs", "Avalonia.Flecs", "{BC3FE705-6933-439A-FCCC-3B25690E366E}"
EndProject
Project("{FAE04EC0-301F-11D3-BF4B-00C04F79EFBC}") = "Avalonia.Flecs.Controls", "Avalonia\Avalonia.Flecs\Avalonia.Flecs.Controls\Avalonia.Flecs.Controls.csproj", "{D7603756-8974-4BE3-BD90-38F7CE87984B}"
EndProject
Project("{FAE04EC0-301F-11D3-BF4B-00C04F79EFBC}") = "Avalonia.Flecs.Util", "Avalonia\Avalonia.Flecs\Avalonia.Flecs.Util\Avalonia.Flecs.Util.csproj", "{58747412-EE9E-4839-826B-156C749EC1FC}"
EndProject
Project("{FAE04EC0-301F-11D3-BF4B-00C04F79EFBC}") = "Avalonia.Flecs.FluentUI.Controls", "Avalonia\Avalonia.Flecs\Avalonia.Flecs.FluentUI.Controls\Avalonia.Flecs.FluentUI.Controls.csproj", "{1ABEDECD-55FE-40CB-A717-5D28C2CE3DD2}"
EndProject
Project("{FAE04EC0-301F-11D3-BF4B-00C04F79EFBC}") = "DesktopNotifications", "Avalonia\Avalonia.Flecs\DesktopNotifications\DesktopNotifications\DesktopNotifications.csproj", "{6382A43D-4B79-4F13-96DE-0B381270FF23}"
EndProject
Project("{FAE04EC0-301F-11D3-BF4B-00C04F79EFBC}") = "DesktopNotifications.Avalonia", "Avalonia\Avalonia.Flecs\DesktopNotifications\DesktopNotifications.Avalonia\DesktopNotifications.Avalonia.csproj", "{89939D69-4221-4EDA-97E8-16D3FF1953C7}"
EndProject
Project("{FAE04EC0-301F-11D3-BF4B-00C04F79EFBC}") = "DesktopNotifications.Windows", "Avalonia\Avalonia.Flecs\DesktopNotifications\DesktopNotifications.Windows\DesktopNotifications.Windows.csproj", "{89F9209E-F10B-4002-B1B9-DEAAA3E19D00}"
EndProject
Project("{FAE04EC0-301F-11D3-BF4B-00C04F79EFBC}") = "DesktopNotifications.FreeDesktop", "Avalonia\Avalonia.Flecs\DesktopNotifications\DesktopNotifications.FreeDesktop\DesktopNotifications.FreeDesktop.csproj", "{1958430A-33AF-4E71-A4E7-1C2A0DC023F6}"
EndProject
Project("{FAE04EC0-301F-11D3-BF4B-00C04F79EFBC}") = "DesktopNotifications.Apple", "Avalonia\Avalonia.Flecs\DesktopNotifications\DesktopNotifications.Apple\DesktopNotifications.Apple.csproj", "{BB871DC4-12D8-4B84-B374-C9A210574564}"
EndProject
Project("{FAE04EC0-301F-11D3-BF4B-00C04F79EFBC}") = "AyanamisTower.StellaLearning", "Applications\StellaLearning\AyanamisTower.StellaLearning.csproj", "{A3C0F375-730E-43ED-88ED-69ADFDE6379D}"
EndProject
Project("{2150E333-8FDC-42A3-9474-1A3956D46DE8}") = "FSRSPythonCSharpBridge", "FSRSPythonCSharpBridge", "{341F945C-995C-D785-1B7A-647C574E53D3}"
EndProject
Project("{FAE04EC0-301F-11D3-BF4B-00C04F79EFBC}") = "FSRSPythonBridge", "FSRSPythonCSharpBridge\FSRSPythonBridge\FSRSPythonBridge.csproj", "{2ECE7E7C-1B7B-44A2-91B4-6BA6955027EC}"
EndProject
Project("{2150E333-8FDC-42A3-9474-1A3956D46DE8}") = "StellaFuzzyPatternMatcher", "StellaFuzzyPatternMatcher", "{5CE295C3-330A-7F73-1442-F5C2F9556FE7}"
EndProject
Project("{FAE04EC0-301F-11D3-BF4B-00C04F79EFBC}") = "SFPM", "stella_fuzzy_pattern_matcher\SFPM\SFPM.csproj", "{6FC910E7-7063-4B68-9361-6C18D3582380}"
EndProject
Project("{FAE04EC0-301F-11D3-BF4B-00C04F79EFBC}") = "SFPM.Flecs", "stella_fuzzy_pattern_matcher\SFPM.Flecs\SFPM.Flecs.csproj", "{64C971E8-84D4-4EC9-8967-C2925246E424}"
EndProject
Project("{2150E333-8FDC-42A3-9474-1A3956D46DE8}") = "Tests", "Tests", "{0AB3BF05-4346-4AA6-1389-037BE0695223}"
EndProject
Project("{FAE04EC0-301F-11D3-BF4B-00C04F79EFBC}") = "AyanamisTower.StellaLearning.Tests", "Tests\StellaLearning.Tests\AyanamisTower.StellaLearning.Tests.csproj", "{ED089583-806B-4DE0-96B5-FD94FE55B3E8}"
EndProject
Global
	GlobalSection(SolutionConfigurationPlatforms) = preSolution
		Debug|Any CPU = Debug|Any CPU
		Debug|x64 = Debug|x64
		Debug|x86 = Debug|x86
		Release|Any CPU = Release|Any CPU
		Release|x64 = Release|x64
		Release|x86 = Release|x86
	EndGlobalSection
	GlobalSection(ProjectConfigurationPlatforms) = postSolution
		{A661E1F8-6684-4778-BA15-5148B804BCA8}.Debug|Any CPU.ActiveCfg = Debug|Any CPU
		{A661E1F8-6684-4778-BA15-5148B804BCA8}.Debug|Any CPU.Build.0 = Debug|Any CPU
		{A661E1F8-6684-4778-BA15-5148B804BCA8}.Debug|x64.ActiveCfg = Debug|Any CPU
		{A661E1F8-6684-4778-BA15-5148B804BCA8}.Debug|x64.Build.0 = Debug|Any CPU
		{A661E1F8-6684-4778-BA15-5148B804BCA8}.Debug|x86.ActiveCfg = Debug|Any CPU
		{A661E1F8-6684-4778-BA15-5148B804BCA8}.Debug|x86.Build.0 = Debug|Any CPU
		{A661E1F8-6684-4778-BA15-5148B804BCA8}.Release|Any CPU.ActiveCfg = Release|Any CPU
		{A661E1F8-6684-4778-BA15-5148B804BCA8}.Release|Any CPU.Build.0 = Release|Any CPU
		{A661E1F8-6684-4778-BA15-5148B804BCA8}.Release|x64.ActiveCfg = Release|Any CPU
		{A661E1F8-6684-4778-BA15-5148B804BCA8}.Release|x64.Build.0 = Release|Any CPU
		{A661E1F8-6684-4778-BA15-5148B804BCA8}.Release|x86.ActiveCfg = Release|Any CPU
		{A661E1F8-6684-4778-BA15-5148B804BCA8}.Release|x86.Build.0 = Release|Any CPU
		{21F4D48D-A745-42CF-88F4-3B603EFF5857}.Debug|Any CPU.ActiveCfg = Debug|Any CPU
		{21F4D48D-A745-42CF-88F4-3B603EFF5857}.Debug|Any CPU.Build.0 = Debug|Any CPU
		{21F4D48D-A745-42CF-88F4-3B603EFF5857}.Debug|x64.ActiveCfg = Debug|Any CPU
		{21F4D48D-A745-42CF-88F4-3B603EFF5857}.Debug|x64.Build.0 = Debug|Any CPU
		{21F4D48D-A745-42CF-88F4-3B603EFF5857}.Debug|x86.ActiveCfg = Debug|Any CPU
		{21F4D48D-A745-42CF-88F4-3B603EFF5857}.Debug|x86.Build.0 = Debug|Any CPU
		{21F4D48D-A745-42CF-88F4-3B603EFF5857}.Release|Any CPU.ActiveCfg = Release|Any CPU
		{21F4D48D-A745-42CF-88F4-3B603EFF5857}.Release|Any CPU.Build.0 = Release|Any CPU
		{21F4D48D-A745-42CF-88F4-3B603EFF5857}.Release|x64.ActiveCfg = Release|Any CPU
		{21F4D48D-A745-42CF-88F4-3B603EFF5857}.Release|x64.Build.0 = Release|Any CPU
		{21F4D48D-A745-42CF-88F4-3B603EFF5857}.Release|x86.ActiveCfg = Release|Any CPU
		{21F4D48D-A745-42CF-88F4-3B603EFF5857}.Release|x86.Build.0 = Release|Any CPU
		{DA948368-EA84-4194-A280-AD3588872BD8}.Debug|Any CPU.ActiveCfg = Debug|Any CPU
		{DA948368-EA84-4194-A280-AD3588872BD8}.Debug|Any CPU.Build.0 = Debug|Any CPU
		{DA948368-EA84-4194-A280-AD3588872BD8}.Debug|x64.ActiveCfg = Debug|Any CPU
		{DA948368-EA84-4194-A280-AD3588872BD8}.Debug|x64.Build.0 = Debug|Any CPU
		{DA948368-EA84-4194-A280-AD3588872BD8}.Debug|x86.ActiveCfg = Debug|Any CPU
		{DA948368-EA84-4194-A280-AD3588872BD8}.Debug|x86.Build.0 = Debug|Any CPU
		{DA948368-EA84-4194-A280-AD3588872BD8}.Release|Any CPU.ActiveCfg = Release|Any CPU
		{DA948368-EA84-4194-A280-AD3588872BD8}.Release|Any CPU.Build.0 = Release|Any CPU
		{DA948368-EA84-4194-A280-AD3588872BD8}.Release|x64.ActiveCfg = Release|Any CPU
		{DA948368-EA84-4194-A280-AD3588872BD8}.Release|x64.Build.0 = Release|Any CPU
		{DA948368-EA84-4194-A280-AD3588872BD8}.Release|x86.ActiveCfg = Release|Any CPU
		{DA948368-EA84-4194-A280-AD3588872BD8}.Release|x86.Build.0 = Release|Any CPU
		{D7603756-8974-4BE3-BD90-38F7CE87984B}.Debug|Any CPU.ActiveCfg = Debug|Any CPU
		{D7603756-8974-4BE3-BD90-38F7CE87984B}.Debug|Any CPU.Build.0 = Debug|Any CPU
		{D7603756-8974-4BE3-BD90-38F7CE87984B}.Debug|x64.ActiveCfg = Debug|Any CPU
		{D7603756-8974-4BE3-BD90-38F7CE87984B}.Debug|x64.Build.0 = Debug|Any CPU
		{D7603756-8974-4BE3-BD90-38F7CE87984B}.Debug|x86.ActiveCfg = Debug|Any CPU
		{D7603756-8974-4BE3-BD90-38F7CE87984B}.Debug|x86.Build.0 = Debug|Any CPU
		{D7603756-8974-4BE3-BD90-38F7CE87984B}.Release|Any CPU.ActiveCfg = Release|Any CPU
		{D7603756-8974-4BE3-BD90-38F7CE87984B}.Release|Any CPU.Build.0 = Release|Any CPU
		{D7603756-8974-4BE3-BD90-38F7CE87984B}.Release|x64.ActiveCfg = Release|Any CPU
		{D7603756-8974-4BE3-BD90-38F7CE87984B}.Release|x64.Build.0 = Release|Any CPU
		{D7603756-8974-4BE3-BD90-38F7CE87984B}.Release|x86.ActiveCfg = Release|Any CPU
		{D7603756-8974-4BE3-BD90-38F7CE87984B}.Release|x86.Build.0 = Release|Any CPU
		{58747412-EE9E-4839-826B-156C749EC1FC}.Debug|Any CPU.ActiveCfg = Debug|Any CPU
		{58747412-EE9E-4839-826B-156C749EC1FC}.Debug|Any CPU.Build.0 = Debug|Any CPU
		{58747412-EE9E-4839-826B-156C749EC1FC}.Debug|x64.ActiveCfg = Debug|Any CPU
		{58747412-EE9E-4839-826B-156C749EC1FC}.Debug|x64.Build.0 = Debug|Any CPU
		{58747412-EE9E-4839-826B-156C749EC1FC}.Debug|x86.ActiveCfg = Debug|Any CPU
		{58747412-EE9E-4839-826B-156C749EC1FC}.Debug|x86.Build.0 = Debug|Any CPU
		{58747412-EE9E-4839-826B-156C749EC1FC}.Release|Any CPU.ActiveCfg = Release|Any CPU
		{58747412-EE9E-4839-826B-156C749EC1FC}.Release|Any CPU.Build.0 = Release|Any CPU
		{58747412-EE9E-4839-826B-156C749EC1FC}.Release|x64.ActiveCfg = Release|Any CPU
		{58747412-EE9E-4839-826B-156C749EC1FC}.Release|x64.Build.0 = Release|Any CPU
		{58747412-EE9E-4839-826B-156C749EC1FC}.Release|x86.ActiveCfg = Release|Any CPU
		{58747412-EE9E-4839-826B-156C749EC1FC}.Release|x86.Build.0 = Release|Any CPU
		{1ABEDECD-55FE-40CB-A717-5D28C2CE3DD2}.Debug|Any CPU.ActiveCfg = Debug|Any CPU
		{1ABEDECD-55FE-40CB-A717-5D28C2CE3DD2}.Debug|Any CPU.Build.0 = Debug|Any CPU
		{1ABEDECD-55FE-40CB-A717-5D28C2CE3DD2}.Debug|x64.ActiveCfg = Debug|Any CPU
		{1ABEDECD-55FE-40CB-A717-5D28C2CE3DD2}.Debug|x64.Build.0 = Debug|Any CPU
		{1ABEDECD-55FE-40CB-A717-5D28C2CE3DD2}.Debug|x86.ActiveCfg = Debug|Any CPU
		{1ABEDECD-55FE-40CB-A717-5D28C2CE3DD2}.Debug|x86.Build.0 = Debug|Any CPU
		{1ABEDECD-55FE-40CB-A717-5D28C2CE3DD2}.Release|Any CPU.ActiveCfg = Release|Any CPU
		{1ABEDECD-55FE-40CB-A717-5D28C2CE3DD2}.Release|Any CPU.Build.0 = Release|Any CPU
		{1ABEDECD-55FE-40CB-A717-5D28C2CE3DD2}.Release|x64.ActiveCfg = Release|Any CPU
		{1ABEDECD-55FE-40CB-A717-5D28C2CE3DD2}.Release|x64.Build.0 = Release|Any CPU
		{1ABEDECD-55FE-40CB-A717-5D28C2CE3DD2}.Release|x86.ActiveCfg = Release|Any CPU
		{1ABEDECD-55FE-40CB-A717-5D28C2CE3DD2}.Release|x86.Build.0 = Release|Any CPU
		{6382A43D-4B79-4F13-96DE-0B381270FF23}.Debug|Any CPU.ActiveCfg = Debug|Any CPU
		{6382A43D-4B79-4F13-96DE-0B381270FF23}.Debug|Any CPU.Build.0 = Debug|Any CPU
		{6382A43D-4B79-4F13-96DE-0B381270FF23}.Debug|x64.ActiveCfg = Debug|Any CPU
		{6382A43D-4B79-4F13-96DE-0B381270FF23}.Debug|x64.Build.0 = Debug|Any CPU
		{6382A43D-4B79-4F13-96DE-0B381270FF23}.Debug|x86.ActiveCfg = Debug|Any CPU
		{6382A43D-4B79-4F13-96DE-0B381270FF23}.Debug|x86.Build.0 = Debug|Any CPU
		{6382A43D-4B79-4F13-96DE-0B381270FF23}.Release|Any CPU.ActiveCfg = Release|Any CPU
		{6382A43D-4B79-4F13-96DE-0B381270FF23}.Release|Any CPU.Build.0 = Release|Any CPU
		{6382A43D-4B79-4F13-96DE-0B381270FF23}.Release|x64.ActiveCfg = Release|Any CPU
		{6382A43D-4B79-4F13-96DE-0B381270FF23}.Release|x64.Build.0 = Release|Any CPU
		{6382A43D-4B79-4F13-96DE-0B381270FF23}.Release|x86.ActiveCfg = Release|Any CPU
		{6382A43D-4B79-4F13-96DE-0B381270FF23}.Release|x86.Build.0 = Release|Any CPU
		{89939D69-4221-4EDA-97E8-16D3FF1953C7}.Debug|Any CPU.ActiveCfg = Debug|Any CPU
		{89939D69-4221-4EDA-97E8-16D3FF1953C7}.Debug|Any CPU.Build.0 = Debug|Any CPU
		{89939D69-4221-4EDA-97E8-16D3FF1953C7}.Debug|x64.ActiveCfg = Debug|Any CPU
		{89939D69-4221-4EDA-97E8-16D3FF1953C7}.Debug|x64.Build.0 = Debug|Any CPU
		{89939D69-4221-4EDA-97E8-16D3FF1953C7}.Debug|x86.ActiveCfg = Debug|Any CPU
		{89939D69-4221-4EDA-97E8-16D3FF1953C7}.Debug|x86.Build.0 = Debug|Any CPU
		{89939D69-4221-4EDA-97E8-16D3FF1953C7}.Release|Any CPU.ActiveCfg = Release|Any CPU
		{89939D69-4221-4EDA-97E8-16D3FF1953C7}.Release|Any CPU.Build.0 = Release|Any CPU
		{89939D69-4221-4EDA-97E8-16D3FF1953C7}.Release|x64.ActiveCfg = Release|Any CPU
		{89939D69-4221-4EDA-97E8-16D3FF1953C7}.Release|x64.Build.0 = Release|Any CPU
		{89939D69-4221-4EDA-97E8-16D3FF1953C7}.Release|x86.ActiveCfg = Release|Any CPU
		{89939D69-4221-4EDA-97E8-16D3FF1953C7}.Release|x86.Build.0 = Release|Any CPU
		{89F9209E-F10B-4002-B1B9-DEAAA3E19D00}.Debug|Any CPU.ActiveCfg = Debug|Any CPU
		{89F9209E-F10B-4002-B1B9-DEAAA3E19D00}.Debug|Any CPU.Build.0 = Debug|Any CPU
		{89F9209E-F10B-4002-B1B9-DEAAA3E19D00}.Debug|x64.ActiveCfg = Debug|Any CPU
		{89F9209E-F10B-4002-B1B9-DEAAA3E19D00}.Debug|x64.Build.0 = Debug|Any CPU
		{89F9209E-F10B-4002-B1B9-DEAAA3E19D00}.Debug|x86.ActiveCfg = Debug|Any CPU
		{89F9209E-F10B-4002-B1B9-DEAAA3E19D00}.Debug|x86.Build.0 = Debug|Any CPU
		{89F9209E-F10B-4002-B1B9-DEAAA3E19D00}.Release|Any CPU.ActiveCfg = Release|Any CPU
		{89F9209E-F10B-4002-B1B9-DEAAA3E19D00}.Release|Any CPU.Build.0 = Release|Any CPU
		{89F9209E-F10B-4002-B1B9-DEAAA3E19D00}.Release|x64.ActiveCfg = Release|Any CPU
		{89F9209E-F10B-4002-B1B9-DEAAA3E19D00}.Release|x64.Build.0 = Release|Any CPU
		{89F9209E-F10B-4002-B1B9-DEAAA3E19D00}.Release|x86.ActiveCfg = Release|Any CPU
		{89F9209E-F10B-4002-B1B9-DEAAA3E19D00}.Release|x86.Build.0 = Release|Any CPU
		{1958430A-33AF-4E71-A4E7-1C2A0DC023F6}.Debug|Any CPU.ActiveCfg = Debug|Any CPU
		{1958430A-33AF-4E71-A4E7-1C2A0DC023F6}.Debug|Any CPU.Build.0 = Debug|Any CPU
		{1958430A-33AF-4E71-A4E7-1C2A0DC023F6}.Debug|x64.ActiveCfg = Debug|Any CPU
		{1958430A-33AF-4E71-A4E7-1C2A0DC023F6}.Debug|x64.Build.0 = Debug|Any CPU
		{1958430A-33AF-4E71-A4E7-1C2A0DC023F6}.Debug|x86.ActiveCfg = Debug|Any CPU
		{1958430A-33AF-4E71-A4E7-1C2A0DC023F6}.Debug|x86.Build.0 = Debug|Any CPU
		{1958430A-33AF-4E71-A4E7-1C2A0DC023F6}.Release|Any CPU.ActiveCfg = Release|Any CPU
		{1958430A-33AF-4E71-A4E7-1C2A0DC023F6}.Release|Any CPU.Build.0 = Release|Any CPU
		{1958430A-33AF-4E71-A4E7-1C2A0DC023F6}.Release|x64.ActiveCfg = Release|Any CPU
		{1958430A-33AF-4E71-A4E7-1C2A0DC023F6}.Release|x64.Build.0 = Release|Any CPU
		{1958430A-33AF-4E71-A4E7-1C2A0DC023F6}.Release|x86.ActiveCfg = Release|Any CPU
		{1958430A-33AF-4E71-A4E7-1C2A0DC023F6}.Release|x86.Build.0 = Release|Any CPU
		{BB871DC4-12D8-4B84-B374-C9A210574564}.Debug|Any CPU.ActiveCfg = Debug|Any CPU
		{BB871DC4-12D8-4B84-B374-C9A210574564}.Debug|Any CPU.Build.0 = Debug|Any CPU
		{BB871DC4-12D8-4B84-B374-C9A210574564}.Debug|x64.ActiveCfg = Debug|Any CPU
		{BB871DC4-12D8-4B84-B374-C9A210574564}.Debug|x64.Build.0 = Debug|Any CPU
		{BB871DC4-12D8-4B84-B374-C9A210574564}.Debug|x86.ActiveCfg = Debug|Any CPU
		{BB871DC4-12D8-4B84-B374-C9A210574564}.Debug|x86.Build.0 = Debug|Any CPU
		{BB871DC4-12D8-4B84-B374-C9A210574564}.Release|Any CPU.ActiveCfg = Release|Any CPU
		{BB871DC4-12D8-4B84-B374-C9A210574564}.Release|Any CPU.Build.0 = Release|Any CPU
		{BB871DC4-12D8-4B84-B374-C9A210574564}.Release|x64.ActiveCfg = Release|Any CPU
		{BB871DC4-12D8-4B84-B374-C9A210574564}.Release|x64.Build.0 = Release|Any CPU
		{BB871DC4-12D8-4B84-B374-C9A210574564}.Release|x86.ActiveCfg = Release|Any CPU
		{BB871DC4-12D8-4B84-B374-C9A210574564}.Release|x86.Build.0 = Release|Any CPU
		{A3C0F375-730E-43ED-88ED-69ADFDE6379D}.Debug|Any CPU.ActiveCfg = Debug|Any CPU
		{A3C0F375-730E-43ED-88ED-69ADFDE6379D}.Debug|Any CPU.Build.0 = Debug|Any CPU
		{A3C0F375-730E-43ED-88ED-69ADFDE6379D}.Debug|x64.ActiveCfg = Debug|Any CPU
		{A3C0F375-730E-43ED-88ED-69ADFDE6379D}.Debug|x64.Build.0 = Debug|Any CPU
		{A3C0F375-730E-43ED-88ED-69ADFDE6379D}.Debug|x86.ActiveCfg = Debug|Any CPU
		{A3C0F375-730E-43ED-88ED-69ADFDE6379D}.Debug|x86.Build.0 = Debug|Any CPU
		{A3C0F375-730E-43ED-88ED-69ADFDE6379D}.Release|Any CPU.ActiveCfg = Release|Any CPU
		{A3C0F375-730E-43ED-88ED-69ADFDE6379D}.Release|Any CPU.Build.0 = Release|Any CPU
		{A3C0F375-730E-43ED-88ED-69ADFDE6379D}.Release|x64.ActiveCfg = Release|Any CPU
		{A3C0F375-730E-43ED-88ED-69ADFDE6379D}.Release|x64.Build.0 = Release|Any CPU
		{A3C0F375-730E-43ED-88ED-69ADFDE6379D}.Release|x86.ActiveCfg = Release|Any CPU
		{A3C0F375-730E-43ED-88ED-69ADFDE6379D}.Release|x86.Build.0 = Release|Any CPU
		{2ECE7E7C-1B7B-44A2-91B4-6BA6955027EC}.Debug|Any CPU.ActiveCfg = Debug|Any CPU
		{2ECE7E7C-1B7B-44A2-91B4-6BA6955027EC}.Debug|Any CPU.Build.0 = Debug|Any CPU
		{2ECE7E7C-1B7B-44A2-91B4-6BA6955027EC}.Debug|x64.ActiveCfg = Debug|Any CPU
		{2ECE7E7C-1B7B-44A2-91B4-6BA6955027EC}.Debug|x64.Build.0 = Debug|Any CPU
		{2ECE7E7C-1B7B-44A2-91B4-6BA6955027EC}.Debug|x86.ActiveCfg = Debug|Any CPU
		{2ECE7E7C-1B7B-44A2-91B4-6BA6955027EC}.Debug|x86.Build.0 = Debug|Any CPU
		{2ECE7E7C-1B7B-44A2-91B4-6BA6955027EC}.Release|Any CPU.ActiveCfg = Release|Any CPU
		{2ECE7E7C-1B7B-44A2-91B4-6BA6955027EC}.Release|Any CPU.Build.0 = Release|Any CPU
		{2ECE7E7C-1B7B-44A2-91B4-6BA6955027EC}.Release|x64.ActiveCfg = Release|Any CPU
		{2ECE7E7C-1B7B-44A2-91B4-6BA6955027EC}.Release|x64.Build.0 = Release|Any CPU
		{2ECE7E7C-1B7B-44A2-91B4-6BA6955027EC}.Release|x86.ActiveCfg = Release|Any CPU
		{2ECE7E7C-1B7B-44A2-91B4-6BA6955027EC}.Release|x86.Build.0 = Release|Any CPU
		{6FC910E7-7063-4B68-9361-6C18D3582380}.Debug|Any CPU.ActiveCfg = Debug|Any CPU
		{6FC910E7-7063-4B68-9361-6C18D3582380}.Debug|Any CPU.Build.0 = Debug|Any CPU
		{6FC910E7-7063-4B68-9361-6C18D3582380}.Debug|x64.ActiveCfg = Debug|Any CPU
		{6FC910E7-7063-4B68-9361-6C18D3582380}.Debug|x64.Build.0 = Debug|Any CPU
		{6FC910E7-7063-4B68-9361-6C18D3582380}.Debug|x86.ActiveCfg = Debug|Any CPU
		{6FC910E7-7063-4B68-9361-6C18D3582380}.Debug|x86.Build.0 = Debug|Any CPU
		{6FC910E7-7063-4B68-9361-6C18D3582380}.Release|Any CPU.ActiveCfg = Release|Any CPU
		{6FC910E7-7063-4B68-9361-6C18D3582380}.Release|Any CPU.Build.0 = Release|Any CPU
		{6FC910E7-7063-4B68-9361-6C18D3582380}.Release|x64.ActiveCfg = Release|Any CPU
		{6FC910E7-7063-4B68-9361-6C18D3582380}.Release|x64.Build.0 = Release|Any CPU
		{6FC910E7-7063-4B68-9361-6C18D3582380}.Release|x86.ActiveCfg = Release|Any CPU
		{6FC910E7-7063-4B68-9361-6C18D3582380}.Release|x86.Build.0 = Release|Any CPU
		{64C971E8-84D4-4EC9-8967-C2925246E424}.Debug|Any CPU.ActiveCfg = Debug|Any CPU
		{64C971E8-84D4-4EC9-8967-C2925246E424}.Debug|Any CPU.Build.0 = Debug|Any CPU
		{64C971E8-84D4-4EC9-8967-C2925246E424}.Debug|x64.ActiveCfg = Debug|Any CPU
		{64C971E8-84D4-4EC9-8967-C2925246E424}.Debug|x64.Build.0 = Debug|Any CPU
		{64C971E8-84D4-4EC9-8967-C2925246E424}.Debug|x86.ActiveCfg = Debug|Any CPU
		{64C971E8-84D4-4EC9-8967-C2925246E424}.Debug|x86.Build.0 = Debug|Any CPU
		{64C971E8-84D4-4EC9-8967-C2925246E424}.Release|Any CPU.ActiveCfg = Release|Any CPU
		{64C971E8-84D4-4EC9-8967-C2925246E424}.Release|Any CPU.Build.0 = Release|Any CPU
		{64C971E8-84D4-4EC9-8967-C2925246E424}.Release|x64.ActiveCfg = Release|Any CPU
		{64C971E8-84D4-4EC9-8967-C2925246E424}.Release|x64.Build.0 = Release|Any CPU
		{64C971E8-84D4-4EC9-8967-C2925246E424}.Release|x86.ActiveCfg = Release|Any CPU
		{64C971E8-84D4-4EC9-8967-C2925246E424}.Release|x86.Build.0 = Release|Any CPU
		{ED089583-806B-4DE0-96B5-FD94FE55B3E8}.Debug|Any CPU.ActiveCfg = Debug|Any CPU
		{ED089583-806B-4DE0-96B5-FD94FE55B3E8}.Debug|Any CPU.Build.0 = Debug|Any CPU
		{ED089583-806B-4DE0-96B5-FD94FE55B3E8}.Debug|x64.ActiveCfg = Debug|Any CPU
		{ED089583-806B-4DE0-96B5-FD94FE55B3E8}.Debug|x64.Build.0 = Debug|Any CPU
		{ED089583-806B-4DE0-96B5-FD94FE55B3E8}.Debug|x86.ActiveCfg = Debug|Any CPU
		{ED089583-806B-4DE0-96B5-FD94FE55B3E8}.Debug|x86.Build.0 = Debug|Any CPU
		{ED089583-806B-4DE0-96B5-FD94FE55B3E8}.Release|Any CPU.ActiveCfg = Release|Any CPU
		{ED089583-806B-4DE0-96B5-FD94FE55B3E8}.Release|Any CPU.Build.0 = Release|Any CPU
		{ED089583-806B-4DE0-96B5-FD94FE55B3E8}.Release|x64.ActiveCfg = Release|Any CPU
		{ED089583-806B-4DE0-96B5-FD94FE55B3E8}.Release|x64.Build.0 = Release|Any CPU
		{ED089583-806B-4DE0-96B5-FD94FE55B3E8}.Release|x86.ActiveCfg = Release|Any CPU
		{ED089583-806B-4DE0-96B5-FD94FE55B3E8}.Release|x86.Build.0 = Release|Any CPU
	EndGlobalSection
	GlobalSection(SolutionProperties) = preSolution
		HideSolutionNode = FALSE
	EndGlobalSection
	GlobalSection(NestedProjects) = preSolution
		{A661E1F8-6684-4778-BA15-5148B804BCA8} = {DF572EAA-2BC4-7083-A1C9-E138B4BE775E}
		{21F4D48D-A745-42CF-88F4-3B603EFF5857} = {6EDC7094-E22D-CF10-605B-B42C7FB8B0A8}
		{DA948368-EA84-4194-A280-AD3588872BD8} = {4C83D79C-F5D7-C9B3-AAB8-BD36560F1ADA}
		{BC3FE705-6933-439A-FCCC-3B25690E366E} = {DA5C3214-5362-D53D-7EE1-7B72DB27BE75}
		{D7603756-8974-4BE3-BD90-38F7CE87984B} = {BC3FE705-6933-439A-FCCC-3B25690E366E}
		{58747412-EE9E-4839-826B-156C749EC1FC} = {BC3FE705-6933-439A-FCCC-3B25690E366E}
		{1ABEDECD-55FE-40CB-A717-5D28C2CE3DD2} = {BC3FE705-6933-439A-FCCC-3B25690E366E}
		{6382A43D-4B79-4F13-96DE-0B381270FF23} = {BC3FE705-6933-439A-FCCC-3B25690E366E}
		{89939D69-4221-4EDA-97E8-16D3FF1953C7} = {BC3FE705-6933-439A-FCCC-3B25690E366E}
		{89F9209E-F10B-4002-B1B9-DEAAA3E19D00} = {DA5C3214-5362-D53D-7EE1-7B72DB27BE75}
		{1958430A-33AF-4E71-A4E7-1C2A0DC023F6} = {BC3FE705-6933-439A-FCCC-3B25690E366E}
		{BB871DC4-12D8-4B84-B374-C9A210574564} = {BC3FE705-6933-439A-FCCC-3B25690E366E}
		{A3C0F375-730E-43ED-88ED-69ADFDE6379D} = {A10A91C2-6485-6656-963B-F6FCBC812542}
		{2ECE7E7C-1B7B-44A2-91B4-6BA6955027EC} = {341F945C-995C-D785-1B7A-647C574E53D3}
		{6FC910E7-7063-4B68-9361-6C18D3582380} = {5CE295C3-330A-7F73-1442-F5C2F9556FE7}
		{64C971E8-84D4-4EC9-8967-C2925246E424} = {5CE295C3-330A-7F73-1442-F5C2F9556FE7}
		{ED089583-806B-4DE0-96B5-FD94FE55B3E8} = {0AB3BF05-4346-4AA6-1389-037BE0695223}
	EndGlobalSection
EndGlobal
