
Microsoft Visual Studio Solution File, Format Version 12.00
# Visual Studio Version 17
VisualStudioVersion = 17.0.31903.59
MinimumVisualStudioVersion = 10.0.40219.1
Project("{FAE04EC0-301F-11D3-BF4B-00C04F79EFBC}") = "sl_quiz_database", "sl_quiz_database\sl_quiz_database.csproj", "{23231688-7C35-47A4-B148-85B2B702CE3C}"
EndProject
Project("{FAE04EC0-301F-11D3-BF4B-00C04F79EFBC}") = "sl_cloze_database", "sl_cloze_database\sl_cloze_database.csproj", "{616281EF-7403-4D12-BA50-92F05A3698C7}"
EndProject
Global
	GlobalSection(SolutionConfigurationPlatforms) = preSolution
		Debug|Any CPU = Debug|Any CPU
		Release|Any CPU = Release|Any CPU
	EndGlobalSection
	GlobalSection(SolutionProperties) = preSolution
		HideSolutionNode = FALSE
	EndGlobalSection
	GlobalSection(ProjectConfigurationPlatforms) = postSolution
		{23231688-7C35-47A4-B148-85B2B702CE3C}.Debug|Any CPU.ActiveCfg = Debug|Any CPU
		{23231688-7C35-47A4-B148-85B2B702CE3C}.Debug|Any CPU.Build.0 = Debug|Any CPU
		{23231688-7C35-47A4-B148-85B2B702CE3C}.Release|Any CPU.ActiveCfg = Release|Any CPU
		{23231688-7C35-47A4-B148-85B2B702CE3C}.Release|Any CPU.Build.0 = Release|Any CPU
		{616281EF-7403-4D12-BA50-92F05A3698C7}.Debug|Any CPU.ActiveCfg = Debug|Any CPU
		{616281EF-7403-4D12-BA50-92F05A3698C7}.Debug|Any CPU.Build.0 = Debug|Any CPU
		{616281EF-7403-4D12-BA50-92F05A3698C7}.Release|Any CPU.ActiveCfg = Release|Any CPU
		{616281EF-7403-4D12-BA50-92F05A3698C7}.Release|Any CPU.Build.0 = Release|Any CPU
	EndGlobalSection
EndGlobal
