
Microsoft Visual Studio Solution File, Format Version 12.00
# Visual Studio Version 17
VisualStudioVersion = 17.0.31903.59
MinimumVisualStudioVersion = 10.0.40219.1
Project("{2150E333-8FDC-42A3-9474-1A3956D46DE8}") = "Tests", "Tests", "{0AB3BF05-4346-4AA6-1389-037BE0695223}"
EndProject
Project("{FAE04EC0-301F-11D3-BF4B-00C04F79EFBC}") = "StellaLang.Tests", "Tests\StellaLang.Tests\StellaLang.Tests.csproj", "{C78C210A-E236-4B86-8474-AB8E2066BA9C}"
EndProject
Project("{2150E333-8FDC-42A3-9474-1A3956D46DE8}") = "StellaLang", "StellaLang", "{B62B08A4-9123-87C3-3036-90EED7646D6F}"
EndProject
Project("{2150E333-8FDC-42A3-9474-1A3956D46DE8}") = "StellaLangCS", "StellaLangCS", "{30F92265-1022-0CF1-B709-4704BD5C0033}"
EndProject
Project("{FAE04EC0-301F-11D3-BF4B-00C04F79EFBC}") = "StellaLang", "StellaLang\StellaLangCS\StellaLang.csproj", "{85BD3B5C-3E86-4827-8BEC-B59263DFB2E9}"
EndProject
Project("{2150E333-8FDC-42A3-9474-1A3956D46DE8}") = "Ayanamis-Tower.MemoryExtensions", "Ayanamis-Tower.MemoryExtensions", "{8365198B-CEC1-BF78-05FA-A9C65F2B267E}"
EndProject
Project("{FAE04EC0-301F-11D3-BF4B-00C04F79EFBC}") = "AyanamisTower.MemoryExtensions", "Ayanamis-Tower.MemoryExtensions\AyanamisTower.MemoryExtensions.csproj", "{57ADBF90-D27A-4C4B-9EE1-F8C9AB68C95A}"
EndProject
Project("{FAE04EC0-301F-11D3-BF4B-00C04F79EFBC}") = "AyanamisTower.MemoryExtensions.Tests", "Tests\AyanamisTower.MemoryExtensions.Tests\AyanamisTower.MemoryExtensions.Tests.csproj", "{3CC6825C-0AF2-44AA-89D1-EB35DFA16465}"
EndProject
Project("{2150E333-8FDC-42A3-9474-1A3956D46DE8}") = "Examples", "Examples", "{850985B8-49D9-B882-0D2B-C4BFB914B91D}"
EndProject
Project("{FAE04EC0-301F-11D3-BF4B-00C04F79EFBC}") = "StellaLang.REPL", "StellaLang\Examples\StellaLang.REPL\StellaLang.REPL.csproj", "{70667C53-5FB3-4375-B01D-A3497866107E}"
EndProject
Project("{FAE04EC0-301F-11D3-BF4B-00C04F79EFBC}") = "StellaLangCLR", "StellaLang\StellaLangCS\StellaLangCLR\StellaLangCLR.csproj", "{8EEEA7B8-A4AC-445E-83E3-1D844BF62D15}"
EndProject
Project("{FAE04EC0-301F-11D3-BF4B-00C04F79EFBC}") = "StellaLangCLR.Tests", "Tests\StellaLangCLR.Tests\StellaLangCLR.Tests.csproj", "{36560658-32E9-43CC-AB39-8C9DE9C27474}"
EndProject
Project("{FAE04EC0-301F-11D3-BF4B-00C04F79EFBC}") = "StellaLangCLR.REPL", "StellaLang\Examples\StellaLangCLR.REPL\StellaLangCLR.REPL.csproj", "{267AFAA7-FA7F-44B6-884C-E814CD87C1F2}"
EndProject
Global
	GlobalSection(SolutionConfigurationPlatforms) = preSolution
		Debug|Any CPU = Debug|Any CPU
		Debug|x64 = Debug|x64
		Debug|x86 = Debug|x86
		Release|Any CPU = Release|Any CPU
		Release|x64 = Release|x64
		Release|x86 = Release|x86
	EndGlobalSection
	GlobalSection(ProjectConfigurationPlatforms) = postSolution
		{C78C210A-E236-4B86-8474-AB8E2066BA9C}.Debug|Any CPU.ActiveCfg = Debug|Any CPU
		{C78C210A-E236-4B86-8474-AB8E2066BA9C}.Debug|Any CPU.Build.0 = Debug|Any CPU
		{C78C210A-E236-4B86-8474-AB8E2066BA9C}.Debug|x64.ActiveCfg = Debug|Any CPU
		{C78C210A-E236-4B86-8474-AB8E2066BA9C}.Debug|x64.Build.0 = Debug|Any CPU
		{C78C210A-E236-4B86-8474-AB8E2066BA9C}.Debug|x86.ActiveCfg = Debug|Any CPU
		{C78C210A-E236-4B86-8474-AB8E2066BA9C}.Debug|x86.Build.0 = Debug|Any CPU
		{C78C210A-E236-4B86-8474-AB8E2066BA9C}.Release|Any CPU.ActiveCfg = Release|Any CPU
		{C78C210A-E236-4B86-8474-AB8E2066BA9C}.Release|Any CPU.Build.0 = Release|Any CPU
		{C78C210A-E236-4B86-8474-AB8E2066BA9C}.Release|x64.ActiveCfg = Release|Any CPU
		{C78C210A-E236-4B86-8474-AB8E2066BA9C}.Release|x64.Build.0 = Release|Any CPU
		{C78C210A-E236-4B86-8474-AB8E2066BA9C}.Release|x86.ActiveCfg = Release|Any CPU
		{C78C210A-E236-4B86-8474-AB8E2066BA9C}.Release|x86.Build.0 = Release|Any CPU
		{85BD3B5C-3E86-4827-8BEC-B59263DFB2E9}.Debug|Any CPU.ActiveCfg = Debug|Any CPU
		{85BD3B5C-3E86-4827-8BEC-B59263DFB2E9}.Debug|Any CPU.Build.0 = Debug|Any CPU
		{85BD3B5C-3E86-4827-8BEC-B59263DFB2E9}.Debug|x64.ActiveCfg = Debug|Any CPU
		{85BD3B5C-3E86-4827-8BEC-B59263DFB2E9}.Debug|x64.Build.0 = Debug|Any CPU
		{85BD3B5C-3E86-4827-8BEC-B59263DFB2E9}.Debug|x86.ActiveCfg = Debug|Any CPU
		{85BD3B5C-3E86-4827-8BEC-B59263DFB2E9}.Debug|x86.Build.0 = Debug|Any CPU
		{85BD3B5C-3E86-4827-8BEC-B59263DFB2E9}.Release|Any CPU.ActiveCfg = Release|Any CPU
		{85BD3B5C-3E86-4827-8BEC-B59263DFB2E9}.Release|Any CPU.Build.0 = Release|Any CPU
		{85BD3B5C-3E86-4827-8BEC-B59263DFB2E9}.Release|x64.ActiveCfg = Release|Any CPU
		{85BD3B5C-3E86-4827-8BEC-B59263DFB2E9}.Release|x64.Build.0 = Release|Any CPU
		{85BD3B5C-3E86-4827-8BEC-B59263DFB2E9}.Release|x86.ActiveCfg = Release|Any CPU
		{85BD3B5C-3E86-4827-8BEC-B59263DFB2E9}.Release|x86.Build.0 = Release|Any CPU
		{57ADBF90-D27A-4C4B-9EE1-F8C9AB68C95A}.Debug|Any CPU.ActiveCfg = Debug|Any CPU
		{57ADBF90-D27A-4C4B-9EE1-F8C9AB68C95A}.Debug|Any CPU.Build.0 = Debug|Any CPU
		{57ADBF90-D27A-4C4B-9EE1-F8C9AB68C95A}.Debug|x64.ActiveCfg = Debug|Any CPU
		{57ADBF90-D27A-4C4B-9EE1-F8C9AB68C95A}.Debug|x64.Build.0 = Debug|Any CPU
		{57ADBF90-D27A-4C4B-9EE1-F8C9AB68C95A}.Debug|x86.ActiveCfg = Debug|Any CPU
		{57ADBF90-D27A-4C4B-9EE1-F8C9AB68C95A}.Debug|x86.Build.0 = Debug|Any CPU
		{57ADBF90-D27A-4C4B-9EE1-F8C9AB68C95A}.Release|Any CPU.ActiveCfg = Release|Any CPU
		{57ADBF90-D27A-4C4B-9EE1-F8C9AB68C95A}.Release|Any CPU.Build.0 = Release|Any CPU
		{57ADBF90-D27A-4C4B-9EE1-F8C9AB68C95A}.Release|x64.ActiveCfg = Release|Any CPU
		{57ADBF90-D27A-4C4B-9EE1-F8C9AB68C95A}.Release|x64.Build.0 = Release|Any CPU
		{57ADBF90-D27A-4C4B-9EE1-F8C9AB68C95A}.Release|x86.ActiveCfg = Release|Any CPU
		{57ADBF90-D27A-4C4B-9EE1-F8C9AB68C95A}.Release|x86.Build.0 = Release|Any CPU
		{3CC6825C-0AF2-44AA-89D1-EB35DFA16465}.Debug|Any CPU.ActiveCfg = Debug|Any CPU
		{3CC6825C-0AF2-44AA-89D1-EB35DFA16465}.Debug|Any CPU.Build.0 = Debug|Any CPU
		{3CC6825C-0AF2-44AA-89D1-EB35DFA16465}.Debug|x64.ActiveCfg = Debug|Any CPU
		{3CC6825C-0AF2-44AA-89D1-EB35DFA16465}.Debug|x64.Build.0 = Debug|Any CPU
		{3CC6825C-0AF2-44AA-89D1-EB35DFA16465}.Debug|x86.ActiveCfg = Debug|Any CPU
		{3CC6825C-0AF2-44AA-89D1-EB35DFA16465}.Debug|x86.Build.0 = Debug|Any CPU
		{3CC6825C-0AF2-44AA-89D1-EB35DFA16465}.Release|Any CPU.ActiveCfg = Release|Any CPU
		{3CC6825C-0AF2-44AA-89D1-EB35DFA16465}.Release|Any CPU.Build.0 = Release|Any CPU
		{3CC6825C-0AF2-44AA-89D1-EB35DFA16465}.Release|x64.ActiveCfg = Release|Any CPU
		{3CC6825C-0AF2-44AA-89D1-EB35DFA16465}.Release|x64.Build.0 = Release|Any CPU
		{3CC6825C-0AF2-44AA-89D1-EB35DFA16465}.Release|x86.ActiveCfg = Release|Any CPU
		{3CC6825C-0AF2-44AA-89D1-EB35DFA16465}.Release|x86.Build.0 = Release|Any CPU
		{70667C53-5FB3-4375-B01D-A3497866107E}.Debug|Any CPU.ActiveCfg = Debug|Any CPU
		{70667C53-5FB3-4375-B01D-A3497866107E}.Debug|Any CPU.Build.0 = Debug|Any CPU
		{70667C53-5FB3-4375-B01D-A3497866107E}.Debug|x64.ActiveCfg = Debug|Any CPU
		{70667C53-5FB3-4375-B01D-A3497866107E}.Debug|x64.Build.0 = Debug|Any CPU
		{70667C53-5FB3-4375-B01D-A3497866107E}.Debug|x86.ActiveCfg = Debug|Any CPU
		{70667C53-5FB3-4375-B01D-A3497866107E}.Debug|x86.Build.0 = Debug|Any CPU
		{70667C53-5FB3-4375-B01D-A3497866107E}.Release|Any CPU.ActiveCfg = Release|Any CPU
		{70667C53-5FB3-4375-B01D-A3497866107E}.Release|Any CPU.Build.0 = Release|Any CPU
		{70667C53-5FB3-4375-B01D-A3497866107E}.Release|x64.ActiveCfg = Release|Any CPU
		{70667C53-5FB3-4375-B01D-A3497866107E}.Release|x64.Build.0 = Release|Any CPU
		{70667C53-5FB3-4375-B01D-A3497866107E}.Release|x86.ActiveCfg = Release|Any CPU
		{70667C53-5FB3-4375-B01D-A3497866107E}.Release|x86.Build.0 = Release|Any CPU
		{8EEEA7B8-A4AC-445E-83E3-1D844BF62D15}.Debug|Any CPU.ActiveCfg = Debug|Any CPU
		{8EEEA7B8-A4AC-445E-83E3-1D844BF62D15}.Debug|Any CPU.Build.0 = Debug|Any CPU
		{8EEEA7B8-A4AC-445E-83E3-1D844BF62D15}.Debug|x64.ActiveCfg = Debug|Any CPU
		{8EEEA7B8-A4AC-445E-83E3-1D844BF62D15}.Debug|x64.Build.0 = Debug|Any CPU
		{8EEEA7B8-A4AC-445E-83E3-1D844BF62D15}.Debug|x86.ActiveCfg = Debug|Any CPU
		{8EEEA7B8-A4AC-445E-83E3-1D844BF62D15}.Debug|x86.Build.0 = Debug|Any CPU
		{8EEEA7B8-A4AC-445E-83E3-1D844BF62D15}.Release|Any CPU.ActiveCfg = Release|Any CPU
		{8EEEA7B8-A4AC-445E-83E3-1D844BF62D15}.Release|Any CPU.Build.0 = Release|Any CPU
		{8EEEA7B8-A4AC-445E-83E3-1D844BF62D15}.Release|x64.ActiveCfg = Release|Any CPU
		{8EEEA7B8-A4AC-445E-83E3-1D844BF62D15}.Release|x64.Build.0 = Release|Any CPU
		{8EEEA7B8-A4AC-445E-83E3-1D844BF62D15}.Release|x86.ActiveCfg = Release|Any CPU
		{8EEEA7B8-A4AC-445E-83E3-1D844BF62D15}.Release|x86.Build.0 = Release|Any CPU
		{36560658-32E9-43CC-AB39-8C9DE9C27474}.Debug|Any CPU.ActiveCfg = Debug|Any CPU
		{36560658-32E9-43CC-AB39-8C9DE9C27474}.Debug|Any CPU.Build.0 = Debug|Any CPU
		{36560658-32E9-43CC-AB39-8C9DE9C27474}.Debug|x64.ActiveCfg = Debug|Any CPU
		{36560658-32E9-43CC-AB39-8C9DE9C27474}.Debug|x64.Build.0 = Debug|Any CPU
		{36560658-32E9-43CC-AB39-8C9DE9C27474}.Debug|x86.ActiveCfg = Debug|Any CPU
		{36560658-32E9-43CC-AB39-8C9DE9C27474}.Debug|x86.Build.0 = Debug|Any CPU
		{36560658-32E9-43CC-AB39-8C9DE9C27474}.Release|Any CPU.ActiveCfg = Release|Any CPU
		{36560658-32E9-43CC-AB39-8C9DE9C27474}.Release|Any CPU.Build.0 = Release|Any CPU
		{36560658-32E9-43CC-AB39-8C9DE9C27474}.Release|x64.ActiveCfg = Release|Any CPU
		{36560658-32E9-43CC-AB39-8C9DE9C27474}.Release|x64.Build.0 = Release|Any CPU
		{36560658-32E9-43CC-AB39-8C9DE9C27474}.Release|x86.ActiveCfg = Release|Any CPU
		{36560658-32E9-43CC-AB39-8C9DE9C27474}.Release|x86.Build.0 = Release|Any CPU
		{267AFAA7-FA7F-44B6-884C-E814CD87C1F2}.Debug|Any CPU.ActiveCfg = Debug|Any CPU
		{267AFAA7-FA7F-44B6-884C-E814CD87C1F2}.Debug|Any CPU.Build.0 = Debug|Any CPU
		{267AFAA7-FA7F-44B6-884C-E814CD87C1F2}.Debug|x64.ActiveCfg = Debug|Any CPU
		{267AFAA7-FA7F-44B6-884C-E814CD87C1F2}.Debug|x64.Build.0 = Debug|Any CPU
		{267AFAA7-FA7F-44B6-884C-E814CD87C1F2}.Debug|x86.ActiveCfg = Debug|Any CPU
		{267AFAA7-FA7F-44B6-884C-E814CD87C1F2}.Debug|x86.Build.0 = Debug|Any CPU
		{267AFAA7-FA7F-44B6-884C-E814CD87C1F2}.Release|Any CPU.ActiveCfg = Release|Any CPU
		{267AFAA7-FA7F-44B6-884C-E814CD87C1F2}.Release|Any CPU.Build.0 = Release|Any CPU
		{267AFAA7-FA7F-44B6-884C-E814CD87C1F2}.Release|x64.ActiveCfg = Release|Any CPU
		{267AFAA7-FA7F-44B6-884C-E814CD87C1F2}.Release|x64.Build.0 = Release|Any CPU
		{267AFAA7-FA7F-44B6-884C-E814CD87C1F2}.Release|x86.ActiveCfg = Release|Any CPU
		{267AFAA7-FA7F-44B6-884C-E814CD87C1F2}.Release|x86.Build.0 = Release|Any CPU
	EndGlobalSection
	GlobalSection(SolutionProperties) = preSolution
		HideSolutionNode = FALSE
	EndGlobalSection
	GlobalSection(NestedProjects) = preSolution
		{C78C210A-E236-4B86-8474-AB8E2066BA9C} = {0AB3BF05-4346-4AA6-1389-037BE0695223}
		{30F92265-1022-0CF1-B709-4704BD5C0033} = {B62B08A4-9123-87C3-3036-90EED7646D6F}
		{85BD3B5C-3E86-4827-8BEC-B59263DFB2E9} = {30F92265-1022-0CF1-B709-4704BD5C0033}
		{57ADBF90-D27A-4C4B-9EE1-F8C9AB68C95A} = {8365198B-CEC1-BF78-05FA-A9C65F2B267E}
		{3CC6825C-0AF2-44AA-89D1-EB35DFA16465} = {0AB3BF05-4346-4AA6-1389-037BE0695223}
		{850985B8-49D9-B882-0D2B-C4BFB914B91D} = {B62B08A4-9123-87C3-3036-90EED7646D6F}
		{70667C53-5FB3-4375-B01D-A3497866107E} = {850985B8-49D9-B882-0D2B-C4BFB914B91D}
		{8EEEA7B8-A4AC-445E-83E3-1D844BF62D15} = {30F92265-1022-0CF1-B709-4704BD5C0033}
		{36560658-32E9-43CC-AB39-8C9DE9C27474} = {0AB3BF05-4346-4AA6-1389-037BE0695223}
		{267AFAA7-FA7F-44B6-884C-E814CD87C1F2} = {850985B8-49D9-B882-0D2B-C4BFB914B91D}
	EndGlobalSection
EndGlobal
