
Microsoft Visual Studio Solution File, Format Version 12.00
# Visual Studio Version 17
VisualStudioVersion = 17.0.31903.59
MinimumVisualStudioVersion = 10.0.40219.1
Project("{2150E333-8FDC-42A3-9474-1A3956D46DE8}") = "Tests", "Tests", "{0AB3BF05-4346-4AA6-1389-037BE0695223}"
EndProject
Project("{FAE04EC0-301F-11D3-BF4B-00C04F79EFBC}") = "StellaLang.Tests", "Tests\StellaLang.Tests\StellaLang.Tests.csproj", "{C78C210A-E236-4B86-8474-AB8E2066BA9C}"
EndProject
Project("{2150E333-8FDC-42A3-9474-1A3956D46DE8}") = "StellaLang", "StellaLang", "{B62B08A4-9123-87C3-3036-90EED7646D6F}"
EndProject
Project("{2150E333-8FDC-42A3-9474-1A3956D46DE8}") = "StellaLangCS", "StellaLangCS", "{30F92265-1022-0CF1-B709-4704BD5C0033}"
EndProject
Project("{FAE04EC0-301F-11D3-BF4B-00C04F79EFBC}") = "StellaLang", "StellaLang\StellaLangCS\StellaLang.csproj", "{85BD3B5C-3E86-4827-8BEC-B59263DFB2E9}"
EndProject
Global
	GlobalSection(SolutionConfigurationPlatforms) = preSolution
		Debug|Any CPU = Debug|Any CPU
		Debug|x64 = Debug|x64
		Debug|x86 = Debug|x86
		Release|Any CPU = Release|Any CPU
		Release|x64 = Release|x64
		Release|x86 = Release|x86
	EndGlobalSection
	GlobalSection(ProjectConfigurationPlatforms) = postSolution
		{C78C210A-E236-4B86-8474-AB8E2066BA9C}.Debug|Any CPU.ActiveCfg = Debug|Any CPU
		{C78C210A-E236-4B86-8474-AB8E2066BA9C}.Debug|Any CPU.Build.0 = Debug|Any CPU
		{C78C210A-E236-4B86-8474-AB8E2066BA9C}.Debug|x64.ActiveCfg = Debug|Any CPU
		{C78C210A-E236-4B86-8474-AB8E2066BA9C}.Debug|x64.Build.0 = Debug|Any CPU
		{C78C210A-E236-4B86-8474-AB8E2066BA9C}.Debug|x86.ActiveCfg = Debug|Any CPU
		{C78C210A-E236-4B86-8474-AB8E2066BA9C}.Debug|x86.Build.0 = Debug|Any CPU
		{C78C210A-E236-4B86-8474-AB8E2066BA9C}.Release|Any CPU.ActiveCfg = Release|Any CPU
		{C78C210A-E236-4B86-8474-AB8E2066BA9C}.Release|Any CPU.Build.0 = Release|Any CPU
		{C78C210A-E236-4B86-8474-AB8E2066BA9C}.Release|x64.ActiveCfg = Release|Any CPU
		{C78C210A-E236-4B86-8474-AB8E2066BA9C}.Release|x64.Build.0 = Release|Any CPU
		{C78C210A-E236-4B86-8474-AB8E2066BA9C}.Release|x86.ActiveCfg = Release|Any CPU
		{C78C210A-E236-4B86-8474-AB8E2066BA9C}.Release|x86.Build.0 = Release|Any CPU
		{85BD3B5C-3E86-4827-8BEC-B59263DFB2E9}.Debug|Any CPU.ActiveCfg = Debug|Any CPU
		{85BD3B5C-3E86-4827-8BEC-B59263DFB2E9}.Debug|Any CPU.Build.0 = Debug|Any CPU
		{85BD3B5C-3E86-4827-8BEC-B59263DFB2E9}.Debug|x64.ActiveCfg = Debug|Any CPU
		{85BD3B5C-3E86-4827-8BEC-B59263DFB2E9}.Debug|x64.Build.0 = Debug|Any CPU
		{85BD3B5C-3E86-4827-8BEC-B59263DFB2E9}.Debug|x86.ActiveCfg = Debug|Any CPU
		{85BD3B5C-3E86-4827-8BEC-B59263DFB2E9}.Debug|x86.Build.0 = Debug|Any CPU
		{85BD3B5C-3E86-4827-8BEC-B59263DFB2E9}.Release|Any CPU.ActiveCfg = Release|Any CPU
		{85BD3B5C-3E86-4827-8BEC-B59263DFB2E9}.Release|Any CPU.Build.0 = Release|Any CPU
		{85BD3B5C-3E86-4827-8BEC-B59263DFB2E9}.Release|x64.ActiveCfg = Release|Any CPU
		{85BD3B5C-3E86-4827-8BEC-B59263DFB2E9}.Release|x64.Build.0 = Release|Any CPU
		{85BD3B5C-3E86-4827-8BEC-B59263DFB2E9}.Release|x86.ActiveCfg = Release|Any CPU
		{85BD3B5C-3E86-4827-8BEC-B59263DFB2E9}.Release|x86.Build.0 = Release|Any CPU
	EndGlobalSection
	GlobalSection(SolutionProperties) = preSolution
		HideSolutionNode = FALSE
	EndGlobalSection
	GlobalSection(NestedProjects) = preSolution
		{C78C210A-E236-4B86-8474-AB8E2066BA9C} = {0AB3BF05-4346-4AA6-1389-037BE0695223}
		{30F92265-1022-0CF1-B709-4704BD5C0033} = {B62B08A4-9123-87C3-3036-90EED7646D6F}
		{85BD3B5C-3E86-4827-8BEC-B59263DFB2E9} = {30F92265-1022-0CF1-B709-4704BD5C0033}
	EndGlobalSection
EndGlobal
