
Microsoft Visual Studio Solution File, Format Version 12.00
# Visual Studio Version 17
VisualStudioVersion = 17.0.31903.59
MinimumVisualStudioVersion = 10.0.40219.1
Project("{2150E333-8FDC-42A3-9474-1A3956D46DE8}") = "StellaEcs", "StellaEcs", "{D0011F74-9825-4EBC-991C-5346FCE97641}"
EndProject
Project("{FAE04EC0-301F-11D3-BF4B-00C04F79EFBC}") = "AyanamisTower.StellaEcs", "StellaEcs\AyanamisTower.StellaEcs\AyanamisTower.StellaEcs.csproj", "{FA17F890-D0C0-4028-9D5D-C8A43B01FAA5}"
EndProject
Project("{2150E333-8FDC-42A3-9474-1A3956D46DE8}") = "Example", "Example", "{8887F70B-BCE5-428A-BD7A-CBF0B602372E}"
EndProject
Project("{FAE04EC0-301F-11D3-BF4B-00C04F79EFBC}") = "AyanamisTower.StellaEcs.Example", "Example\AyanamisTower.StellaEcs.Example\AyanamisTower.StellaEcs.Example.csproj", "{C348333A-3DD0-4239-9267-7FF60B3CA909}"
EndProject
Project("{FAE04EC0-301F-11D3-BF4B-00C04F79EFBC}") = "AyanamisTower.StellaEcs.Engine", "StellaEcs\AyanamisTower.StellaEcs.Engine\AyanamisTower.StellaEcs.Engine.csproj", "{0F1AFE5B-BEAB-4C31-B6E2-30E5EA0856D1}"
EndProject
Project("{FAE04EC0-301F-11D3-BF4B-00C04F79EFBC}") = "MoonWorks", "MoonWorks\MoonWorks.csproj", "{A4E9EF10-F30A-4650-A65D-69B86E054D23}"
EndProject
Project("{2150E333-8FDC-42A3-9474-1A3956D46DE8}") = "Explorations", "Explorations", "{414F7F9A-9529-155F-05A8-050F3A5AAD36}"
EndProject
Project("{2150E333-8FDC-42A3-9474-1A3956D46DE8}") = "StellaEcs", "StellaEcs", "{68D1A234-C82D-CE76-AFBA-4D848B48D636}"
EndProject
Project("{2150E333-8FDC-42A3-9474-1A3956D46DE8}") = "RenderPipelineExploration", "RenderPipelineExploration", "{9568E93D-889C-B09C-84E4-A2EB831BF26B}"
EndProject
Project("{FAE04EC0-301F-11D3-BF4B-00C04F79EFBC}") = "StellaInvicta", "Explorations\StellaEcs\RenderPipelineExploration\StellaInvicta.csproj", "{95095DC1-25B3-4635-8B67-647121E36046}"
EndProject
Project("{FAE04EC0-301F-11D3-BF4B-00C04F79EFBC}") = "AyanamisTower.StellaEcs.CorePlugin", "StellaEcs\AyanamisTower.StellaEcs.Systems\AyanamisTower.StellaEcs.CorePlugin.csproj", "{99A13551-0F76-4DDA-B477-AFEFEC383DF0}"
EndProject
Project("{FAE04EC0-301F-11D3-BF4B-00C04F79EFBC}") = "AyanamisTower.StellaEcs.RestAPI", "StellaEcs\AyanamisTower.StellaEcs.RestAPI\AyanamisTower.StellaEcs.RestAPI.csproj", "{11C465FC-A93F-4F35-A981-8E42E8FE6B22}"
EndProject
Project("{FAE04EC0-301F-11D3-BF4B-00C04F79EFBC}") = "AyanamisTower.StellaEcs.Components", "StellaEcs\AyanamisTower.StellaEcs.Components\AyanamisTower.StellaEcs.Components.csproj", "{114CFACA-7B3F-4E19-8231-96682CBE4D28}"
EndProject
Global
	GlobalSection(SolutionConfigurationPlatforms) = preSolution
		Debug|Any CPU = Debug|Any CPU
		Debug|x64 = Debug|x64
		Debug|x86 = Debug|x86
		Release|Any CPU = Release|Any CPU
		Release|x64 = Release|x64
		Release|x86 = Release|x86
	EndGlobalSection
	GlobalSection(ProjectConfigurationPlatforms) = postSolution
		{FA17F890-D0C0-4028-9D5D-C8A43B01FAA5}.Debug|Any CPU.ActiveCfg = Debug|Any CPU
		{FA17F890-D0C0-4028-9D5D-C8A43B01FAA5}.Debug|Any CPU.Build.0 = Debug|Any CPU
		{FA17F890-D0C0-4028-9D5D-C8A43B01FAA5}.Debug|x64.ActiveCfg = Debug|Any CPU
		{FA17F890-D0C0-4028-9D5D-C8A43B01FAA5}.Debug|x64.Build.0 = Debug|Any CPU
		{FA17F890-D0C0-4028-9D5D-C8A43B01FAA5}.Debug|x86.ActiveCfg = Debug|Any CPU
		{FA17F890-D0C0-4028-9D5D-C8A43B01FAA5}.Debug|x86.Build.0 = Debug|Any CPU
		{FA17F890-D0C0-4028-9D5D-C8A43B01FAA5}.Release|Any CPU.ActiveCfg = Release|Any CPU
		{FA17F890-D0C0-4028-9D5D-C8A43B01FAA5}.Release|Any CPU.Build.0 = Release|Any CPU
		{FA17F890-D0C0-4028-9D5D-C8A43B01FAA5}.Release|x64.ActiveCfg = Release|Any CPU
		{FA17F890-D0C0-4028-9D5D-C8A43B01FAA5}.Release|x64.Build.0 = Release|Any CPU
		{FA17F890-D0C0-4028-9D5D-C8A43B01FAA5}.Release|x86.ActiveCfg = Release|Any CPU
		{FA17F890-D0C0-4028-9D5D-C8A43B01FAA5}.Release|x86.Build.0 = Release|Any CPU
		{C348333A-3DD0-4239-9267-7FF60B3CA909}.Debug|Any CPU.ActiveCfg = Debug|Any CPU
		{C348333A-3DD0-4239-9267-7FF60B3CA909}.Debug|Any CPU.Build.0 = Debug|Any CPU
		{C348333A-3DD0-4239-9267-7FF60B3CA909}.Debug|x64.ActiveCfg = Debug|Any CPU
		{C348333A-3DD0-4239-9267-7FF60B3CA909}.Debug|x64.Build.0 = Debug|Any CPU
		{C348333A-3DD0-4239-9267-7FF60B3CA909}.Debug|x86.ActiveCfg = Debug|Any CPU
		{C348333A-3DD0-4239-9267-7FF60B3CA909}.Debug|x86.Build.0 = Debug|Any CPU
		{C348333A-3DD0-4239-9267-7FF60B3CA909}.Release|Any CPU.ActiveCfg = Release|Any CPU
		{C348333A-3DD0-4239-9267-7FF60B3CA909}.Release|Any CPU.Build.0 = Release|Any CPU
		{C348333A-3DD0-4239-9267-7FF60B3CA909}.Release|x64.ActiveCfg = Release|Any CPU
		{C348333A-3DD0-4239-9267-7FF60B3CA909}.Release|x64.Build.0 = Release|Any CPU
		{C348333A-3DD0-4239-9267-7FF60B3CA909}.Release|x86.ActiveCfg = Release|Any CPU
		{C348333A-3DD0-4239-9267-7FF60B3CA909}.Release|x86.Build.0 = Release|Any CPU
		{0F1AFE5B-BEAB-4C31-B6E2-30E5EA0856D1}.Debug|Any CPU.ActiveCfg = Debug|Any CPU
		{0F1AFE5B-BEAB-4C31-B6E2-30E5EA0856D1}.Debug|Any CPU.Build.0 = Debug|Any CPU
		{0F1AFE5B-BEAB-4C31-B6E2-30E5EA0856D1}.Debug|x64.ActiveCfg = Debug|Any CPU
		{0F1AFE5B-BEAB-4C31-B6E2-30E5EA0856D1}.Debug|x64.Build.0 = Debug|Any CPU
		{0F1AFE5B-BEAB-4C31-B6E2-30E5EA0856D1}.Debug|x86.ActiveCfg = Debug|Any CPU
		{0F1AFE5B-BEAB-4C31-B6E2-30E5EA0856D1}.Debug|x86.Build.0 = Debug|Any CPU
		{0F1AFE5B-BEAB-4C31-B6E2-30E5EA0856D1}.Release|Any CPU.ActiveCfg = Release|Any CPU
		{0F1AFE5B-BEAB-4C31-B6E2-30E5EA0856D1}.Release|Any CPU.Build.0 = Release|Any CPU
		{0F1AFE5B-BEAB-4C31-B6E2-30E5EA0856D1}.Release|x64.ActiveCfg = Release|Any CPU
		{0F1AFE5B-BEAB-4C31-B6E2-30E5EA0856D1}.Release|x64.Build.0 = Release|Any CPU
		{0F1AFE5B-BEAB-4C31-B6E2-30E5EA0856D1}.Release|x86.ActiveCfg = Release|Any CPU
		{0F1AFE5B-BEAB-4C31-B6E2-30E5EA0856D1}.Release|x86.Build.0 = Release|Any CPU
		{A4E9EF10-F30A-4650-A65D-69B86E054D23}.Debug|Any CPU.ActiveCfg = Debug|Any CPU
		{A4E9EF10-F30A-4650-A65D-69B86E054D23}.Debug|Any CPU.Build.0 = Debug|Any CPU
		{A4E9EF10-F30A-4650-A65D-69B86E054D23}.Debug|x64.ActiveCfg = Debug|Any CPU
		{A4E9EF10-F30A-4650-A65D-69B86E054D23}.Debug|x64.Build.0 = Debug|Any CPU
		{A4E9EF10-F30A-4650-A65D-69B86E054D23}.Debug|x86.ActiveCfg = Debug|Any CPU
		{A4E9EF10-F30A-4650-A65D-69B86E054D23}.Debug|x86.Build.0 = Debug|Any CPU
		{A4E9EF10-F30A-4650-A65D-69B86E054D23}.Release|Any CPU.ActiveCfg = Release|Any CPU
		{A4E9EF10-F30A-4650-A65D-69B86E054D23}.Release|Any CPU.Build.0 = Release|Any CPU
		{A4E9EF10-F30A-4650-A65D-69B86E054D23}.Release|x64.ActiveCfg = Release|Any CPU
		{A4E9EF10-F30A-4650-A65D-69B86E054D23}.Release|x64.Build.0 = Release|Any CPU
		{A4E9EF10-F30A-4650-A65D-69B86E054D23}.Release|x86.ActiveCfg = Release|Any CPU
		{A4E9EF10-F30A-4650-A65D-69B86E054D23}.Release|x86.Build.0 = Release|Any CPU
		{95095DC1-25B3-4635-8B67-647121E36046}.Debug|Any CPU.ActiveCfg = Debug|Any CPU
		{95095DC1-25B3-4635-8B67-647121E36046}.Debug|Any CPU.Build.0 = Debug|Any CPU
		{95095DC1-25B3-4635-8B67-647121E36046}.Debug|x64.ActiveCfg = Debug|Any CPU
		{95095DC1-25B3-4635-8B67-647121E36046}.Debug|x64.Build.0 = Debug|Any CPU
		{95095DC1-25B3-4635-8B67-647121E36046}.Debug|x86.ActiveCfg = Debug|Any CPU
		{95095DC1-25B3-4635-8B67-647121E36046}.Debug|x86.Build.0 = Debug|Any CPU
		{95095DC1-25B3-4635-8B67-647121E36046}.Release|Any CPU.ActiveCfg = Release|Any CPU
		{95095DC1-25B3-4635-8B67-647121E36046}.Release|Any CPU.Build.0 = Release|Any CPU
		{95095DC1-25B3-4635-8B67-647121E36046}.Release|x64.ActiveCfg = Release|Any CPU
		{95095DC1-25B3-4635-8B67-647121E36046}.Release|x64.Build.0 = Release|Any CPU
		{95095DC1-25B3-4635-8B67-647121E36046}.Release|x86.ActiveCfg = Release|Any CPU
		{95095DC1-25B3-4635-8B67-647121E36046}.Release|x86.Build.0 = Release|Any CPU
		{99A13551-0F76-4DDA-B477-AFEFEC383DF0}.Debug|Any CPU.ActiveCfg = Debug|Any CPU
		{99A13551-0F76-4DDA-B477-AFEFEC383DF0}.Debug|Any CPU.Build.0 = Debug|Any CPU
		{99A13551-0F76-4DDA-B477-AFEFEC383DF0}.Debug|x64.ActiveCfg = Debug|Any CPU
		{99A13551-0F76-4DDA-B477-AFEFEC383DF0}.Debug|x64.Build.0 = Debug|Any CPU
		{99A13551-0F76-4DDA-B477-AFEFEC383DF0}.Debug|x86.ActiveCfg = Debug|Any CPU
		{99A13551-0F76-4DDA-B477-AFEFEC383DF0}.Debug|x86.Build.0 = Debug|Any CPU
		{99A13551-0F76-4DDA-B477-AFEFEC383DF0}.Release|Any CPU.ActiveCfg = Release|Any CPU
		{99A13551-0F76-4DDA-B477-AFEFEC383DF0}.Release|Any CPU.Build.0 = Release|Any CPU
		{99A13551-0F76-4DDA-B477-AFEFEC383DF0}.Release|x64.ActiveCfg = Release|Any CPU
		{99A13551-0F76-4DDA-B477-AFEFEC383DF0}.Release|x64.Build.0 = Release|Any CPU
		{99A13551-0F76-4DDA-B477-AFEFEC383DF0}.Release|x86.ActiveCfg = Release|Any CPU
		{99A13551-0F76-4DDA-B477-AFEFEC383DF0}.Release|x86.Build.0 = Release|Any CPU
		{11C465FC-A93F-4F35-A981-8E42E8FE6B22}.Debug|Any CPU.ActiveCfg = Debug|Any CPU
		{11C465FC-A93F-4F35-A981-8E42E8FE6B22}.Debug|Any CPU.Build.0 = Debug|Any CPU
		{11C465FC-A93F-4F35-A981-8E42E8FE6B22}.Debug|x64.ActiveCfg = Debug|Any CPU
		{11C465FC-A93F-4F35-A981-8E42E8FE6B22}.Debug|x64.Build.0 = Debug|Any CPU
		{11C465FC-A93F-4F35-A981-8E42E8FE6B22}.Debug|x86.ActiveCfg = Debug|Any CPU
		{11C465FC-A93F-4F35-A981-8E42E8FE6B22}.Debug|x86.Build.0 = Debug|Any CPU
		{11C465FC-A93F-4F35-A981-8E42E8FE6B22}.Release|Any CPU.ActiveCfg = Release|Any CPU
		{11C465FC-A93F-4F35-A981-8E42E8FE6B22}.Release|Any CPU.Build.0 = Release|Any CPU
		{11C465FC-A93F-4F35-A981-8E42E8FE6B22}.Release|x64.ActiveCfg = Release|Any CPU
		{11C465FC-A93F-4F35-A981-8E42E8FE6B22}.Release|x64.Build.0 = Release|Any CPU
		{11C465FC-A93F-4F35-A981-8E42E8FE6B22}.Release|x86.ActiveCfg = Release|Any CPU
		{11C465FC-A93F-4F35-A981-8E42E8FE6B22}.Release|x86.Build.0 = Release|Any CPU
		{114CFACA-7B3F-4E19-8231-96682CBE4D28}.Debug|Any CPU.ActiveCfg = Debug|Any CPU
		{114CFACA-7B3F-4E19-8231-96682CBE4D28}.Debug|Any CPU.Build.0 = Debug|Any CPU
		{114CFACA-7B3F-4E19-8231-96682CBE4D28}.Debug|x64.ActiveCfg = Debug|Any CPU
		{114CFACA-7B3F-4E19-8231-96682CBE4D28}.Debug|x64.Build.0 = Debug|Any CPU
		{114CFACA-7B3F-4E19-8231-96682CBE4D28}.Debug|x86.ActiveCfg = Debug|Any CPU
		{114CFACA-7B3F-4E19-8231-96682CBE4D28}.Debug|x86.Build.0 = Debug|Any CPU
		{114CFACA-7B3F-4E19-8231-96682CBE4D28}.Release|Any CPU.ActiveCfg = Release|Any CPU
		{114CFACA-7B3F-4E19-8231-96682CBE4D28}.Release|Any CPU.Build.0 = Release|Any CPU
		{114CFACA-7B3F-4E19-8231-96682CBE4D28}.Release|x64.ActiveCfg = Release|Any CPU
		{114CFACA-7B3F-4E19-8231-96682CBE4D28}.Release|x64.Build.0 = Release|Any CPU
		{114CFACA-7B3F-4E19-8231-96682CBE4D28}.Release|x86.ActiveCfg = Release|Any CPU
		{114CFACA-7B3F-4E19-8231-96682CBE4D28}.Release|x86.Build.0 = Release|Any CPU
	EndGlobalSection
	GlobalSection(SolutionProperties) = preSolution
		HideSolutionNode = FALSE
	EndGlobalSection
	GlobalSection(NestedProjects) = preSolution
		{FA17F890-D0C0-4028-9D5D-C8A43B01FAA5} = {D0011F74-9825-4EBC-991C-5346FCE97641}
		{C348333A-3DD0-4239-9267-7FF60B3CA909} = {8887F70B-BCE5-428A-BD7A-CBF0B602372E}
		{0F1AFE5B-BEAB-4C31-B6E2-30E5EA0856D1} = {D0011F74-9825-4EBC-991C-5346FCE97641}
		{68D1A234-C82D-CE76-AFBA-4D848B48D636} = {414F7F9A-9529-155F-05A8-050F3A5AAD36}
		{9568E93D-889C-B09C-84E4-A2EB831BF26B} = {68D1A234-C82D-CE76-AFBA-4D848B48D636}
		{95095DC1-25B3-4635-8B67-647121E36046} = {9568E93D-889C-B09C-84E4-A2EB831BF26B}
		{99A13551-0F76-4DDA-B477-AFEFEC383DF0} = {D0011F74-9825-4EBC-991C-5346FCE97641}
		{11C465FC-A93F-4F35-A981-8E42E8FE6B22} = {D0011F74-9825-4EBC-991C-5346FCE97641}
		{114CFACA-7B3F-4E19-8231-96682CBE4D28} = {D0011F74-9825-4EBC-991C-5346FCE97641}
	EndGlobalSection
EndGlobal
