
Microsoft Visual Studio Solution File, Format Version 12.00
# Visual Studio Version 17
VisualStudioVersion = 17.0.31903.59
MinimumVisualStudioVersion = 10.0.40219.1
Project("{FAE04EC0-301F-11D3-BF4B-00C04F79EFBC}") = "StellaLearning", "StellaLearning\StellaLearning.csproj", "{B835614E-2365-495D-8F45-5A64AA45F300}"
EndProject
Project("{FAE04EC0-301F-11D3-BF4B-00C04F79EFBC}") = "Avalonia.Flecs.Controls", "..\Avalonia\Avalonia.Flecs\Avalonia.Flecs.Controls\Avalonia.Flecs.Controls.csproj", "{1652E4AE-D4BF-434D-87EA-F296B249E990}"
EndProject
Project("{FAE04EC0-301F-11D3-BF4B-00C04F79EFBC}") = "Avalonia.Flecs.FluentUI.Controls", "..\Avalonia\Avalonia.Flecs\Avalonia.Flecs.FluentUI.Controls\Avalonia.Flecs.FluentUI.Controls.csproj", "{CA871882-781B-4ACF-A4E3-B9FEB66E7ECD}"
EndProject
Project("{FAE04EC0-301F-11D3-BF4B-00C04F79EFBC}") = "FSRS", "..\CsFSRS\FSRS\FSRS.csproj", "{88933D02-444A-45E4-97AF-AD6B14D3CF5E}"
EndProject
Project("{FAE04EC0-301F-11D3-BF4B-00C04F79EFBC}") = "Avalonia.Flecs.Util", "..\Avalonia\Avalonia.Flecs\Avalonia.Flecs.Util\Avalonia.Flecs.Util.csproj", "{D62E58E6-8069-4ED0-8004-F1DF02C3B32E}"
EndProject
Project("{FAE04EC0-301F-11D3-BF4B-00C04F79EFBC}") = "DesktopNotifications", "..\Avalonia\Avalonia.Flecs\DesktopNotifications\DesktopNotifications\DesktopNotifications.csproj", "{7AF23A54-8402-423C-84C0-8A0E5D9E6260}"
EndProject
Project("{FAE04EC0-301F-11D3-BF4B-00C04F79EFBC}") = "StellaLearningBackend", "..\StellaLearningBackend\StellaLearningBackend\StellaLearningBackend.csproj", "{94CBD767-51A0-6E00-6E70-8D22D15DFC70}"
EndProject
Project("{2150E333-8FDC-42A3-9474-1A3956D46DE8}") = "StellaLearning.Dtos", "StellaLearning.Dtos", "{C8C8FDD8-2CC1-5011-CCDA-A6F4889E66FE}"
EndProject
Project("{FAE04EC0-301F-11D3-BF4B-00C04F79EFBC}") = "StellaLearning.Dtos", "StellaLearning.Dtos\StellaLearning.Dtos.csproj", "{24E3FFCE-217C-4E2E-8014-BB8F658B880E}"
EndProject
Project("{FAE04EC0-301F-11D3-BF4B-00C04F79EFBC}") = "StellaLearning.Tests", "StellaLearning.Tests\StellaLearning.Tests.csproj", "{BF041E66-4AE4-4459-B372-E8F8D05A5F46}"
EndProject
Global
	GlobalSection(SolutionConfigurationPlatforms) = preSolution
		Debug|Any CPU = Debug|Any CPU
		Debug|x64 = Debug|x64
		Debug|x86 = Debug|x86
		Release|Any CPU = Release|Any CPU
		Release|x64 = Release|x64
		Release|x86 = Release|x86
	EndGlobalSection
	GlobalSection(ProjectConfigurationPlatforms) = postSolution
		{B835614E-2365-495D-8F45-5A64AA45F300}.Debug|Any CPU.ActiveCfg = Debug|Any CPU
		{B835614E-2365-495D-8F45-5A64AA45F300}.Debug|Any CPU.Build.0 = Debug|Any CPU
		{B835614E-2365-495D-8F45-5A64AA45F300}.Debug|x64.ActiveCfg = Debug|Any CPU
		{B835614E-2365-495D-8F45-5A64AA45F300}.Debug|x64.Build.0 = Debug|Any CPU
		{B835614E-2365-495D-8F45-5A64AA45F300}.Debug|x86.ActiveCfg = Debug|Any CPU
		{B835614E-2365-495D-8F45-5A64AA45F300}.Debug|x86.Build.0 = Debug|Any CPU
		{B835614E-2365-495D-8F45-5A64AA45F300}.Release|Any CPU.ActiveCfg = Release|Any CPU
		{B835614E-2365-495D-8F45-5A64AA45F300}.Release|Any CPU.Build.0 = Release|Any CPU
		{B835614E-2365-495D-8F45-5A64AA45F300}.Release|x64.ActiveCfg = Release|Any CPU
		{B835614E-2365-495D-8F45-5A64AA45F300}.Release|x64.Build.0 = Release|Any CPU
		{B835614E-2365-495D-8F45-5A64AA45F300}.Release|x86.ActiveCfg = Release|Any CPU
		{B835614E-2365-495D-8F45-5A64AA45F300}.Release|x86.Build.0 = Release|Any CPU
		{1652E4AE-D4BF-434D-87EA-F296B249E990}.Debug|Any CPU.ActiveCfg = Debug|Any CPU
		{1652E4AE-D4BF-434D-87EA-F296B249E990}.Debug|Any CPU.Build.0 = Debug|Any CPU
		{1652E4AE-D4BF-434D-87EA-F296B249E990}.Debug|x64.ActiveCfg = Debug|Any CPU
		{1652E4AE-D4BF-434D-87EA-F296B249E990}.Debug|x64.Build.0 = Debug|Any CPU
		{1652E4AE-D4BF-434D-87EA-F296B249E990}.Debug|x86.ActiveCfg = Debug|Any CPU
		{1652E4AE-D4BF-434D-87EA-F296B249E990}.Debug|x86.Build.0 = Debug|Any CPU
		{1652E4AE-D4BF-434D-87EA-F296B249E990}.Release|Any CPU.ActiveCfg = Release|Any CPU
		{1652E4AE-D4BF-434D-87EA-F296B249E990}.Release|Any CPU.Build.0 = Release|Any CPU
		{1652E4AE-D4BF-434D-87EA-F296B249E990}.Release|x64.ActiveCfg = Release|Any CPU
		{1652E4AE-D4BF-434D-87EA-F296B249E990}.Release|x64.Build.0 = Release|Any CPU
		{1652E4AE-D4BF-434D-87EA-F296B249E990}.Release|x86.ActiveCfg = Release|Any CPU
		{1652E4AE-D4BF-434D-87EA-F296B249E990}.Release|x86.Build.0 = Release|Any CPU
		{CA871882-781B-4ACF-A4E3-B9FEB66E7ECD}.Debug|Any CPU.ActiveCfg = Debug|Any CPU
		{CA871882-781B-4ACF-A4E3-B9FEB66E7ECD}.Debug|Any CPU.Build.0 = Debug|Any CPU
		{CA871882-781B-4ACF-A4E3-B9FEB66E7ECD}.Debug|x64.ActiveCfg = Debug|Any CPU
		{CA871882-781B-4ACF-A4E3-B9FEB66E7ECD}.Debug|x64.Build.0 = Debug|Any CPU
		{CA871882-781B-4ACF-A4E3-B9FEB66E7ECD}.Debug|x86.ActiveCfg = Debug|Any CPU
		{CA871882-781B-4ACF-A4E3-B9FEB66E7ECD}.Debug|x86.Build.0 = Debug|Any CPU
		{CA871882-781B-4ACF-A4E3-B9FEB66E7ECD}.Release|Any CPU.ActiveCfg = Release|Any CPU
		{CA871882-781B-4ACF-A4E3-B9FEB66E7ECD}.Release|Any CPU.Build.0 = Release|Any CPU
		{CA871882-781B-4ACF-A4E3-B9FEB66E7ECD}.Release|x64.ActiveCfg = Release|Any CPU
		{CA871882-781B-4ACF-A4E3-B9FEB66E7ECD}.Release|x64.Build.0 = Release|Any CPU
		{CA871882-781B-4ACF-A4E3-B9FEB66E7ECD}.Release|x86.ActiveCfg = Release|Any CPU
		{CA871882-781B-4ACF-A4E3-B9FEB66E7ECD}.Release|x86.Build.0 = Release|Any CPU
		{88933D02-444A-45E4-97AF-AD6B14D3CF5E}.Debug|Any CPU.ActiveCfg = Debug|Any CPU
		{88933D02-444A-45E4-97AF-AD6B14D3CF5E}.Debug|Any CPU.Build.0 = Debug|Any CPU
		{88933D02-444A-45E4-97AF-AD6B14D3CF5E}.Debug|x64.ActiveCfg = Debug|Any CPU
		{88933D02-444A-45E4-97AF-AD6B14D3CF5E}.Debug|x64.Build.0 = Debug|Any CPU
		{88933D02-444A-45E4-97AF-AD6B14D3CF5E}.Debug|x86.ActiveCfg = Debug|Any CPU
		{88933D02-444A-45E4-97AF-AD6B14D3CF5E}.Debug|x86.Build.0 = Debug|Any CPU
		{88933D02-444A-45E4-97AF-AD6B14D3CF5E}.Release|Any CPU.ActiveCfg = Release|Any CPU
		{88933D02-444A-45E4-97AF-AD6B14D3CF5E}.Release|Any CPU.Build.0 = Release|Any CPU
		{88933D02-444A-45E4-97AF-AD6B14D3CF5E}.Release|x64.ActiveCfg = Release|Any CPU
		{88933D02-444A-45E4-97AF-AD6B14D3CF5E}.Release|x64.Build.0 = Release|Any CPU
		{88933D02-444A-45E4-97AF-AD6B14D3CF5E}.Release|x86.ActiveCfg = Release|Any CPU
		{88933D02-444A-45E4-97AF-AD6B14D3CF5E}.Release|x86.Build.0 = Release|Any CPU
		{D62E58E6-8069-4ED0-8004-F1DF02C3B32E}.Debug|Any CPU.ActiveCfg = Debug|Any CPU
		{D62E58E6-8069-4ED0-8004-F1DF02C3B32E}.Debug|Any CPU.Build.0 = Debug|Any CPU
		{D62E58E6-8069-4ED0-8004-F1DF02C3B32E}.Debug|x64.ActiveCfg = Debug|Any CPU
		{D62E58E6-8069-4ED0-8004-F1DF02C3B32E}.Debug|x64.Build.0 = Debug|Any CPU
		{D62E58E6-8069-4ED0-8004-F1DF02C3B32E}.Debug|x86.ActiveCfg = Debug|Any CPU
		{D62E58E6-8069-4ED0-8004-F1DF02C3B32E}.Debug|x86.Build.0 = Debug|Any CPU
		{D62E58E6-8069-4ED0-8004-F1DF02C3B32E}.Release|Any CPU.ActiveCfg = Release|Any CPU
		{D62E58E6-8069-4ED0-8004-F1DF02C3B32E}.Release|Any CPU.Build.0 = Release|Any CPU
		{D62E58E6-8069-4ED0-8004-F1DF02C3B32E}.Release|x64.ActiveCfg = Release|Any CPU
		{D62E58E6-8069-4ED0-8004-F1DF02C3B32E}.Release|x64.Build.0 = Release|Any CPU
		{D62E58E6-8069-4ED0-8004-F1DF02C3B32E}.Release|x86.ActiveCfg = Release|Any CPU
		{D62E58E6-8069-4ED0-8004-F1DF02C3B32E}.Release|x86.Build.0 = Release|Any CPU
		{7AF23A54-8402-423C-84C0-8A0E5D9E6260}.Debug|Any CPU.ActiveCfg = Debug|Any CPU
		{7AF23A54-8402-423C-84C0-8A0E5D9E6260}.Debug|Any CPU.Build.0 = Debug|Any CPU
		{7AF23A54-8402-423C-84C0-8A0E5D9E6260}.Debug|x64.ActiveCfg = Debug|Any CPU
		{7AF23A54-8402-423C-84C0-8A0E5D9E6260}.Debug|x64.Build.0 = Debug|Any CPU
		{7AF23A54-8402-423C-84C0-8A0E5D9E6260}.Debug|x86.ActiveCfg = Debug|Any CPU
		{7AF23A54-8402-423C-84C0-8A0E5D9E6260}.Debug|x86.Build.0 = Debug|Any CPU
		{7AF23A54-8402-423C-84C0-8A0E5D9E6260}.Release|Any CPU.ActiveCfg = Release|Any CPU
		{7AF23A54-8402-423C-84C0-8A0E5D9E6260}.Release|Any CPU.Build.0 = Release|Any CPU
		{7AF23A54-8402-423C-84C0-8A0E5D9E6260}.Release|x64.ActiveCfg = Release|Any CPU
		{7AF23A54-8402-423C-84C0-8A0E5D9E6260}.Release|x64.Build.0 = Release|Any CPU
		{7AF23A54-8402-423C-84C0-8A0E5D9E6260}.Release|x86.ActiveCfg = Release|Any CPU
		{7AF23A54-8402-423C-84C0-8A0E5D9E6260}.Release|x86.Build.0 = Release|Any CPU
		{94CBD767-51A0-6E00-6E70-8D22D15DFC70}.Debug|Any CPU.ActiveCfg = Debug|Any CPU
		{94CBD767-51A0-6E00-6E70-8D22D15DFC70}.Debug|Any CPU.Build.0 = Debug|Any CPU
		{94CBD767-51A0-6E00-6E70-8D22D15DFC70}.Debug|x64.ActiveCfg = Debug|Any CPU
		{94CBD767-51A0-6E00-6E70-8D22D15DFC70}.Debug|x64.Build.0 = Debug|Any CPU
		{94CBD767-51A0-6E00-6E70-8D22D15DFC70}.Debug|x86.ActiveCfg = Debug|Any CPU
		{94CBD767-51A0-6E00-6E70-8D22D15DFC70}.Debug|x86.Build.0 = Debug|Any CPU
		{94CBD767-51A0-6E00-6E70-8D22D15DFC70}.Release|Any CPU.ActiveCfg = Release|Any CPU
		{94CBD767-51A0-6E00-6E70-8D22D15DFC70}.Release|Any CPU.Build.0 = Release|Any CPU
		{94CBD767-51A0-6E00-6E70-8D22D15DFC70}.Release|x64.ActiveCfg = Release|Any CPU
		{94CBD767-51A0-6E00-6E70-8D22D15DFC70}.Release|x64.Build.0 = Release|Any CPU
		{94CBD767-51A0-6E00-6E70-8D22D15DFC70}.Release|x86.ActiveCfg = Release|Any CPU
		{94CBD767-51A0-6E00-6E70-8D22D15DFC70}.Release|x86.Build.0 = Release|Any CPU
		{24E3FFCE-217C-4E2E-8014-BB8F658B880E}.Debug|Any CPU.ActiveCfg = Debug|Any CPU
		{24E3FFCE-217C-4E2E-8014-BB8F658B880E}.Debug|Any CPU.Build.0 = Debug|Any CPU
		{24E3FFCE-217C-4E2E-8014-BB8F658B880E}.Debug|x64.ActiveCfg = Debug|Any CPU
		{24E3FFCE-217C-4E2E-8014-BB8F658B880E}.Debug|x64.Build.0 = Debug|Any CPU
		{24E3FFCE-217C-4E2E-8014-BB8F658B880E}.Debug|x86.ActiveCfg = Debug|Any CPU
		{24E3FFCE-217C-4E2E-8014-BB8F658B880E}.Debug|x86.Build.0 = Debug|Any CPU
		{24E3FFCE-217C-4E2E-8014-BB8F658B880E}.Release|Any CPU.ActiveCfg = Release|Any CPU
		{24E3FFCE-217C-4E2E-8014-BB8F658B880E}.Release|Any CPU.Build.0 = Release|Any CPU
		{24E3FFCE-217C-4E2E-8014-BB8F658B880E}.Release|x64.ActiveCfg = Release|Any CPU
		{24E3FFCE-217C-4E2E-8014-BB8F658B880E}.Release|x64.Build.0 = Release|Any CPU
		{24E3FFCE-217C-4E2E-8014-BB8F658B880E}.Release|x86.ActiveCfg = Release|Any CPU
		{24E3FFCE-217C-4E2E-8014-BB8F658B880E}.Release|x86.Build.0 = Release|Any CPU
		{BF041E66-4AE4-4459-B372-E8F8D05A5F46}.Debug|Any CPU.ActiveCfg = Debug|Any CPU
		{BF041E66-4AE4-4459-B372-E8F8D05A5F46}.Debug|Any CPU.Build.0 = Debug|Any CPU
		{BF041E66-4AE4-4459-B372-E8F8D05A5F46}.Debug|x64.ActiveCfg = Debug|Any CPU
		{BF041E66-4AE4-4459-B372-E8F8D05A5F46}.Debug|x64.Build.0 = Debug|Any CPU
		{BF041E66-4AE4-4459-B372-E8F8D05A5F46}.Debug|x86.ActiveCfg = Debug|Any CPU
		{BF041E66-4AE4-4459-B372-E8F8D05A5F46}.Debug|x86.Build.0 = Debug|Any CPU
		{BF041E66-4AE4-4459-B372-E8F8D05A5F46}.Release|Any CPU.ActiveCfg = Release|Any CPU
		{BF041E66-4AE4-4459-B372-E8F8D05A5F46}.Release|Any CPU.Build.0 = Release|Any CPU
		{BF041E66-4AE4-4459-B372-E8F8D05A5F46}.Release|x64.ActiveCfg = Release|Any CPU
		{BF041E66-4AE4-4459-B372-E8F8D05A5F46}.Release|x64.Build.0 = Release|Any CPU
		{BF041E66-4AE4-4459-B372-E8F8D05A5F46}.Release|x86.ActiveCfg = Release|Any CPU
		{BF041E66-4AE4-4459-B372-E8F8D05A5F46}.Release|x86.Build.0 = Release|Any CPU
	EndGlobalSection
	GlobalSection(SolutionProperties) = preSolution
		HideSolutionNode = FALSE
	EndGlobalSection
	GlobalSection(NestedProjects) = preSolution
		{24E3FFCE-217C-4E2E-8014-BB8F658B880E} = {C8C8FDD8-2CC1-5011-CCDA-A6F4889E66FE}
	EndGlobalSection
EndGlobal
