version = 1
revision = 3
requires-python = ">=3.12"

[[package]]
name = "asttokens"
version = "2.4.1"
source = { registry = "https://pypi.org/simple" }
dependencies = [
    { name = "six" },
]
sdist = { url = "https://files.pythonhosted.org/packages/45/1d/f03bcb60c4a3212e15f99a56085d93093a497718adf828d050b9d675da81/asttokens-2.4.1.tar.gz", hash = "sha256:b03869718ba9a6eb027e134bfdf69f38a236d681c83c160d510768af11254ba0", size = 62284, upload-time = "2023-10-26T10:03:05.06Z" }
wheels = [
    { url = "https://files.pythonhosted.org/packages/45/86/4736ac618d82a20d87d2f92ae19441ebc7ac9e7a581d7e58bbe79233b24a/asttokens-2.4.1-py2.py3-none-any.whl", hash = "sha256:051ed49c3dcae8913ea7cd08e46a606dba30b79993209636c4875bc1d637bc24", size = 27764, upload-time = "2023-10-26T10:03:01.789Z" },
]

[[package]]
name = "colorama"
version = "0.4.6"
source = { registry = "https://pypi.org/simple" }
sdist = { url = "https://files.pythonhosted.org/packages/d8/53/6f443c9a4a8358a93a6792e2acffb9d9d5cb0a5cfd8802644b7b1c9a02e4/colorama-0.4.6.tar.gz", hash = "sha256:08695f5cb7ed6e0531a20572697297273c47b8cae5a63ffc6d6ed5c201be6e44", size = 27697, upload-time = "2022-10-25T02:36:22.414Z" }
wheels = [
    { url = "https://files.pythonhosted.org/packages/d1/d6/3965ed04c63042e047cb6a3e6ed1a63a35087b6a609aa3a15ed8ac56c221/colorama-0.4.6-py2.py3-none-any.whl", hash = "sha256:4f1d9991f5acc0ca119f9d443620b77f9d6b33703e51011c16baf57afb285fc6", size = 25335, upload-time = "2022-10-25T02:36:20.889Z" },
]

[[package]]
name = "icontract"
version = "2.7.3"
source = { registry = "https://pypi.org/simple" }
dependencies = [
    { name = "asttokens" },
    { name = "typing-extensions" },
]
sdist = { url = "https://files.pythonhosted.org/packages/41/93/8a7d5850d848cba73aa094b961459d8101b7c96837b2e8dc91083adcf7ae/icontract-2.7.3.tar.gz", hash = "sha256:df37a43d86d532407bc6b84dea29dd9f7ece794b73211769fa8a33a76b8ed145", size = 68361, upload-time = "2026-01-29T13:11:14.724Z" }
wheels = [
    { url = "https://files.pythonhosted.org/packages/ee/aa/ffc16b7ed17e052e7d2140e66336f829e9383f61f31249c4d181e12fcdea/icontract-2.7.3-py3-none-any.whl", hash = "sha256:8fb0f93f71211416f214f37c01b8017fdc8c079d70159f49f0ddcc10918c14d0", size = 40983, upload-time = "2026-01-29T13:11:13.198Z" },
]

[[package]]
name = "iniconfig"
version = "2.3.0"
source = { registry = "https://pypi.org/simple" }
sdist = { url = "https://files.pythonhosted.org/packages/72/34/14ca021ce8e5dfedc35312d08ba8bf51fdd999c576889fc2c24cb97f4f10/iniconfig-2.3.0.tar.gz", hash = "sha256:c76315c77db068650d49c5b56314774a7804df16fee4402c1f19d6d15d8c4730", size = 20503, upload-time = "2025-10-18T21:55:43.219Z" }
wheels = [
    { url = "https://files.pythonhosted.org/packages/cb/b1/3846dd7f199d53cb17f49cba7e651e9ce294d8497c8c150530ed11865bb8/iniconfig-2.3.0-py3-none-any.whl", hash = "sha256:f631c04d2c48c52b84d0d0549c99ff3859c98df65b3101406327ecc7d53fbf12", size = 7484, upload-time = "2025-10-18T21:55:41.639Z" },
]

[[package]]
name = "packaging"
version = "26.0"
source = { registry = "https://pypi.org/simple" }
sdist = { url = "https://files.pythonhosted.org/packages/65/ee/299d360cdc32edc7d2cf530f3accf79c4fca01e96ffc950d8a52213bd8e4/packaging-26.0.tar.gz", hash = "sha256:00243ae351a257117b6a241061796684b084ed1c516a08c48a3f7e147a9d80b4", size = 143416, upload-time = "2026-01-21T20:50:39.064Z" }
wheels = [
    { url = "https://files.pythonhosted.org/packages/b7/b9/c538f279a4e237a006a2c98387d081e9eb060d203d8ed34467cc0f0b9b53/packaging-26.0-py3-none-any.whl", hash = "sha256:b36f1fef9334a5588b4166f8bcd26a14e521f2b55e6b9de3aaa80d3ff7a37529", size = 74366, upload-time = "2026-01-21T20:50:37.788Z" },
]

[[package]]
name = "pluggy"
version = "1.6.0"
source = { registry = "https://pypi.org/simple" }
sdist = { url = "https://files.pythonhosted.org/packages/f9/e2/3e91f31a7d2b083fe6ef3fa267035b518369d9511ffab804f839851d2779/pluggy-1.6.0.tar.gz", hash = "sha256:7dcc130b76258d33b90f61b658791dede3486c3e6bfb003ee5c9bfb396dd22f3", size = 69412, upload-time = "2025-05-15T12:30:07.975Z" }
wheels = [
    { url = "https://files.pythonhosted.org/packages/54/20/4d324d65cc6d9205fabedc306948156824eb9f0ee1633355a8f7ec5c66bf/pluggy-1.6.0-py3-none-any.whl", hash = "sha256:e920276dd6813095e9377c0bc5566d94c932c33b27a3e3945d8389c374dd4746", size = 20538, upload-time = "2025-05-15T12:30:06.134Z" },
]

[[package]]
name = "pygments"
version = "2.19.2"
source = { registry = "https://pypi.org/simple" }
sdist = { url = "https://files.pythonhosted.org/packages/b0/77/a5b8c569bf593b0140bde72ea885a803b82086995367bf2037de0159d924/pygments-2.19.2.tar.gz", hash = "sha256:636cb2477cec7f8952536970bc533bc43743542f70392ae026374600add5b887", size = 4968631, upload-time = "2025-06-21T13:39:12.283Z" }
wheels = [
    { url = "https://files.pythonhosted.org/packages/c7/21/705964c7812476f378728bdf590ca4b771ec72385c533964653c68e86bdc/pygments-2.19.2-py3-none-any.whl", hash = "sha256:86540386c03d588bb81d44bc3928634ff26449851e99741617ecb9037ee5ec0b", size = 1225217, upload-time = "2025-06-21T13:39:07.939Z" },
]

[[package]]
name = "pytest"
version = "9.0.2"
source = { registry = "https://pypi.org/simple" }
dependencies = [
    { name = "colorama", marker = "sys_platform == 'win32'" },
    { name = "iniconfig" },
    { name = "packaging" },
    { name = "pluggy" },
    { name = "pygments" },
]
sdist = { url = "https://files.pythonhosted.org/packages/d1/db/7ef3487e0fb0049ddb5ce41d3a49c235bf9ad299b6a25d5780a89f19230f/pytest-9.0.2.tar.gz", hash = "sha256:75186651a92bd89611d1d9fc20f0b4345fd827c41ccd5c299a868a05d70edf11", size = 1568901, upload-time = "2025-12-06T21:30:51.014Z" }
wheels = [
    { url = "https://files.pythonhosted.org/packages/3b/ab/b3226f0bd7cdcf710fbede2b3548584366da3b19b5021e74f5bde2a8fa3f/pytest-9.0.2-py3-none-any.whl", hash = "sha256:711ffd45bf766d5264d487b917733b453d917afd2b0ad65223959f59089f875b", size = 374801, upload-time = "2025-12-06T21:30:49.154Z" },
]

[[package]]
name = "sfpm-py"
version = "0.1.0"
source = { virtual = "." }
dependencies = [
    { name = "icontract" },
    { name = "wrapt" },
]

[package.dev-dependencies]
dev = [
    { name = "pytest" },
]

[package.metadata]
requires-dist = [
    { name = "icontract", specifier = ">=2.7.3" },
    { name = "wrapt", specifier = ">=2.1.0" },
]

[package.metadata.requires-dev]
dev = [{ name = "pytest", specifier = ">=9.0.2" }]

[[package]]
name = "six"
version = "1.17.0"
source = { registry = "https://pypi.org/simple" }
sdist = { url = "https://files.pythonhosted.org/packages/94/e7/b2c673351809dca68a0e064b6af791aa332cf192da575fd474ed7d6f16a2/six-1.17.0.tar.gz", hash = "sha256:ff70335d468e7eb6ec65b95b99d3a2836546063f63acc5171de367e834932a81", size = 34031, upload-time = "2024-12-04T17:35:28.174Z" }
wheels = [
    { url = "https://files.pythonhosted.org/packages/b7/ce/149a00dd41f10bc29e5921b496af8b574d8413afcd5e30dfa0ed46c2cc5e/six-1.17.0-py2.py3-none-any.whl", hash = "sha256:4721f391ed90541fddacab5acf947aa0d3dc7d27b2e1e8eda2be8970586c3274", size = 11050, upload-time = "2024-12-04T17:35:26.475Z" },
]

[[package]]
name = "typing-extensions"
version = "4.15.0"
source = { registry = "https://pypi.org/simple" }
sdist = { url = "https://files.pythonhosted.org/packages/72/94/1a15dd82efb362ac84269196e94cf00f187f7ed21c242792a923cdb1c61f/typing_extensions-4.15.0.tar.gz", hash = "sha256:0cea48d173cc12fa28ecabc3b837ea3cf6f38c6d1136f85cbaaf598984861466", size = 109391, upload-time = "2025-08-25T13:49:26.313Z" }
wheels = [
    { url = "https://files.pythonhosted.org/packages/18/67/36e9267722cc04a6b9f15c7f3441c2363321a3ea07da7ae0c0707beb2a9c/typing_extensions-4.15.0-py3-none-any.whl", hash = "sha256:f0fa19c6845758ab08074a0cfa8b7aecb71c999ca73d62883bc25cc018c4e548", size = 44614, upload-time = "2025-08-25T13:49:24.86Z" },
]

[[package]]
name = "wrapt"
version = "2.1.0"
source = { registry = "https://pypi.org/simple" }
sdist = { url = "https://files.pythonhosted.org/packages/86/31/afb4cf08b9892430ec419a3f0f469fb978cb013f4432e0edb9c2cf06f081/wrapt-2.1.0.tar.gz", hash = "sha256:757ff1de7e1d8db1839846672aaecf4978af433cc57e808255b83980e9651914", size = 80924, upload-time = "2026-01-31T23:25:58.917Z" }
wheels = [
    { url = "https://files.pythonhosted.org/packages/f8/6f/c731b1fbbcdf9bd202809c6fa354c4237b663dd82a95035a7cbe899cfd25/wrapt-2.1.0-cp312-cp312-macosx_10_13_x86_64.whl", hash = "sha256:a64c0fb29c89810973f312a04c067b63523e7303b9a2653820cbf16474c2e5cf", size = 61149, upload-time = "2026-01-31T23:25:29.092Z" },
    { url = "https://files.pythonhosted.org/packages/b2/da/7022458a1d99f0c59720a0b0fd4b1966f8df6d41e741aadfe43bc5350547/wrapt-2.1.0-cp312-cp312-macosx_11_0_arm64.whl", hash = "sha256:5509d9150ed01c4149e40020fa68e917d5c4bb77d311e79535565c2a0418afcb", size = 61743, upload-time = "2026-01-31T23:26:14.338Z" },
    { url = "https://files.pythonhosted.org/packages/b5/f4/57cc12c3fc6f4fe6ccfc15567cc1ac8aeb53a9946a675adc3df7a1ee4e6a/wrapt-2.1.0-cp312-cp312-manylinux1_x86_64.manylinux_2_28_x86_64.manylinux_2_5_x86_64.whl", hash = "sha256:52bb58b3207ace156b6134235fd43140994597704fd07d148cbcfb474ee084ea", size = 121331, upload-time = "2026-01-31T23:25:37.294Z" },
    { url = "https://files.pythonhosted.org/packages/5e/a4/a96ea114298f81f02c07313da85fd46a2a57bbe12389d0619ac3371f691c/wrapt-2.1.0-cp312-cp312-manylinux2014_aarch64.manylinux_2_17_aarch64.manylinux_2_28_aarch64.whl", hash = "sha256:7112cbf72fc4035afe1e3314a311654c41dd92c2932021ef76f5ca87583917b3", size = 122907, upload-time = "2026-01-31T23:26:49.604Z" },
    { url = "https://files.pythonhosted.org/packages/ac/43/df73362b6e47f92aaff0fc3fc459314025c795f75d61724c83232dee199c/wrapt-2.1.0-cp312-cp312-musllinux_1_2_aarch64.whl", hash = "sha256:e90656b433808a0ab68e95aaf9f588aea5c8c7a514e180849dfc638ba00ec449", size = 121337, upload-time = "2026-01-31T23:26:04.072Z" },
    { url = "https://files.pythonhosted.org/packages/51/4f/8147e3b9a7887cee4eeb3a3414265ad4649a156832a08063f55aa7842af0/wrapt-2.1.0-cp312-cp312-musllinux_1_2_x86_64.whl", hash = "sha256:e45f54903da38fc4f6f66397fd550fc0dac6164b4c5e721c1b4eb05664181821", size = 120461, upload-time = "2026-01-31T23:26:43.055Z" },
    { url = "https://files.pythonhosted.org/packages/35/b1/eea720fcca8a05dec848a6d11a47c20f59bdabdcc444ba3be0589350eb7a/wrapt-2.1.0-cp312-cp312-win32.whl", hash = "sha256:6653bf30dbbafd55cb4553195cc60b94920b6711a8835866c0e02aa9f22c5598", size = 58089, upload-time = "2026-01-31T23:26:47.773Z" },
    { url = "https://files.pythonhosted.org/packages/af/79/8a8f3f8c71ee3379191b69e47f32115fa25cdb6d5b581d74c64d5c897fa7/wrapt-2.1.0-cp312-cp312-win_amd64.whl", hash = "sha256:d61238a072501ed071a9f4b9567d10c2eb3d2f1a0258ae79b47160871d8f29c3", size = 60330, upload-time = "2026-01-31T23:26:12.518Z" },
    { url = "https://files.pythonhosted.org/packages/08/4e/e992d05c3d2f7163883a65ead2620ff5fe7b3d44d7c2136ce981e40e453d/wrapt-2.1.0-cp312-cp312-win_arm64.whl", hash = "sha256:9e971000347f61271725e801ef44fa5d01b52720e59737f0d96280bffb98c5d1", size = 58727, upload-time = "2026-01-31T23:26:53.222Z" },
    { url = "https://files.pythonhosted.org/packages/30/93/b414826a5aaf2fdcfe73c2e649cbeb2e098fef4820d1217554ee64f45666/wrapt-2.1.0-cp313-cp313-macosx_10_13_x86_64.whl", hash = "sha256:875a10a6f3b667f90a39010af26acf684ba831d9b18a86b242899d57c74550fa", size = 61155, upload-time = "2026-01-31T23:26:24.462Z" },
    { url = "https://files.pythonhosted.org/packages/58/9e/8b21ea776bf2a3c858e3377ecde4b348893ec44dc1726baaf583ca22c56e/wrapt-2.1.0-cp313-cp313-macosx_11_0_arm64.whl", hash = "sha256:e00f8559ceac0fb45091daad5f15d37f2c22bdc28ed71521d47ff01aad8fff3d", size = 61747, upload-time = "2026-01-31T23:25:53.987Z" },
    { url = "https://files.pythonhosted.org/packages/da/ec/48cd2470ad09557dfe6fccfe9de98698cc0df3786a6d4d97e8edd574d67a/wrapt-2.1.0-cp313-cp313-manylinux1_x86_64.manylinux_2_28_x86_64.manylinux_2_5_x86_64.whl", hash = "sha256:ce0cf4c79c19904aaf2e822af280d7b3c23ad902f57e31c5a19433bc86e5d36d", size = 121342, upload-time = "2026-01-31T23:26:32.156Z" },
    { url = "https://files.pythonhosted.org/packages/3b/4e/e8447b31be27b6057cdfc904a38632a765c3407fb4d10d11e5c1d0c203d5/wrapt-2.1.0-cp313-cp313-manylinux2014_aarch64.manylinux_2_17_aarch64.manylinux_2_28_aarch64.whl", hash = "sha256:d3dd4f8c2256fcde1a85037a1837afc52e8d32d086fd669ae469455fd9a988d6", size = 122951, upload-time = "2026-01-31T23:25:08.936Z" },
    { url = "https://files.pythonhosted.org/packages/7e/b6/73a6c9277e844ffe11f3002ad27a84ff5418248def33af9435d24dfe6c5b/wrapt-2.1.0-cp313-cp313-musllinux_1_2_aarch64.whl", hash = "sha256:737e1e491473047cb66944b8b8fd23f3f542019afd6cf0569d1356d18a7ea6d5", size = 121373, upload-time = "2026-01-31T23:26:18.322Z" },
    { url = "https://files.pythonhosted.org/packages/85/04/869384435fecf829dc05621ffa02dab0f2f830be5d42fa8d8ac7b0b4c9fa/wrapt-2.1.0-cp313-cp313-musllinux_1_2_x86_64.whl", hash = "sha256:38de19e30e266c15d542ceb0603e657db4e82c53e7f47fd70674ae5da2b41180", size = 120468, upload-time = "2026-01-31T23:25:13.689Z" },
    { url = "https://files.pythonhosted.org/packages/80/ac/42a5378d9b5b486122ae0572c46ae8d69ab6486b9f13961e6b9706297ff5/wrapt-2.1.0-cp313-cp313-win32.whl", hash = "sha256:bc7d496b6e16bd2f77e37e8969b21a7b58d6954e46c6689986fb67b9078100e5", size = 58095, upload-time = "2026-01-31T23:26:33.481Z" },
    { url = "https://files.pythonhosted.org/packages/86/de/538fcef30f70a1aaadab4cab7d0396037518d7ec2b064557171147ce297f/wrapt-2.1.0-cp313-cp313-win_amd64.whl", hash = "sha256:57df799e67b011847ef7ac64b05ed4633e56b64e7e7cab5eb83dc9689dbe0acf", size = 60344, upload-time = "2026-01-31T23:25:10.615Z" },
    { url = "https://files.pythonhosted.org/packages/08/13/27884668b21e9f0a625c13ebd6a8d70ad8371250ec8519881858404686bf/wrapt-2.1.0-cp313-cp313-win_arm64.whl", hash = "sha256:01559d2961c29edc6263849fd9d32b29a20737da67648c7fd752a67bd96208c7", size = 58734, upload-time = "2026-01-31T23:26:00.099Z" },
    { url = "https://files.pythonhosted.org/packages/c9/a3/e558c5b8f3a097aa1e942e2d75923adebfdfafb5a51ec425d1d062e49ab0/wrapt-2.1.0-cp313-cp313t-macosx_10_13_x86_64.whl", hash = "sha256:66f588c8b3a44863156cfaccb516f946a64b3b03a6880822ab0b878135ca1f5c", size = 62972, upload-time = "2026-01-31T23:26:08.576Z" },
    { url = "https://files.pythonhosted.org/packages/93/b6/7157e98107099fad846f1e79308cc0954e26b25b01c03f1624ba7f57ec54/wrapt-2.1.0-cp313-cp313t-macosx_11_0_arm64.whl", hash = "sha256:355779ff720c11a2a5cffd03332dbce1005cb4747dca65b0fc8cdd5f8bf1037e", size = 63610, upload-time = "2026-01-31T23:26:39.9Z" },
    { url = "https://files.pythonhosted.org/packages/e4/8e/b8992671e4b4d3ce2a53af930588c204bf37b66eb212bd1722f2a5a8cf62/wrapt-2.1.0-cp313-cp313t-manylinux1_x86_64.manylinux_2_28_x86_64.manylinux_2_5_x86_64.whl", hash = "sha256:7a0471df3fb4e85a9ff62f7142cdb169e31172467cdb79a713f9b1319c555903", size = 152538, upload-time = "2026-01-31T23:26:27.696Z" },
    { url = "https://files.pythonhosted.org/packages/8c/f6/79f9fd4b3c0a8715e651fff1cc1182a983fd971376d5688a06fa94e31acd/wrapt-2.1.0-cp313-cp313t-manylinux2014_aarch64.manylinux_2_17_aarch64.manylinux_2_28_aarch64.whl", hash = "sha256:5bacf063143fa86f15b00a21259a81c95c527a18d504b8c820835366d361c879", size = 158702, upload-time = "2026-01-31T23:25:11.848Z" },
    { url = "https://files.pythonhosted.org/packages/9e/46/f88b52beb813eeb830d9134bc6eaf3e53cde4e3cfa1804e383754d4104fe/wrapt-2.1.0-cp313-cp313t-musllinux_1_2_aarch64.whl", hash = "sha256:c87cd4f61a3b7cd65113e74006e1cd6352b74807fcc65d440e8342f001f8de5e", size = 155564, upload-time = "2026-01-31T23:25:15.033Z" },
    { url = "https://files.pythonhosted.org/packages/93/31/97145ea71e3e5a1b419af5c410b07b258155dc7cc1a6302791a93e991c83/wrapt-2.1.0-cp313-cp313t-musllinux_1_2_x86_64.whl", hash = "sha256:2893498fe898719ac8fb6b4fe36ca86892bec1e2480d94e3bd1bc592c00527ad", size = 150165, upload-time = "2026-01-31T23:26:09.848Z" },
    { url = "https://files.pythonhosted.org/packages/10/bd/f33551d5bfbb0ddab81296cffc15570570039a973c0f99bba474be0fadf2/wrapt-2.1.0-cp313-cp313t-win32.whl", hash = "sha256:cbc07f101f5f1e7c23ec06a07e45715f459de992108eeb381b21b76d94dbaf4f", size = 59785, upload-time = "2026-01-31T23:25:52.23Z" },
    { url = "https://files.pythonhosted.org/packages/5f/3a/9a76be7a36442f43841bb6336e262e09a915b2fb5dfc2822ffce1fb903d2/wrapt-2.1.0-cp313-cp313t-win_amd64.whl", hash = "sha256:2ccc89cd504fc29c32f0b24046e8edf3ef0fcbc5d5efe8c91b303c099863d2c8", size = 63085, upload-time = "2026-01-31T23:26:05.363Z" },
    { url = "https://files.pythonhosted.org/packages/7a/35/65a13c2df008d189ebca5fec534011c5dd69ab4f47e6923b403321816fbf/wrapt-2.1.0-cp313-cp313t-win_arm64.whl", hash = "sha256:0b660be1c9cdfb4c711baab4ccbd0e9d1b65a0480d38729ec8cdbf3b29cb7f15", size = 60254, upload-time = "2026-01-31T23:25:06.052Z" },
    { url = "https://files.pythonhosted.org/packages/6f/eb/7c9eb1ea9b10ea98d9983a147c877a2ae927acb4a86e2dc4a0b548f05ad1/wrapt-2.1.0-cp314-cp314-macosx_10_15_x86_64.whl", hash = "sha256:7f7bf95bae7ac5f2bbcb307464b3b0ff70569dd3b036a87b1cf7efb2c76e66e5", size = 61316, upload-time = "2026-01-31T23:25:20.739Z" },
    { url = "https://files.pythonhosted.org/packages/6d/c2/1c3d16d6b644f688913a00e2dc10f59adca817b5b3ee034ce4e9a692ab63/wrapt-2.1.0-cp314-cp314-macosx_11_0_arm64.whl", hash = "sha256:be2f541a242818829526e5d08c716b6730970ed0dc1b76ba962a546947d0f005", size = 61813, upload-time = "2026-01-31T23:25:49.714Z" },
    { url = "https://files.pythonhosted.org/packages/8c/51/b6170084b6b771cc62374d924e328df2e81f687399a835f003497cad1110/wrapt-2.1.0-cp314-cp314-manylinux1_x86_64.manylinux_2_28_x86_64.manylinux_2_5_x86_64.whl", hash = "sha256:ad3aa174d06a14b4758d5a1678b9adde8b8e657c6695de9a3d4c223f4fcbbcce", size = 120309, upload-time = "2026-01-31T23:25:16.866Z" },
    { url = "https://files.pythonhosted.org/packages/f8/34/467829f0dd79f50878b2e67b67c67c816a6326a27d252d4192ef815b4a09/wrapt-2.1.0-cp314-cp314-manylinux2014_aarch64.manylinux_2_17_aarch64.manylinux_2_28_aarch64.whl", hash = "sha256:bffa584240d41bc3127510e07a752f94223d73bb1283ac2e99ac44235762efd2", size = 122690, upload-time = "2026-01-31T23:26:16.914Z" },
    { url = "https://files.pythonhosted.org/packages/df/5b/244c61a65e0bc9d4a18cfa2a2b3b05f8065290284fc60436a7ea5047ee10/wrapt-2.1.0-cp314-cp314-musllinux_1_2_aarch64.whl", hash = "sha256:9b2da9c8f1723994b335dbf9f496fbfabc76bcdd001f73772b8eb2118a714cea", size = 121115, upload-time = "2026-01-31T23:26:44.518Z" },
    { url = "https://files.pythonhosted.org/packages/86/7d/f9b5e103d3caf23a72c04a1baf2b61c4a14d1feb440d3c98c26725b4503a/wrapt-2.1.0-cp314-cp314-musllinux_1_2_x86_64.whl", hash = "sha256:eabe95ea5fbe1524a53c0f3fc535c99f2aa376ec1451b0b79d943d2240d80e36", size = 119487, upload-time = "2026-01-31T23:25:34.186Z" },
    { url = "https://files.pythonhosted.org/packages/f8/49/b61fdc4680dd5cd6828977341b9fd729e2c623338bfe65647f5c0ff8195e/wrapt-2.1.0-cp314-cp314-win32.whl", hash = "sha256:2cd647097df1df78f027ac7d5d663f05daa1a117b69cf7f476cb299f90557747", size = 58519, upload-time = "2026-01-31T23:25:04.426Z" },
    { url = "https://files.pythonhosted.org/packages/6a/4f/42ab43e496d0d19caed9f69366d0f28f7f08c139297e78b17dab6ecbb6d5/wrapt-2.1.0-cp314-cp314-win_amd64.whl", hash = "sha256:c0fc3e388a14ef8101c685dc80b4d2932924a639a03e5c44b5ffabbda2f1f2dc", size = 60767, upload-time = "2026-01-31T23:25:21.954Z" },
    { url = "https://files.pythonhosted.org/packages/ef/15/0337768ac97a8758bc0fc1afdf5f656075a7facf198f62bbe8a22b789277/wrapt-2.1.0-cp314-cp314-win_arm64.whl", hash = "sha256:7c06653908a23a85c4b2455b9d37c085f9756c09058df87b4a2fce2b2f8d58c2", size = 59056, upload-time = "2026-01-31T23:26:25.814Z" },
    { url = "https://files.pythonhosted.org/packages/d6/f1/58f4674d1db44912003a51b34e8d9823a832fbbb39162e9dbe06e5f6424e/wrapt-2.1.0-cp314-cp314t-macosx_10_15_x86_64.whl", hash = "sha256:c70b4829c6f2f4af4cdaa16442032fcaf882063304160555e4a19b43fd2c6c9d", size = 63061, upload-time = "2026-01-31T23:26:06.601Z" },
    { url = "https://files.pythonhosted.org/packages/02/c1/07f6bf6619285f39cd616314217170c6160da99a46ad6ae4a60044f6ab5a/wrapt-2.1.0-cp314-cp314t-macosx_11_0_arm64.whl", hash = "sha256:d7fd4c4ee51ebdf245549d54a7c2181a4f39caac97c9dc8a050b5ba814067a29", size = 63620, upload-time = "2026-01-31T23:25:30.326Z" },
    { url = "https://files.pythonhosted.org/packages/46/82/f7df1648762260f60c4e22c066a17d95f20267c94bfe653fab4f08e2c297/wrapt-2.1.0-cp314-cp314t-manylinux1_x86_64.manylinux_2_28_x86_64.manylinux_2_5_x86_64.whl", hash = "sha256:a7b158558438874e5fd5cb505b5a635bd08c84857bc937973d9e12e1166cdf3b", size = 152546, upload-time = "2026-01-31T23:25:02.102Z" },
    { url = "https://files.pythonhosted.org/packages/78/b7/d953336e09bac13a9ffa9073e167c5dec8aaa4a717a8551bf64cb4683590/wrapt-2.1.0-cp314-cp314t-manylinux2014_aarch64.manylinux_2_17_aarch64.manylinux_2_28_aarch64.whl", hash = "sha256:3e2e156fe2d41700b837be9b1d8d80ebab44e9891589bc7c41578ef110184e29", size = 158704, upload-time = "2026-01-31T23:25:43.269Z" },
    { url = "https://files.pythonhosted.org/packages/39/a1/2ed57e46b30af2a5a750c85a9dd30d2244ef10e2f8db150560126d8cbd24/wrapt-2.1.0-cp314-cp314t-musllinux_1_2_aarch64.whl", hash = "sha256:9f1e9bac6a6c1ba65e0ac50e32c575266734a07b6c17e718c4babd91e2faa69b", size = 155563, upload-time = "2026-01-31T23:25:39.17Z" },
    { url = "https://files.pythonhosted.org/packages/d0/8c/4f54f7ea5addf208be44459393185aaa193bd2d0b8ecf4683b159fcc5238/wrapt-2.1.0-cp314-cp314t-musllinux_1_2_x86_64.whl", hash = "sha256:12687e6271df7ae5706bee44cc1f77fecb7805976ec9f14f58381b30ae2aceb5", size = 150189, upload-time = "2026-01-31T23:25:44.654Z" },
    { url = "https://files.pythonhosted.org/packages/b7/cc/e8290a1cd94297fbc1e9fbad06481b5a7c918f2db6645c550f05ee47f359/wrapt-2.1.0-cp314-cp314t-win32.whl", hash = "sha256:38bbe336ee32f67eb99f886bd4f040d91310b7e660061bb03b9083d26e8cf915", size = 60431, upload-time = "2026-01-31T23:25:48.34Z" },
    { url = "https://files.pythonhosted.org/packages/d0/df/af5d244938853e3adb1251ca1397e9fa78d3e92adc808a0af0a8547585d3/wrapt-2.1.0-cp314-cp314t-win_amd64.whl", hash = "sha256:0fa64a9a07df7f85b352adc42b43e7f44085fb11191b8f5b9b77219f7aaf7e17", size = 63859, upload-time = "2026-01-31T23:26:23.2Z" },
    { url = "https://files.pythonhosted.org/packages/39/c4/28b6f2804e8bc05d17114dfed03a80bce5b83ca2113fd44eecbef12275d1/wrapt-2.1.0-cp314-cp314t-win_arm64.whl", hash = "sha256:da379cbdf3b7d97ace33a69a391b7a7e2130b1aca94dc447246217994233974c", size = 60446, upload-time = "2026-01-31T23:25:41.001Z" },
    { url = "https://files.pythonhosted.org/packages/57/e9/70983b75d4abd6f85cffc6df79c623220ec5a579ceaacabac35c904b7b52/wrapt-2.1.0-py3-none-any.whl", hash = "sha256:e035693a0d25ea5bf5826df3e203dff7d091b0d5442aaefec9ca8f2bab38417f", size = 43886, upload-time = "2026-01-31T23:25:07.22Z" },
]
