Microsoft Visual Studio Solution File, Format Version 12.00
# Visual Studio Version 17
VisualStudioVersion = 17.5.2.0
MinimumVisualStudioVersion = 10.0.40219.1
Project("{FAE04EC0-301F-11D3-BF4B-00C04F79EFBC}") = "X4Unpacker", "X4Unpacker.csproj", "{440C171B-6D60-77B2-9FC1-57012EE5ACB1}"
EndProject
Global
	GlobalSection(SolutionConfigurationPlatforms) = preSolution
		Debug|Any CPU = Debug|Any CPU
		Release|Any CPU = Release|Any CPU
	EndGlobalSection
	GlobalSection(ProjectConfigurationPlatforms) = postSolution
		{440C171B-6D60-77B2-9FC1-57012EE5ACB1}.Debug|Any CPU.ActiveCfg = Debug|Any CPU
		{440C171B-6D60-77B2-9FC1-57012EE5ACB1}.Debug|Any CPU.Build.0 = Debug|Any CPU
		{440C171B-6D60-77B2-9FC1-57012EE5ACB1}.Release|Any CPU.ActiveCfg = Release|Any CPU
		{440C171B-6D60-77B2-9FC1-57012EE5ACB1}.Release|Any CPU.Build.0 = Release|Any CPU
	EndGlobalSection
	GlobalSection(SolutionProperties) = preSolution
		HideSolutionNode = FALSE
	EndGlobalSection
	GlobalSection(ExtensibilityGlobals) = postSolution
		SolutionGuid = {6A6253A7-FFAB-49D0-B888-349027E1E716}
	EndGlobalSection
EndGlobal
