
Microsoft Visual Studio Solution File, Format Version 12.00
# Visual Studio Version 17
VisualStudioVersion = 17.9.34607.119
MinimumVisualStudioVersion = 10.0.40219.1
Project("{FAE04EC0-301F-11D3-BF4B-00C04F79EFBC}") = "stella_knowledge_manager", "stella_knowledge_manager.csproj", "{73711F86-06F9-485B-B3C4-0961A3E17F04}"
EndProject
Global
	GlobalSection(SolutionConfigurationPlatforms) = preSolution
		Debug|Any CPU = Debug|Any CPU
		Release|Any CPU = Release|Any CPU
	EndGlobalSection
	GlobalSection(ProjectConfigurationPlatforms) = postSolution
		{73711F86-06F9-485B-B3C4-0961A3E17F04}.Debug|Any CPU.ActiveCfg = Debug|Any CPU
		{73711F86-06F9-485B-B3C4-0961A3E17F04}.Debug|Any CPU.Build.0 = Debug|Any CPU
		{73711F86-06F9-485B-B3C4-0961A3E17F04}.Release|Any CPU.ActiveCfg = Release|Any CPU
		{73711F86-06F9-485B-B3C4-0961A3E17F04}.Release|Any CPU.Build.0 = Release|Any CPU
	EndGlobalSection
	GlobalSection(SolutionProperties) = preSolution
		HideSolutionNode = FALSE
	EndGlobalSection
	GlobalSection(ExtensibilityGlobals) = postSolution
		SolutionGuid = {20D018F3-2686-4018-A0FE-DF69492039E0}
	EndGlobalSection
EndGlobal
