
Microsoft Visual Studio Solution File, Format Version 12.00
# Visual Studio Version 17
VisualStudioVersion = 17.0.31903.59
MinimumVisualStudioVersion = 10.0.40219.1
Project("{FAE04EC0-301F-11D3-BF4B-00C04F79EFBC}") = "jlox", "jlox\jlox.csproj", "{660CFFB9-C557-4884-8CAC-69DF01B8A975}"
EndProject
Project("{FAE04EC0-301F-11D3-BF4B-00C04F79EFBC}") = "jloxUnitTests", "jloxUnitTests\jloxUnitTests.csproj", "{5ECCEC41-5DB5-4F28-B921-D193FEF0FF2C}"
EndProject
Project("{FAE04EC0-301F-11D3-BF4B-00C04F79EFBC}") = "End2EndjloxTest", "End2EndjloxTest\End2EndjloxTest.csproj", "{A57A7A21-EE5C-4957-801B-42218C7EEDB2}"
EndProject
Global
	GlobalSection(SolutionConfigurationPlatforms) = preSolution
		Debug|Any CPU = Debug|Any CPU
		Release|Any CPU = Release|Any CPU
	EndGlobalSection
	GlobalSection(SolutionProperties) = preSolution
		HideSolutionNode = FALSE
	EndGlobalSection
	GlobalSection(ProjectConfigurationPlatforms) = postSolution
		{660CFFB9-C557-4884-8CAC-69DF01B8A975}.Debug|Any CPU.ActiveCfg = Debug|Any CPU
		{660CFFB9-C557-4884-8CAC-69DF01B8A975}.Debug|Any CPU.Build.0 = Debug|Any CPU
		{660CFFB9-C557-4884-8CAC-69DF01B8A975}.Release|Any CPU.ActiveCfg = Release|Any CPU
		{660CFFB9-C557-4884-8CAC-69DF01B8A975}.Release|Any CPU.Build.0 = Release|Any CPU
		{5ECCEC41-5DB5-4F28-B921-D193FEF0FF2C}.Debug|Any CPU.ActiveCfg = Debug|Any CPU
		{5ECCEC41-5DB5-4F28-B921-D193FEF0FF2C}.Debug|Any CPU.Build.0 = Debug|Any CPU
		{5ECCEC41-5DB5-4F28-B921-D193FEF0FF2C}.Release|Any CPU.ActiveCfg = Release|Any CPU
		{5ECCEC41-5DB5-4F28-B921-D193FEF0FF2C}.Release|Any CPU.Build.0 = Release|Any CPU
		{A57A7A21-EE5C-4957-801B-42218C7EEDB2}.Debug|Any CPU.ActiveCfg = Debug|Any CPU
		{A57A7A21-EE5C-4957-801B-42218C7EEDB2}.Debug|Any CPU.Build.0 = Debug|Any CPU
		{A57A7A21-EE5C-4957-801B-42218C7EEDB2}.Release|Any CPU.ActiveCfg = Release|Any CPU
		{A57A7A21-EE5C-4957-801B-42218C7EEDB2}.Release|Any CPU.Build.0 = Release|Any CPU
	EndGlobalSection
EndGlobal
