
Microsoft Visual Studio Solution File, Format Version 12.00
# Visual Studio Version 17
VisualStudioVersion = 17.0.31903.59
MinimumVisualStudioVersion = 10.0.40219.1
Project("{FAE04EC0-301F-11D3-BF4B-00C04F79EFBC}") = "stella_sockets_lib", ".\stella_sockets_lib.csproj", "{ACA6A5A5-FABC-4EE1-8267-BB1A6D61B214}"
EndProject
Global
	GlobalSection(SolutionConfigurationPlatforms) = preSolution
		Debug|Any CPU = Debug|Any CPU
		Release|Any CPU = Release|Any CPU
	EndGlobalSection
	GlobalSection(SolutionProperties) = preSolution
		HideSolutionNode = FALSE
	EndGlobalSection
	GlobalSection(ProjectConfigurationPlatforms) = postSolution
		{ACA6A5A5-FABC-4EE1-8267-BB1A6D61B214}.Debug|Any CPU.ActiveCfg = Debug|Any CPU
		{ACA6A5A5-FABC-4EE1-8267-BB1A6D61B214}.Debug|Any CPU.Build.0 = Debug|Any CPU
		{ACA6A5A5-FABC-4EE1-8267-BB1A6D61B214}.Release|Any CPU.ActiveCfg = Release|Any CPU
		{ACA6A5A5-FABC-4EE1-8267-BB1A6D61B214}.Release|Any CPU.Build.0 = Release|Any CPU
	EndGlobalSection
EndGlobal
