
Microsoft Visual Studio Solution File, Format Version 12.00
# Visual Studio Version 17
VisualStudioVersion = 17.0.31903.59
MinimumVisualStudioVersion = 10.0.40219.1
Project("{FAE04EC0-301F-11D3-BF4B-00C04F79EFBC}") = "CSharpScripting.MinimalExample", "CSharpScripting.MinimalExample\CSharpScripting.MinimalExample.csproj", "{BBD83BA9-380D-4908-BA80-2C3F6870F504}"
EndProject
Project("{FAE04EC0-301F-11D3-BF4B-00C04F79EFBC}") = "CSharpScripting.GlobalState", "CSharpScripting.GlobalState\CSharpScripting.GlobalState.csproj", "{B3A44881-2F7F-4748-B7E7-01F54CFE8271}"
EndProject
Project("{FAE04EC0-301F-11D3-BF4B-00C04F79EFBC}") = "CSharpScripting.SeperateScriptFile", "CSharpScripting.SeperateScriptFile\CSharpScripting.SeperateScriptFile.csproj", "{1576346F-F0A1-4EFD-AFAE-BF995D9315F3}"
EndProject
Global
	GlobalSection(SolutionConfigurationPlatforms) = preSolution
		Debug|Any CPU = Debug|Any CPU
		Release|Any CPU = Release|Any CPU
	EndGlobalSection
	GlobalSection(SolutionProperties) = preSolution
		HideSolutionNode = FALSE
	EndGlobalSection
	GlobalSection(ProjectConfigurationPlatforms) = postSolution
		{BBD83BA9-380D-4908-BA80-2C3F6870F504}.Debug|Any CPU.ActiveCfg = Debug|Any CPU
		{BBD83BA9-380D-4908-BA80-2C3F6870F504}.Debug|Any CPU.Build.0 = Debug|Any CPU
		{BBD83BA9-380D-4908-BA80-2C3F6870F504}.Release|Any CPU.ActiveCfg = Release|Any CPU
		{BBD83BA9-380D-4908-BA80-2C3F6870F504}.Release|Any CPU.Build.0 = Release|Any CPU
		{B3A44881-2F7F-4748-B7E7-01F54CFE8271}.Debug|Any CPU.ActiveCfg = Debug|Any CPU
		{B3A44881-2F7F-4748-B7E7-01F54CFE8271}.Debug|Any CPU.Build.0 = Debug|Any CPU
		{B3A44881-2F7F-4748-B7E7-01F54CFE8271}.Release|Any CPU.ActiveCfg = Release|Any CPU
		{B3A44881-2F7F-4748-B7E7-01F54CFE8271}.Release|Any CPU.Build.0 = Release|Any CPU
		{1576346F-F0A1-4EFD-AFAE-BF995D9315F3}.Debug|Any CPU.ActiveCfg = Debug|Any CPU
		{1576346F-F0A1-4EFD-AFAE-BF995D9315F3}.Debug|Any CPU.Build.0 = Debug|Any CPU
		{1576346F-F0A1-4EFD-AFAE-BF995D9315F3}.Release|Any CPU.ActiveCfg = Release|Any CPU
		{1576346F-F0A1-4EFD-AFAE-BF995D9315F3}.Release|Any CPU.Build.0 = Release|Any CPU
	EndGlobalSection
EndGlobal
